{
  "version": 4,
  "terraform_version": "0.12.24",
  "serial": 1061,
  "lineage": "0ec47714-190d-31a1-e7eb-7109b62221e9",
  "outputs": {},
  "resources": [
    {
      "mode": "data",
      "type": "aws_iam_policy",
      "name": "AmazonS3FullAccess",
      "provider": "provider.aws",
      "instances": [
        {
          "schema_version": 0,
          "attributes": {
            "arn": "arn:aws:iam::aws:policy/AmazonS3FullAccess",
            "description": "Provides full access to all buckets via the AWS Management Console.",
            "id": "arn:aws:iam::aws:policy/AmazonS3FullAccess",
            "name": "AmazonS3FullAccess",
            "path": "/",
            "policy": "{\n  \"Version\": \"2012-10-17\",\n  \"Statement\": [\n    {\n      \"Effect\": \"Allow\",\n      \"Action\": \"s3:*\",\n      \"Resource\": \"*\"\n    }\n  ]\n}"
          }
        }
      ]
    },
    {
      "mode": "data",
      "type": "aws_iam_policy_document",
      "name": "assume_role",
      "provider": "provider.aws",
      "instances": [
        {
          "schema_version": 0,
          "attributes": {
            "id": "1903849331",
            "json": "{\n  \"Version\": \"2012-10-17\",\n  \"Statement\": [\n    {\n      \"Sid\": \"\",\n      \"Effect\": \"Allow\",\n      \"Action\": \"sts:AssumeRole\",\n      \"Principal\": {\n        \"Service\": \"ec2.amazonaws.com\"\n      }\n    }\n  ]\n}",
            "override_json": null,
            "policy_id": null,
            "source_json": null,
            "statement": [
              {
                "actions": [
                  "sts:AssumeRole"
                ],
                "condition": [],
                "effect": "Allow",
                "not_actions": [],
                "not_principals": [],
                "not_resources": [],
                "principals": [
                  {
                    "identifiers": [
                      "ec2.amazonaws.com"
                    ],
                    "type": "Service"
                  }
                ],
                "resources": [],
                "sid": ""
              }
            ],
            "version": "2012-10-17"
          }
        }
      ]
    },
    {
      "mode": "data",
      "type": "template_file",
      "name": "ubuntu-config-template",
      "provider": "provider.template",
      "instances": [
        {
          "schema_version": 0,
          "attributes": {
            "filename": null,
            "id": "94ef9508616cca1793b33914d8882b92c520999f898d25856025c70bee2fc1fc",
            "rendered": "#! /bin/bash\nsudo snap install amazon-ssm-agent --classic\nsudo systemctl status snap.amazon-ssm-agent.amazon-ssm-agent.service\n\nsudo apt-get update\nsudo apt-get install apt-transport-https ca-certificates curl software-properties-common\ncurl -fsSL https://download.docker.com/linux/ubuntu/gpg\nsudo apt-key add -\nsudo apt-key fingerprint 0EBFCD88\nsudo add-apt-repository \"deb [arch=amd64] https://download.docker.com/linux/ubuntu $(lsb_release -cs) stable\"\nsudo apt-get update\nsudo apt-get install docker-ce -y\n\nsudo apt-get install remmina -y\n\nsudo apt-get update -y -qq\nsudo UCF_FORCE_CONFOLD=1 DEBIAN_FRONTEND=noninteractive apt-get -o Dpkg::Options::=\"--force-confdef\" -o Dpkg::Options::=\"--force-confold\" -qq -y install python-apt\nsudo apt-get install awscli -y -q\nsudo apt-get install git -y -q\nsudo apt-get install -y -qq software-properties-common\nsudo apt-get update -y -qq\n\nsudo apt install software-properties-common apt-transport-https wget\nwget -q https://packages.microsoft.com/keys/microsoft.asc -O- | sudo apt-key add -\nsudo add-apt-repository \"deb [arch=amd64] https://packages.microsoft.com/repos/vscode stable main\"\nsudo apt update\nsudo apt install code\nsudo apt update\nsudo apt upgrade\n\nsudo apt-get install unzip\nhttps://www.terraform.io/downloads.html\nwget https://releases.hashicorp.com/terraform/0.12.26/terraform_0.12.26_linux_amd64.zip\nunzip terraform_0.12.18_linux_amd64.zip\nsudo mv terraform /usr/local/bin/\n\nsudo apt-get install x11vnc\n\ncd ~\ngit clone https://github.com/albclim/PayHub.git\ncd PayHub_v1/\ngit pull\n",
            "template": "#! /bin/bash\nsudo snap install amazon-ssm-agent --classic\nsudo systemctl status snap.amazon-ssm-agent.amazon-ssm-agent.service\n\nsudo apt-get update\nsudo apt-get install apt-transport-https ca-certificates curl software-properties-common\ncurl -fsSL https://download.docker.com/linux/ubuntu/gpg\nsudo apt-key add -\nsudo apt-key fingerprint 0EBFCD88\nsudo add-apt-repository \"deb [arch=amd64] https://download.docker.com/linux/ubuntu $(lsb_release -cs) stable\"\nsudo apt-get update\nsudo apt-get install docker-ce -y\n\nsudo apt-get install remmina -y\n\nsudo apt-get update -y -qq\nsudo UCF_FORCE_CONFOLD=1 DEBIAN_FRONTEND=noninteractive apt-get -o Dpkg::Options::=\"--force-confdef\" -o Dpkg::Options::=\"--force-confold\" -qq -y install python-apt\nsudo apt-get install awscli -y -q\nsudo apt-get install git -y -q\nsudo apt-get install -y -qq software-properties-common\nsudo apt-get update -y -qq\n\nsudo apt install software-properties-common apt-transport-https wget\nwget -q https://packages.microsoft.com/keys/microsoft.asc -O- | sudo apt-key add -\nsudo add-apt-repository \"deb [arch=amd64] https://packages.microsoft.com/repos/vscode stable main\"\nsudo apt update\nsudo apt install code\nsudo apt update\nsudo apt upgrade\n\nsudo apt-get install unzip\nhttps://www.terraform.io/downloads.html\nwget https://releases.hashicorp.com/terraform/0.12.26/terraform_0.12.26_linux_amd64.zip\nunzip terraform_0.12.18_linux_amd64.zip\nsudo mv terraform /usr/local/bin/\n\nsudo apt-get install x11vnc\n\ncd ~\ngit clone https://github.com/albclim/PayHub.git\ncd PayHub_v1/\ngit pull\n",
            "vars": {
              "INSTANCE_PASSWORD": "Koke@2020",
              "INSTANCE_USERNAME": "albgoncal"
            }
          }
        }
      ]
    },
    {
      "mode": "data",
      "type": "template_file",
      "name": "win16-1-config-template",
      "provider": "provider.template",
      "instances": [
        {
          "schema_version": 0,
          "attributes": {
            "filename": null,
            "id": "7cd487dc9b75acc340bbb0ada8cc3b6083405d38d1687880c8eaf2110ea5d8fe",
            "rendered": "\u003cpowershell\u003e\n\nWrite-Output \"---------------------------------------\"\nWrite-Output \"Setting up Temporary Windows Admininistrator to interact with WinRM...\"\n\nnet user albgoncal 'Koke@2020' /add /y\nnet localgroup administrators albgoncal /add\n\nWrite-Output \"---------------------------------------\"\nWrite-Output \"Setting up WinRM...\"\n\nwinrm quickconfig -q\nwinrm set winrm/config/winrs '@{MaxMemoryPerShellMB=\"300\"}'\nwinrm set winrm/config '@{MaxTimeoutms=\"1800000\"}'\nwinrm set winrm/config/service '@{AllowUnencrypted=\"true\"}'\nwinrm set winrm/config/service/auth '@{Basic=\"true\"}'\nnetsh advfirewall firewall add rule name=\"WinRM 5985\" protocol=TCP dir=in localport=5985 action=allow\nnet stop winrm\nsc.exe config winrm start=auto\nnet start winrm\nSet-ExecutionPolicy Bypass -Scope Process -Force; \n\nWrite-Output \"---------------------------------------\"\nWrite-Output \"Installing Chocolatey and Packages...\"\n\nSet-ExecutionPolicy Bypass -Scope Process -Force; iex ((New-Object System.Net.WebClient).DownloadString('https://chocolatey.org/install.ps1'))\n\nInstall-PackageProvider -Name NuGet -RequiredVersion 2.8.5.201 -Force\nInstall-Module -Name PSPrivilege -Force\nInstall-Module -Name xWebAdministration -Force\nInstall-Module -Name xNetworking -Force\nInstall-Module -Name xPSDesiredStateConfiguration -Force \n\nchoco install git.install -y\nchoco install notepadplusplus -y\nchoco install googlechrome -y\n\n$env_OL:ChocolateyInstall = Convert-Path \"$((Get-Command choco).path)\\..\\..\"\nImport-Module \"$env_OL:ChocolateyInstall\\helpers\\chocolateyProfile.psm1\"\n\nrefreshenv\n\nchoco install winscp.install -y\nchoco install putty -y\n\n\u003c/powershell\u003e",
            "template": "\u003cpowershell\u003e\n\nWrite-Output \"---------------------------------------\"\nWrite-Output \"Setting up Temporary Windows Admininistrator to interact with WinRM...\"\n\nnet user ${\"albgoncal\"} '${\"Koke@2020\"}' /add /y\nnet localgroup administrators ${\"albgoncal\"} /add\n\nWrite-Output \"---------------------------------------\"\nWrite-Output \"Setting up WinRM...\"\n\nwinrm quickconfig -q\nwinrm set winrm/config/winrs '@{MaxMemoryPerShellMB=\"300\"}'\nwinrm set winrm/config '@{MaxTimeoutms=\"1800000\"}'\nwinrm set winrm/config/service '@{AllowUnencrypted=\"true\"}'\nwinrm set winrm/config/service/auth '@{Basic=\"true\"}'\nnetsh advfirewall firewall add rule name=\"WinRM 5985\" protocol=TCP dir=in localport=5985 action=allow\nnet stop winrm\nsc.exe config winrm start=auto\nnet start winrm\nSet-ExecutionPolicy Bypass -Scope Process -Force; \n\nWrite-Output \"---------------------------------------\"\nWrite-Output \"Installing Chocolatey and Packages...\"\n\nSet-ExecutionPolicy Bypass -Scope Process -Force; iex ((New-Object System.Net.WebClient).DownloadString('https://chocolatey.org/install.ps1'))\n\nInstall-PackageProvider -Name NuGet -RequiredVersion 2.8.5.201 -Force\nInstall-Module -Name PSPrivilege -Force\nInstall-Module -Name xWebAdministration -Force\nInstall-Module -Name xNetworking -Force\nInstall-Module -Name xPSDesiredStateConfiguration -Force \n\nchoco install git.install -y\nchoco install notepadplusplus -y\nchoco install googlechrome -y\n\n$env_OL:ChocolateyInstall = Convert-Path \"$((Get-Command choco).path)\\..\\..\"\nImport-Module \"$env_OL:ChocolateyInstall\\helpers\\chocolateyProfile.psm1\"\n\nrefreshenv\n\nchoco install winscp.install -y\nchoco install putty -y\n\n\u003c/powershell\u003e",
            "vars": {
              "INSTANCE_PASSWORD": "Koke@2020",
              "INSTANCE_USERNAME": "albgoncal"
            }
          }
        }
      ]
    },
    {
      "mode": "managed",
      "type": "aws_autoscaling_attachment",
      "name": "GPI_asg_attachment",
      "provider": "provider.aws",
      "instances": [
        {
          "schema_version": 0,
          "attributes": {
            "alb_target_group_arn": "arn:aws:elasticloadbalancing:eu-west-3:724852356535:targetgroup/GPI-LB-TG/2aae65d4609d13d3",
            "autoscaling_group_name": "GPI-ASG20200531160423834700000005",
            "elb": null,
            "id": "GPI-ASG20200531160423834700000005-20200531160512654400000009"
          },
          "private": "bnVsbA==",
          "dependencies": [
            "aws_autoscaling_group.GPI_asg",
            "aws_iam_instance_profile.app_instance_profile",
            "aws_iam_role.app_iam_role",
            "aws_key_pair.generated_key",
            "aws_launch_configuration.WIN16_launch_conf",
            "aws_lb_target_group.GPI_TG",
            "aws_security_group.GATE_OL_SG",
            "aws_security_group.PAYOL_SG",
            "aws_subnet.GPI1_PRIVATE_SUBNET",
            "aws_subnet.GPI2_PRIVATE_SUBNET",
            "aws_vpc.PAYOL_1_VPC",
            "tls_private_key.app_private_key"
          ]
        }
      ]
    },
    {
      "mode": "managed",
      "type": "aws_autoscaling_attachment",
      "name": "INST_asg_attachment",
      "provider": "provider.aws",
      "instances": [
        {
          "schema_version": 0,
          "attributes": {
            "alb_target_group_arn": "arn:aws:elasticloadbalancing:eu-west-3:724852356535:targetgroup/INST-LB-TG/cdcd7d1cc588567e",
            "autoscaling_group_name": "INST-ASG20200531160433383500000008",
            "elb": null,
            "id": "INST-ASG20200531160433383500000008-2020053116052153580000000c"
          },
          "private": "bnVsbA==",
          "dependencies": [
            "aws_autoscaling_group.INST_asg",
            "aws_iam_instance_profile.app_instance_profile",
            "aws_iam_role.app_iam_role",
            "aws_key_pair.generated_key",
            "aws_launch_configuration.WIN16_launch_conf",
            "aws_lb_target_group.INST_TG",
            "aws_security_group.GATE_OL_SG",
            "aws_security_group.PAYOL_SG",
            "aws_subnet.INST1_PRIVATE_SUBNET",
            "aws_subnet.INST2_PRIVATE_SUBNET",
            "aws_vpc.PAYOL_1_VPC",
            "tls_private_key.app_private_key"
          ]
        }
      ]
    },
    {
      "mode": "managed",
      "type": "aws_autoscaling_attachment",
      "name": "ISO_asg_attachment",
      "provider": "provider.aws",
      "instances": [
        {
          "schema_version": 0,
          "attributes": {
            "alb_target_group_arn": "arn:aws:elasticloadbalancing:eu-west-3:724852356535:targetgroup/ISO-LB-TG/13123d1eddaafec3",
            "autoscaling_group_name": "ISO-ASG20200531160426657500000007",
            "elb": null,
            "id": "ISO-ASG20200531160426657500000007-2020053116051559400000000b"
          },
          "private": "bnVsbA==",
          "dependencies": [
            "aws_autoscaling_group.ISO_asg",
            "aws_iam_instance_profile.app_instance_profile",
            "aws_iam_role.app_iam_role",
            "aws_key_pair.generated_key",
            "aws_launch_configuration.WIN16_launch_conf",
            "aws_lb_target_group.ISO_TG",
            "aws_security_group.GATE_OL_SG",
            "aws_security_group.PAYOL_SG",
            "aws_subnet.ISO1_PRIVATE_SUBNET",
            "aws_subnet.ISO2_PRIVATE_SUBNET",
            "aws_vpc.PAYOL_1_VPC",
            "tls_private_key.app_private_key"
          ]
        }
      ]
    },
    {
      "mode": "managed",
      "type": "aws_autoscaling_attachment",
      "name": "PRI_asg_attachment",
      "provider": "provider.aws",
      "instances": [
        {
          "schema_version": 0,
          "attributes": {
            "alb_target_group_arn": "arn:aws:elasticloadbalancing:eu-west-3:724852356535:targetgroup/PRI-LB-TG/c001389cd40b48b3",
            "autoscaling_group_name": "PRI-ASG20200531160425457300000006",
            "elb": null,
            "id": "PRI-ASG20200531160425457300000006-2020053116051425540000000a"
          },
          "private": "bnVsbA==",
          "dependencies": [
            "aws_autoscaling_group.PRI_asg",
            "aws_iam_instance_profile.app_instance_profile",
            "aws_iam_role.app_iam_role",
            "aws_key_pair.generated_key",
            "aws_launch_configuration.WIN16_launch_conf",
            "aws_lb_target_group.PRI_TG",
            "aws_security_group.GATE_OL_SG",
            "aws_security_group.PAYOL_SG",
            "aws_subnet.PRI1_PRIVATE_SUBNET",
            "aws_subnet.PRI2_PRIVATE_SUBNET",
            "aws_vpc.PAYOL_1_VPC",
            "tls_private_key.app_private_key"
          ]
        }
      ]
    },
    {
      "mode": "managed",
      "type": "aws_autoscaling_group",
      "name": "GPI_asg",
      "provider": "provider.aws",
      "instances": [
        {
          "schema_version": 0,
          "attributes": {
            "arn": "arn:aws:autoscaling:eu-west-3:724852356535:autoScalingGroup:3533b518-55ba-4c26-b143-2e52a95a360e:autoScalingGroupName/GPI-ASG20200531160423834700000005",
            "availability_zones": [
              "eu-west-3a",
              "eu-west-3b"
            ],
            "default_cooldown": 300,
            "desired_capacity": 1,
            "enabled_metrics": null,
            "force_delete": false,
            "health_check_grace_period": 300,
            "health_check_type": "EC2",
            "id": "GPI-ASG20200531160423834700000005",
            "initial_lifecycle_hook": [],
            "launch_configuration": "WIN2016-APP-LC20200531160356412600000003",
            "launch_template": [],
            "load_balancers": [],
            "max_instance_lifetime": 0,
            "max_size": 4,
            "metrics_granularity": "1Minute",
            "min_elb_capacity": null,
            "min_size": 1,
            "mixed_instances_policy": [],
            "name": "GPI-ASG20200531160423834700000005",
            "name_prefix": "GPI-ASG",
            "placement_group": "",
            "protect_from_scale_in": false,
            "service_linked_role_arn": "arn:aws:iam::724852356535:role/aws-service-role/autoscaling.amazonaws.com/AWSServiceRoleForAutoScaling",
            "suspended_processes": null,
            "tag": [],
            "tags": null,
            "target_group_arns": [],
            "termination_policies": null,
            "timeouts": null,
            "vpc_zone_identifier": [
              "subnet-0083fa700644be3a8",
              "subnet-06529a9c40b3b9eeb"
            ],
            "wait_for_capacity_timeout": "10m",
            "wait_for_elb_capacity": null
          },
          "private": "eyJlMmJmYjczMC1lY2FhLTExZTYtOGY4OC0zNDM2M2JjN2M0YzAiOnsiZGVsZXRlIjo2MDAwMDAwMDAwMDB9fQ==",
          "dependencies": [
            "aws_iam_instance_profile.app_instance_profile",
            "aws_iam_role.app_iam_role",
            "aws_key_pair.generated_key",
            "aws_launch_configuration.WIN16_launch_conf",
            "aws_security_group.GATE_OL_SG",
            "aws_security_group.PAYOL_SG",
            "aws_subnet.GPI1_PRIVATE_SUBNET",
            "aws_subnet.GPI2_PRIVATE_SUBNET",
            "aws_vpc.PAYOL_1_VPC",
            "tls_private_key.app_private_key"
          ]
        }
      ]
    },
    {
      "mode": "managed",
      "type": "aws_autoscaling_group",
      "name": "INST_asg",
      "provider": "provider.aws",
      "instances": [
        {
          "schema_version": 0,
          "attributes": {
            "arn": "arn:aws:autoscaling:eu-west-3:724852356535:autoScalingGroup:334e0c22-3cfd-40c3-b993-85ba331805c5:autoScalingGroupName/INST-ASG20200531160433383500000008",
            "availability_zones": [
              "eu-west-3a",
              "eu-west-3b"
            ],
            "default_cooldown": 300,
            "desired_capacity": 1,
            "enabled_metrics": null,
            "force_delete": false,
            "health_check_grace_period": 300,
            "health_check_type": "EC2",
            "id": "INST-ASG20200531160433383500000008",
            "initial_lifecycle_hook": [],
            "launch_configuration": "WIN2016-APP-LC20200531160356412600000003",
            "launch_template": [],
            "load_balancers": [],
            "max_instance_lifetime": 0,
            "max_size": 4,
            "metrics_granularity": "1Minute",
            "min_elb_capacity": null,
            "min_size": 1,
            "mixed_instances_policy": [],
            "name": "INST-ASG20200531160433383500000008",
            "name_prefix": "INST-ASG",
            "placement_group": "",
            "protect_from_scale_in": false,
            "service_linked_role_arn": "arn:aws:iam::724852356535:role/aws-service-role/autoscaling.amazonaws.com/AWSServiceRoleForAutoScaling",
            "suspended_processes": null,
            "tag": [],
            "tags": null,
            "target_group_arns": [],
            "termination_policies": null,
            "timeouts": null,
            "vpc_zone_identifier": [
              "subnet-0344fea08de31b558",
              "subnet-0a6441fb5141e94bb"
            ],
            "wait_for_capacity_timeout": "10m",
            "wait_for_elb_capacity": null
          },
          "private": "eyJlMmJmYjczMC1lY2FhLTExZTYtOGY4OC0zNDM2M2JjN2M0YzAiOnsiZGVsZXRlIjo2MDAwMDAwMDAwMDB9fQ==",
          "dependencies": [
            "aws_iam_instance_profile.app_instance_profile",
            "aws_iam_role.app_iam_role",
            "aws_key_pair.generated_key",
            "aws_launch_configuration.WIN16_launch_conf",
            "aws_security_group.GATE_OL_SG",
            "aws_security_group.PAYOL_SG",
            "aws_subnet.INST1_PRIVATE_SUBNET",
            "aws_subnet.INST2_PRIVATE_SUBNET",
            "aws_vpc.PAYOL_1_VPC",
            "tls_private_key.app_private_key"
          ]
        }
      ]
    },
    {
      "mode": "managed",
      "type": "aws_autoscaling_group",
      "name": "ISO_asg",
      "provider": "provider.aws",
      "instances": [
        {
          "schema_version": 0,
          "attributes": {
            "arn": "arn:aws:autoscaling:eu-west-3:724852356535:autoScalingGroup:90a65024-f108-45d4-a3f3-536d5d6078e3:autoScalingGroupName/ISO-ASG20200531160426657500000007",
            "availability_zones": [
              "eu-west-3a",
              "eu-west-3b"
            ],
            "default_cooldown": 300,
            "desired_capacity": 1,
            "enabled_metrics": null,
            "force_delete": false,
            "health_check_grace_period": 300,
            "health_check_type": "EC2",
            "id": "ISO-ASG20200531160426657500000007",
            "initial_lifecycle_hook": [],
            "launch_configuration": "WIN2016-APP-LC20200531160356412600000003",
            "launch_template": [],
            "load_balancers": [],
            "max_instance_lifetime": 0,
            "max_size": 4,
            "metrics_granularity": "1Minute",
            "min_elb_capacity": null,
            "min_size": 1,
            "mixed_instances_policy": [],
            "name": "ISO-ASG20200531160426657500000007",
            "name_prefix": "ISO-ASG",
            "placement_group": "",
            "protect_from_scale_in": false,
            "service_linked_role_arn": "arn:aws:iam::724852356535:role/aws-service-role/autoscaling.amazonaws.com/AWSServiceRoleForAutoScaling",
            "suspended_processes": null,
            "tag": [],
            "tags": null,
            "target_group_arns": [],
            "termination_policies": null,
            "timeouts": null,
            "vpc_zone_identifier": [
              "subnet-096e4664108c86d44",
              "subnet-0b77c315cbe4ac6d9"
            ],
            "wait_for_capacity_timeout": "10m",
            "wait_for_elb_capacity": null
          },
          "private": "eyJlMmJmYjczMC1lY2FhLTExZTYtOGY4OC0zNDM2M2JjN2M0YzAiOnsiZGVsZXRlIjo2MDAwMDAwMDAwMDB9fQ==",
          "dependencies": [
            "aws_iam_instance_profile.app_instance_profile",
            "aws_iam_role.app_iam_role",
            "aws_key_pair.generated_key",
            "aws_launch_configuration.WIN16_launch_conf",
            "aws_security_group.GATE_OL_SG",
            "aws_security_group.PAYOL_SG",
            "aws_subnet.ISO1_PRIVATE_SUBNET",
            "aws_subnet.ISO2_PRIVATE_SUBNET",
            "aws_vpc.PAYOL_1_VPC",
            "tls_private_key.app_private_key"
          ]
        }
      ]
    },
    {
      "mode": "managed",
      "type": "aws_autoscaling_group",
      "name": "PRI_asg",
      "provider": "provider.aws",
      "instances": [
        {
          "schema_version": 0,
          "attributes": {
            "arn": "arn:aws:autoscaling:eu-west-3:724852356535:autoScalingGroup:b85028e2-87a1-41bd-9fcb-2cad97df61d9:autoScalingGroupName/PRI-ASG20200531160425457300000006",
            "availability_zones": [
              "eu-west-3a",
              "eu-west-3b"
            ],
            "default_cooldown": 300,
            "desired_capacity": 1,
            "enabled_metrics": null,
            "force_delete": false,
            "health_check_grace_period": 300,
            "health_check_type": "EC2",
            "id": "PRI-ASG20200531160425457300000006",
            "initial_lifecycle_hook": [],
            "launch_configuration": "WIN2016-APP-LC20200531160356412600000003",
            "launch_template": [],
            "load_balancers": [],
            "max_instance_lifetime": 0,
            "max_size": 4,
            "metrics_granularity": "1Minute",
            "min_elb_capacity": null,
            "min_size": 1,
            "mixed_instances_policy": [],
            "name": "PRI-ASG20200531160425457300000006",
            "name_prefix": "PRI-ASG",
            "placement_group": "",
            "protect_from_scale_in": false,
            "service_linked_role_arn": "arn:aws:iam::724852356535:role/aws-service-role/autoscaling.amazonaws.com/AWSServiceRoleForAutoScaling",
            "suspended_processes": null,
            "tag": [],
            "tags": null,
            "target_group_arns": [],
            "termination_policies": null,
            "timeouts": null,
            "vpc_zone_identifier": [
              "subnet-04b96e968e40d16ca",
              "subnet-07fc1516ff4d7d444"
            ],
            "wait_for_capacity_timeout": "10m",
            "wait_for_elb_capacity": null
          },
          "private": "eyJlMmJmYjczMC1lY2FhLTExZTYtOGY4OC0zNDM2M2JjN2M0YzAiOnsiZGVsZXRlIjo2MDAwMDAwMDAwMDB9fQ==",
          "dependencies": [
            "aws_iam_instance_profile.app_instance_profile",
            "aws_iam_role.app_iam_role",
            "aws_key_pair.generated_key",
            "aws_launch_configuration.WIN16_launch_conf",
            "aws_security_group.GATE_OL_SG",
            "aws_security_group.PAYOL_SG",
            "aws_subnet.PRI1_PRIVATE_SUBNET",
            "aws_subnet.PRI2_PRIVATE_SUBNET",
            "aws_vpc.PAYOL_1_VPC",
            "tls_private_key.app_private_key"
          ]
        }
      ]
    },
    {
      "mode": "managed",
      "type": "aws_iam_instance_profile",
      "name": "app_instance_profile",
      "provider": "provider.aws",
      "instances": [
        {
          "schema_version": 0,
          "attributes": {
            "arn": "arn:aws:iam::724852356535:instance-profile/PAYOL-INSTANCE-PROFILE",
            "create_date": "2020-05-31T16:03:50Z",
            "id": "PAYOL-INSTANCE-PROFILE",
            "name": "PAYOL-INSTANCE-PROFILE",
            "name_prefix": null,
            "path": "/",
            "role": "PAYOL-IAM-ROLE",
            "roles": [],
            "unique_id": "AIPA2RRERGW3ZZZHYLTB5"
          },
          "private": "bnVsbA==",
          "dependencies": [
            "aws_iam_role.app_iam_role"
          ]
        }
      ]
    },
    {
      "mode": "managed",
      "type": "aws_iam_role",
      "name": "app_iam_role",
      "provider": "provider.aws",
      "instances": [
        {
          "schema_version": 0,
          "attributes": {
            "arn": "arn:aws:iam::724852356535:role/PAYOL-IAM-ROLE",
            "assume_role_policy": "{\"Version\":\"2012-10-17\",\"Statement\":[{\"Sid\":\"\",\"Effect\":\"Allow\",\"Principal\":{\"Service\":\"ec2.amazonaws.com\"},\"Action\":\"sts:AssumeRole\"}]}",
            "create_date": "2020-05-31T16:03:49Z",
            "description": "",
            "force_detach_policies": false,
            "id": "PAYOL-IAM-ROLE",
            "max_session_duration": 3600,
            "name": "PAYOL-IAM-ROLE",
            "name_prefix": null,
            "path": "/",
            "permissions_boundary": null,
            "tags": null,
            "unique_id": "AROA2RRERGW3XE5YICBP7"
          },
          "private": "bnVsbA=="
        }
      ]
    },
    {
      "mode": "managed",
      "type": "aws_iam_role_policy_attachment",
      "name": "app_s3_policy_attachment",
      "provider": "provider.aws",
      "instances": [
        {
          "schema_version": 0,
          "attributes": {
            "id": "PAYOL-IAM-ROLE-20200531160348087000000001",
            "policy_arn": "arn:aws:iam::aws:policy/AmazonS3FullAccess",
            "role": "PAYOL-IAM-ROLE"
          },
          "private": "bnVsbA==",
          "dependencies": [
            "aws_iam_role.app_iam_role"
          ]
        }
      ]
    },
    {
      "mode": "managed",
      "type": "aws_instance",
      "name": "GPI_1",
      "provider": "provider.aws",
      "instances": [
        {
          "schema_version": 1,
          "attributes": {
            "ami": "ami-08f9a552e55285f32",
            "arn": "arn:aws:ec2:eu-west-3:724852356535:instance/i-042caa6ab6ce976f3",
            "associate_public_ip_address": true,
            "availability_zone": "eu-west-3a",
            "cpu_core_count": 1,
            "cpu_threads_per_core": 1,
            "credit_specification": [
              {
                "cpu_credits": "standard"
              }
            ],
            "disable_api_termination": false,
            "ebs_block_device": [],
            "ebs_optimized": false,
            "ephemeral_block_device": [],
            "get_password_data": false,
            "hibernation": false,
            "host_id": null,
            "iam_instance_profile": "PAYOL-INSTANCE-PROFILE",
            "id": "i-042caa6ab6ce976f3",
            "instance_initiated_shutdown_behavior": "stop",
            "instance_state": "running",
            "instance_type": "t2.micro",
            "ipv6_address_count": 0,
            "ipv6_addresses": [],
            "key_name": "APP-KEY",
            "metadata_options": [
              {
                "http_endpoint": "enabled",
                "http_put_response_hop_limit": 1,
                "http_tokens": "optional"
              }
            ],
            "monitoring": false,
            "network_interface": [],
            "network_interface_id": null,
            "outpost_arn": "",
            "password_data": "",
            "placement_group": "",
            "primary_network_interface_id": "eni-0d1c1d5eeb5978cb5",
            "private_dns": "ip-10-12-3-32.eu-west-3.compute.internal",
            "private_ip": "10.12.3.32",
            "public_dns": "ec2-35-180-127-63.eu-west-3.compute.amazonaws.com",
            "public_ip": "35.180.127.63",
            "root_block_device": [
              {
                "delete_on_termination": true,
                "device_name": "/dev/sda1",
                "encrypted": false,
                "iops": 100,
                "kms_key_id": "",
                "volume_id": "vol-0ffe5c8e0d88851f8",
                "volume_size": 30,
                "volume_type": "gp2"
              }
            ],
            "security_groups": [],
            "source_dest_check": true,
            "subnet_id": "subnet-0083fa700644be3a8",
            "tags": {
              "Name": "GPI-1"
            },
            "tenancy": "default",
            "timeouts": null,
            "user_data": "8e25bc98134d96fbcb7ac6fd2c0c85a3760ab1d2",
            "user_data_base64": null,
            "volume_tags": {},
            "vpc_security_group_ids": [
              "sg-0da62884fc493d4e0"
            ]
          },
          "private": "eyJlMmJmYjczMC1lY2FhLTExZTYtOGY4OC0zNDM2M2JjN2M0YzAiOnsiY3JlYXRlIjo2MDAwMDAwMDAwMDAsImRlbGV0ZSI6MTIwMDAwMDAwMDAwMCwidXBkYXRlIjo2MDAwMDAwMDAwMDB9LCJzY2hlbWFfdmVyc2lvbiI6IjEifQ==",
          "dependencies": [
            "aws_iam_instance_profile.app_instance_profile",
            "aws_iam_role.app_iam_role",
            "aws_key_pair.generated_key",
            "aws_security_group.GATE_OL_SG",
            "aws_subnet.GPI1_PRIVATE_SUBNET",
            "aws_vpc.PAYOL_1_VPC",
            "tls_private_key.app_private_key"
          ]
        }
      ]
    },
    {
      "mode": "managed",
      "type": "aws_instance",
      "name": "GPI_2",
      "provider": "provider.aws",
      "instances": [
        {
          "schema_version": 1,
          "attributes": {
            "ami": "ami-08c757228751c5335",
            "arn": "arn:aws:ec2:eu-west-3:724852356535:instance/i-04917466556b8bb15",
            "associate_public_ip_address": true,
            "availability_zone": "eu-west-3b",
            "cpu_core_count": 1,
            "cpu_threads_per_core": 1,
            "credit_specification": [
              {
                "cpu_credits": "standard"
              }
            ],
            "disable_api_termination": false,
            "ebs_block_device": [],
            "ebs_optimized": false,
            "ephemeral_block_device": [],
            "get_password_data": false,
            "hibernation": false,
            "host_id": null,
            "iam_instance_profile": "PAYOL-INSTANCE-PROFILE",
            "id": "i-04917466556b8bb15",
            "instance_initiated_shutdown_behavior": "stop",
            "instance_state": "running",
            "instance_type": "t2.micro",
            "ipv6_address_count": 0,
            "ipv6_addresses": [],
            "key_name": "APP-KEY",
            "metadata_options": [
              {
                "http_endpoint": "enabled",
                "http_put_response_hop_limit": 1,
                "http_tokens": "optional"
              }
            ],
            "monitoring": false,
            "network_interface": [],
            "network_interface_id": null,
            "outpost_arn": "",
            "password_data": "",
            "placement_group": "",
            "primary_network_interface_id": "eni-035673da6426c1beb",
            "private_dns": "ip-10-12-3-201.eu-west-3.compute.internal",
            "private_ip": "10.12.3.201",
            "public_dns": "ec2-15-236-210-123.eu-west-3.compute.amazonaws.com",
            "public_ip": "15.236.210.123",
            "root_block_device": [
              {
                "delete_on_termination": true,
                "device_name": "/dev/sda1",
                "encrypted": false,
                "iops": 100,
                "kms_key_id": "",
                "volume_id": "vol-0728d6012057b1561",
                "volume_size": 8,
                "volume_type": "gp2"
              }
            ],
            "security_groups": [],
            "source_dest_check": true,
            "subnet_id": "subnet-06529a9c40b3b9eeb",
            "tags": {
              "Name": "GPI-2"
            },
            "tenancy": "default",
            "timeouts": null,
            "user_data": "86cd93739c957f559182e7d6052388d6866917b4",
            "user_data_base64": null,
            "volume_tags": {},
            "vpc_security_group_ids": [
              "sg-0da62884fc493d4e0"
            ]
          },
          "private": "eyJlMmJmYjczMC1lY2FhLTExZTYtOGY4OC0zNDM2M2JjN2M0YzAiOnsiY3JlYXRlIjo2MDAwMDAwMDAwMDAsImRlbGV0ZSI6MTIwMDAwMDAwMDAwMCwidXBkYXRlIjo2MDAwMDAwMDAwMDB9LCJzY2hlbWFfdmVyc2lvbiI6IjEifQ==",
          "dependencies": [
            "aws_iam_instance_profile.app_instance_profile",
            "aws_iam_role.app_iam_role",
            "aws_key_pair.generated_key",
            "aws_security_group.GATE_OL_SG",
            "aws_subnet.GPI2_PRIVATE_SUBNET",
            "aws_vpc.PAYOL_1_VPC",
            "tls_private_key.app_private_key"
          ]
        }
      ]
    },
    {
      "mode": "managed",
      "type": "aws_instance",
      "name": "INST_1",
      "provider": "provider.aws",
      "instances": [
        {
          "schema_version": 1,
          "attributes": {
            "ami": "ami-08f9a552e55285f32",
            "arn": "arn:aws:ec2:eu-west-3:724852356535:instance/i-00008366340d61f75",
            "associate_public_ip_address": true,
            "availability_zone": "eu-west-3a",
            "cpu_core_count": 1,
            "cpu_threads_per_core": 1,
            "credit_specification": [
              {
                "cpu_credits": "standard"
              }
            ],
            "disable_api_termination": false,
            "ebs_block_device": [],
            "ebs_optimized": false,
            "ephemeral_block_device": [],
            "get_password_data": false,
            "hibernation": false,
            "host_id": null,
            "iam_instance_profile": "PAYOL-INSTANCE-PROFILE",
            "id": "i-00008366340d61f75",
            "instance_initiated_shutdown_behavior": "stop",
            "instance_state": "running",
            "instance_type": "t2.micro",
            "ipv6_address_count": 0,
            "ipv6_addresses": [],
            "key_name": "APP-KEY",
            "metadata_options": [
              {
                "http_endpoint": "enabled",
                "http_put_response_hop_limit": 1,
                "http_tokens": "optional"
              }
            ],
            "monitoring": false,
            "network_interface": [],
            "network_interface_id": null,
            "outpost_arn": "",
            "password_data": "",
            "placement_group": "",
            "primary_network_interface_id": "eni-02754e2b9aabc6987",
            "private_dns": "ip-10-12-2-61.eu-west-3.compute.internal",
            "private_ip": "10.12.2.61",
            "public_dns": "ec2-35-181-57-154.eu-west-3.compute.amazonaws.com",
            "public_ip": "35.181.57.154",
            "root_block_device": [
              {
                "delete_on_termination": true,
                "device_name": "/dev/sda1",
                "encrypted": false,
                "iops": 100,
                "kms_key_id": "",
                "volume_id": "vol-08908e93d03b718c4",
                "volume_size": 30,
                "volume_type": "gp2"
              }
            ],
            "security_groups": [],
            "source_dest_check": true,
            "subnet_id": "subnet-0344fea08de31b558",
            "tags": {
              "Name": "INST-1"
            },
            "tenancy": "default",
            "timeouts": null,
            "user_data": "8e25bc98134d96fbcb7ac6fd2c0c85a3760ab1d2",
            "user_data_base64": null,
            "volume_tags": {},
            "vpc_security_group_ids": [
              "sg-01c9da9e5c076ff2a"
            ]
          },
          "private": "eyJlMmJmYjczMC1lY2FhLTExZTYtOGY4OC0zNDM2M2JjN2M0YzAiOnsiY3JlYXRlIjo2MDAwMDAwMDAwMDAsImRlbGV0ZSI6MTIwMDAwMDAwMDAwMCwidXBkYXRlIjo2MDAwMDAwMDAwMDB9LCJzY2hlbWFfdmVyc2lvbiI6IjEifQ==",
          "dependencies": [
            "aws_iam_instance_profile.app_instance_profile",
            "aws_iam_role.app_iam_role",
            "aws_key_pair.generated_key",
            "aws_security_group.PAYOL_SG",
            "aws_subnet.INST1_PRIVATE_SUBNET",
            "aws_vpc.PAYOL_1_VPC",
            "tls_private_key.app_private_key"
          ]
        }
      ]
    },
    {
      "mode": "managed",
      "type": "aws_instance",
      "name": "INST_2",
      "provider": "provider.aws",
      "instances": [
        {
          "schema_version": 1,
          "attributes": {
            "ami": "ami-08c757228751c5335",
            "arn": "arn:aws:ec2:eu-west-3:724852356535:instance/i-0e181de9c7311d0d1",
            "associate_public_ip_address": true,
            "availability_zone": "eu-west-3b",
            "cpu_core_count": 1,
            "cpu_threads_per_core": 1,
            "credit_specification": [
              {
                "cpu_credits": "standard"
              }
            ],
            "disable_api_termination": false,
            "ebs_block_device": [],
            "ebs_optimized": false,
            "ephemeral_block_device": [],
            "get_password_data": false,
            "hibernation": false,
            "host_id": null,
            "iam_instance_profile": "PAYOL-INSTANCE-PROFILE",
            "id": "i-0e181de9c7311d0d1",
            "instance_initiated_shutdown_behavior": "stop",
            "instance_state": "running",
            "instance_type": "t2.micro",
            "ipv6_address_count": 0,
            "ipv6_addresses": [],
            "key_name": "APP-KEY",
            "metadata_options": [
              {
                "http_endpoint": "enabled",
                "http_put_response_hop_limit": 1,
                "http_tokens": "optional"
              }
            ],
            "monitoring": false,
            "network_interface": [],
            "network_interface_id": null,
            "outpost_arn": "",
            "password_data": "",
            "placement_group": "",
            "primary_network_interface_id": "eni-05e3befb9fab87933",
            "private_dns": "ip-10-12-2-138.eu-west-3.compute.internal",
            "private_ip": "10.12.2.138",
            "public_dns": "ec2-15-236-179-105.eu-west-3.compute.amazonaws.com",
            "public_ip": "15.236.179.105",
            "root_block_device": [
              {
                "delete_on_termination": true,
                "device_name": "/dev/sda1",
                "encrypted": false,
                "iops": 100,
                "kms_key_id": "",
                "volume_id": "vol-00486fb46a918de23",
                "volume_size": 8,
                "volume_type": "gp2"
              }
            ],
            "security_groups": [],
            "source_dest_check": true,
            "subnet_id": "subnet-0a6441fb5141e94bb",
            "tags": {
              "Name": "INST-2"
            },
            "tenancy": "default",
            "timeouts": null,
            "user_data": "86cd93739c957f559182e7d6052388d6866917b4",
            "user_data_base64": null,
            "volume_tags": {},
            "vpc_security_group_ids": [
              "sg-01c9da9e5c076ff2a"
            ]
          },
          "private": "eyJlMmJmYjczMC1lY2FhLTExZTYtOGY4OC0zNDM2M2JjN2M0YzAiOnsiY3JlYXRlIjo2MDAwMDAwMDAwMDAsImRlbGV0ZSI6MTIwMDAwMDAwMDAwMCwidXBkYXRlIjo2MDAwMDAwMDAwMDB9LCJzY2hlbWFfdmVyc2lvbiI6IjEifQ==",
          "dependencies": [
            "aws_iam_instance_profile.app_instance_profile",
            "aws_iam_role.app_iam_role",
            "aws_key_pair.generated_key",
            "aws_security_group.PAYOL_SG",
            "aws_subnet.INST2_PRIVATE_SUBNET",
            "aws_vpc.PAYOL_1_VPC",
            "tls_private_key.app_private_key"
          ]
        }
      ]
    },
    {
      "mode": "managed",
      "type": "aws_instance",
      "name": "ISO_server_1",
      "provider": "provider.aws",
      "instances": [
        {
          "schema_version": 1,
          "attributes": {
            "ami": "ami-08f9a552e55285f32",
            "arn": "arn:aws:ec2:eu-west-3:724852356535:instance/i-0ed152efb471a8ed7",
            "associate_public_ip_address": true,
            "availability_zone": "eu-west-3a",
            "cpu_core_count": 1,
            "cpu_threads_per_core": 1,
            "credit_specification": [
              {
                "cpu_credits": "standard"
              }
            ],
            "disable_api_termination": false,
            "ebs_block_device": [],
            "ebs_optimized": false,
            "ephemeral_block_device": [],
            "get_password_data": false,
            "hibernation": false,
            "host_id": null,
            "iam_instance_profile": "PAYOL-INSTANCE-PROFILE",
            "id": "i-0ed152efb471a8ed7",
            "instance_initiated_shutdown_behavior": "stop",
            "instance_state": "running",
            "instance_type": "t2.micro",
            "ipv6_address_count": 0,
            "ipv6_addresses": [],
            "key_name": "APP-KEY",
            "metadata_options": [
              {
                "http_endpoint": "enabled",
                "http_put_response_hop_limit": 1,
                "http_tokens": "optional"
              }
            ],
            "monitoring": false,
            "network_interface": [],
            "network_interface_id": null,
            "outpost_arn": "",
            "password_data": "",
            "placement_group": "",
            "primary_network_interface_id": "eni-01748619d034f07ef",
            "private_dns": "ip-10-12-1-70.eu-west-3.compute.internal",
            "private_ip": "10.12.1.70",
            "public_dns": "ec2-35-180-232-20.eu-west-3.compute.amazonaws.com",
            "public_ip": "35.180.232.20",
            "root_block_device": [
              {
                "delete_on_termination": true,
                "device_name": "/dev/sda1",
                "encrypted": false,
                "iops": 100,
                "kms_key_id": "",
                "volume_id": "vol-049ba2543c47ec056",
                "volume_size": 30,
                "volume_type": "gp2"
              }
            ],
            "security_groups": [],
            "source_dest_check": true,
            "subnet_id": "subnet-0b77c315cbe4ac6d9",
            "tags": {
              "Name": "ISO-1"
            },
            "tenancy": "default",
            "timeouts": null,
            "user_data": "8e25bc98134d96fbcb7ac6fd2c0c85a3760ab1d2",
            "user_data_base64": null,
            "volume_tags": {},
            "vpc_security_group_ids": [
              "sg-01c9da9e5c076ff2a"
            ]
          },
          "private": "eyJlMmJmYjczMC1lY2FhLTExZTYtOGY4OC0zNDM2M2JjN2M0YzAiOnsiY3JlYXRlIjo2MDAwMDAwMDAwMDAsImRlbGV0ZSI6MTIwMDAwMDAwMDAwMCwidXBkYXRlIjo2MDAwMDAwMDAwMDB9LCJzY2hlbWFfdmVyc2lvbiI6IjEifQ==",
          "dependencies": [
            "aws_iam_instance_profile.app_instance_profile",
            "aws_iam_role.app_iam_role",
            "aws_key_pair.generated_key",
            "aws_security_group.PAYOL_SG",
            "aws_subnet.ISO1_PRIVATE_SUBNET",
            "aws_vpc.PAYOL_1_VPC",
            "tls_private_key.app_private_key"
          ]
        }
      ]
    },
    {
      "mode": "managed",
      "type": "aws_instance",
      "name": "ISO_server_2",
      "provider": "provider.aws",
      "instances": [
        {
          "schema_version": 1,
          "attributes": {
            "ami": "ami-08c757228751c5335",
            "arn": "arn:aws:ec2:eu-west-3:724852356535:instance/i-079488da2f1b25221",
            "associate_public_ip_address": true,
            "availability_zone": "eu-west-3b",
            "cpu_core_count": 1,
            "cpu_threads_per_core": 1,
            "credit_specification": [
              {
                "cpu_credits": "standard"
              }
            ],
            "disable_api_termination": false,
            "ebs_block_device": [],
            "ebs_optimized": false,
            "ephemeral_block_device": [],
            "get_password_data": false,
            "hibernation": false,
            "host_id": null,
            "iam_instance_profile": "PAYOL-INSTANCE-PROFILE",
            "id": "i-079488da2f1b25221",
            "instance_initiated_shutdown_behavior": "stop",
            "instance_state": "running",
            "instance_type": "t2.micro",
            "ipv6_address_count": 0,
            "ipv6_addresses": [],
            "key_name": "APP-KEY",
            "metadata_options": [
              {
                "http_endpoint": "enabled",
                "http_put_response_hop_limit": 1,
                "http_tokens": "optional"
              }
            ],
            "monitoring": false,
            "network_interface": [],
            "network_interface_id": null,
            "outpost_arn": "",
            "password_data": "",
            "placement_group": "",
            "primary_network_interface_id": "eni-0bc725e9a6771d00f",
            "private_dns": "ip-10-12-1-194.eu-west-3.compute.internal",
            "private_ip": "10.12.1.194",
            "public_dns": "ec2-35-180-50-150.eu-west-3.compute.amazonaws.com",
            "public_ip": "35.180.50.150",
            "root_block_device": [
              {
                "delete_on_termination": true,
                "device_name": "/dev/sda1",
                "encrypted": false,
                "iops": 100,
                "kms_key_id": "",
                "volume_id": "vol-05db3423a0e516473",
                "volume_size": 8,
                "volume_type": "gp2"
              }
            ],
            "security_groups": [],
            "source_dest_check": true,
            "subnet_id": "subnet-096e4664108c86d44",
            "tags": {
              "Name": "ISO-2"
            },
            "tenancy": "default",
            "timeouts": null,
            "user_data": "86cd93739c957f559182e7d6052388d6866917b4",
            "user_data_base64": null,
            "volume_tags": {},
            "vpc_security_group_ids": [
              "sg-01c9da9e5c076ff2a"
            ]
          },
          "private": "eyJlMmJmYjczMC1lY2FhLTExZTYtOGY4OC0zNDM2M2JjN2M0YzAiOnsiY3JlYXRlIjo2MDAwMDAwMDAwMDAsImRlbGV0ZSI6MTIwMDAwMDAwMDAwMCwidXBkYXRlIjo2MDAwMDAwMDAwMDB9LCJzY2hlbWFfdmVyc2lvbiI6IjEifQ==",
          "dependencies": [
            "aws_iam_instance_profile.app_instance_profile",
            "aws_iam_role.app_iam_role",
            "aws_key_pair.generated_key",
            "aws_security_group.PAYOL_SG",
            "aws_subnet.ISO2_PRIVATE_SUBNET",
            "aws_vpc.PAYOL_1_VPC",
            "tls_private_key.app_private_key"
          ]
        }
      ]
    },
    {
      "mode": "managed",
      "type": "aws_instance",
      "name": "PRI_1",
      "provider": "provider.aws",
      "instances": [
        {
          "schema_version": 1,
          "attributes": {
            "ami": "ami-08f9a552e55285f32",
            "arn": "arn:aws:ec2:eu-west-3:724852356535:instance/i-011e6c97b70f1f4bf",
            "associate_public_ip_address": true,
            "availability_zone": "eu-west-3a",
            "cpu_core_count": 1,
            "cpu_threads_per_core": 1,
            "credit_specification": [
              {
                "cpu_credits": "standard"
              }
            ],
            "disable_api_termination": false,
            "ebs_block_device": [],
            "ebs_optimized": false,
            "ephemeral_block_device": [],
            "get_password_data": false,
            "hibernation": false,
            "host_id": null,
            "iam_instance_profile": "PAYOL-INSTANCE-PROFILE",
            "id": "i-011e6c97b70f1f4bf",
            "instance_initiated_shutdown_behavior": "stop",
            "instance_state": "running",
            "instance_type": "t2.micro",
            "ipv6_address_count": 0,
            "ipv6_addresses": [],
            "key_name": "APP-KEY",
            "metadata_options": [
              {
                "http_endpoint": "enabled",
                "http_put_response_hop_limit": 1,
                "http_tokens": "optional"
              }
            ],
            "monitoring": false,
            "network_interface": [],
            "network_interface_id": null,
            "outpost_arn": "",
            "password_data": "",
            "placement_group": "",
            "primary_network_interface_id": "eni-0078bb7bde94dc1d8",
            "private_dns": "ip-10-12-0-41.eu-west-3.compute.internal",
            "private_ip": "10.12.0.41",
            "public_dns": "ec2-15-236-142-175.eu-west-3.compute.amazonaws.com",
            "public_ip": "15.236.142.175",
            "root_block_device": [
              {
                "delete_on_termination": true,
                "device_name": "/dev/sda1",
                "encrypted": false,
                "iops": 100,
                "kms_key_id": "",
                "volume_id": "vol-01e1b6c07e91275f2",
                "volume_size": 30,
                "volume_type": "gp2"
              }
            ],
            "security_groups": [],
            "source_dest_check": true,
            "subnet_id": "subnet-07fc1516ff4d7d444",
            "tags": {
              "Name": "PRI-1"
            },
            "tenancy": "default",
            "timeouts": null,
            "user_data": "8e25bc98134d96fbcb7ac6fd2c0c85a3760ab1d2",
            "user_data_base64": null,
            "volume_tags": {},
            "vpc_security_group_ids": [
              "sg-01c9da9e5c076ff2a"
            ]
          },
          "private": "eyJlMmJmYjczMC1lY2FhLTExZTYtOGY4OC0zNDM2M2JjN2M0YzAiOnsiY3JlYXRlIjo2MDAwMDAwMDAwMDAsImRlbGV0ZSI6MTIwMDAwMDAwMDAwMCwidXBkYXRlIjo2MDAwMDAwMDAwMDB9LCJzY2hlbWFfdmVyc2lvbiI6IjEifQ==",
          "dependencies": [
            "aws_iam_instance_profile.app_instance_profile",
            "aws_iam_role.app_iam_role",
            "aws_key_pair.generated_key",
            "aws_security_group.PAYOL_SG",
            "aws_subnet.PRI1_PRIVATE_SUBNET",
            "aws_vpc.PAYOL_1_VPC",
            "tls_private_key.app_private_key"
          ]
        }
      ]
    },
    {
      "mode": "managed",
      "type": "aws_instance",
      "name": "PRI_2",
      "provider": "provider.aws",
      "instances": [
        {
          "schema_version": 1,
          "attributes": {
            "ami": "ami-08c757228751c5335",
            "arn": "arn:aws:ec2:eu-west-3:724852356535:instance/i-024558fc55c83cc56",
            "associate_public_ip_address": true,
            "availability_zone": "eu-west-3b",
            "cpu_core_count": 1,
            "cpu_threads_per_core": 1,
            "credit_specification": [
              {
                "cpu_credits": "standard"
              }
            ],
            "disable_api_termination": false,
            "ebs_block_device": [],
            "ebs_optimized": false,
            "ephemeral_block_device": [],
            "get_password_data": false,
            "hibernation": false,
            "host_id": null,
            "iam_instance_profile": "PAYOL-INSTANCE-PROFILE",
            "id": "i-024558fc55c83cc56",
            "instance_initiated_shutdown_behavior": "stop",
            "instance_state": "running",
            "instance_type": "t2.micro",
            "ipv6_address_count": 0,
            "ipv6_addresses": [],
            "key_name": "APP-KEY",
            "metadata_options": [
              {
                "http_endpoint": "enabled",
                "http_put_response_hop_limit": 1,
                "http_tokens": "optional"
              }
            ],
            "monitoring": false,
            "network_interface": [],
            "network_interface_id": null,
            "outpost_arn": "",
            "password_data": "",
            "placement_group": "",
            "primary_network_interface_id": "eni-00dbb970b06f71cb9",
            "private_dns": "ip-10-12-0-200.eu-west-3.compute.internal",
            "private_ip": "10.12.0.200",
            "public_dns": "ec2-15-188-89-52.eu-west-3.compute.amazonaws.com",
            "public_ip": "15.188.89.52",
            "root_block_device": [
              {
                "delete_on_termination": true,
                "device_name": "/dev/sda1",
                "encrypted": false,
                "iops": 100,
                "kms_key_id": "",
                "volume_id": "vol-062e0fa523c808162",
                "volume_size": 8,
                "volume_type": "gp2"
              }
            ],
            "security_groups": [],
            "source_dest_check": true,
            "subnet_id": "subnet-04b96e968e40d16ca",
            "tags": {
              "Name": "PRI-2"
            },
            "tenancy": "default",
            "timeouts": null,
            "user_data": "86cd93739c957f559182e7d6052388d6866917b4",
            "user_data_base64": null,
            "volume_tags": {},
            "vpc_security_group_ids": [
              "sg-01c9da9e5c076ff2a"
            ]
          },
          "private": "eyJlMmJmYjczMC1lY2FhLTExZTYtOGY4OC0zNDM2M2JjN2M0YzAiOnsiY3JlYXRlIjo2MDAwMDAwMDAwMDAsImRlbGV0ZSI6MTIwMDAwMDAwMDAwMCwidXBkYXRlIjo2MDAwMDAwMDAwMDB9LCJzY2hlbWFfdmVyc2lvbiI6IjEifQ==",
          "dependencies": [
            "aws_iam_instance_profile.app_instance_profile",
            "aws_iam_role.app_iam_role",
            "aws_key_pair.generated_key",
            "aws_security_group.PAYOL_SG",
            "aws_subnet.PRI2_PRIVATE_SUBNET",
            "aws_vpc.PAYOL_1_VPC",
            "tls_private_key.app_private_key"
          ]
        }
      ]
    },
    {
      "mode": "managed",
      "type": "aws_internet_gateway",
      "name": "PAYOL_IGW",
      "provider": "provider.aws",
      "instances": [
        {
          "schema_version": 0,
          "attributes": {
            "id": "igw-0e4f9a0f3b0d7a502",
            "owner_id": "724852356535",
            "tags": {
              "Name": "PAYOL-IGW"
            },
            "vpc_id": "vpc-093ed5eaf4fb687f5"
          },
          "private": "bnVsbA==",
          "dependencies": [
            "aws_vpc.PAYOL_1_VPC"
          ]
        }
      ]
    },
    {
      "mode": "managed",
      "type": "aws_key_pair",
      "name": "generated_key",
      "provider": "provider.aws",
      "instances": [
        {
          "schema_version": 1,
          "attributes": {
            "fingerprint": "8d:73:b0:8b:12:2f:f1:23:81:02:04:eb:e1:6e:b1:45",
            "id": "APP-KEY",
            "key_name": "APP-KEY",
            "key_name_prefix": null,
            "key_pair_id": "key-0dffb4c4a0ce180f4",
            "public_key": "ssh-rsa AAAAB3NzaC1yc2EAAAADAQABAAACAQDVFDjQOwkoR4+h/RPsL16vU4BaLJvSfOz9s7p6sC0/HF0Ulq8daj2S8QzybvDKzf9BBsRaysnWMLVlyxsKEg4HpbK3GBVd8/vczAmv5cV/a0DBgyvdkA6AdW4F6lLzyzQHGHHDph3534jie1TIGIwsjrZpXVEUN7qQM/XFb0ix8lOQXojDVIeogBUUe+5UfW5ZBQEEHjeFk9lIPiQoxy47BqP+oQ7YyCEQGscR2CL6zyHfhfEt/dCbLugIex1xm9ihZfGjedaGGzo6rN8+C05Kbt/6/bjoaBrm9i3uYRbbxi+w3RT8gq6M4X5U0EdOKpijzFkwbVyOkV2tMEuybLk2d+yNUhwtzqCsiA5pShpljNWVYgy9AIEpPpz8jHVb7ADXVyqOgVR39vS+rb7GgMpg3tnlrSLnmy8UKlTxukScdMDwSPyskzJBtLG2izbgmubRDUBowWl4QWnp/DYzrjjEoA42e/2aZI3mTnq3XdI8NPuEJPEx5CvL780kjQnoEGDOUg5vFhu5CGQZ46LHXXeQq1jBj6/S65eq1CUjw/AuSXtr85f+/qChWb/4vRGgQVEGC2KLkl/n91dtb0xZVKamn3+oZ6HLtBjW8Fh4SnELaea9tHcaHF7d8clQzhrVUlPRuKuLLxRJvonY/FFMBuZ53mCo9NTQQms6Yixn9Qm7pw==",
            "tags": null
          },
          "private": "eyJzY2hlbWFfdmVyc2lvbiI6IjEifQ==",
          "dependencies": [
            "tls_private_key.app_private_key"
          ]
        }
      ]
    },
    {
      "mode": "managed",
      "type": "aws_launch_configuration",
      "name": "UBUNTU_launch_conf",
      "provider": "provider.aws",
      "instances": [
        {
          "schema_version": 0,
          "attributes": {
            "arn": "arn:aws:autoscaling:eu-west-3:724852356535:launchConfiguration:4a2134aa-dc87-4fee-9b43-e33b794a2fb0:launchConfigurationName/UBUNTU-APP-LC20200531160359490600000004",
            "associate_public_ip_address": true,
            "ebs_block_device": [],
            "ebs_optimized": false,
            "enable_monitoring": true,
            "ephemeral_block_device": [],
            "iam_instance_profile": "PAYOL-INSTANCE-PROFILE",
            "id": "UBUNTU-APP-LC20200531160359490600000004",
            "image_id": "ami-08c757228751c5335",
            "instance_type": "t2.micro",
            "key_name": "APP-KEY",
            "name": "UBUNTU-APP-LC20200531160359490600000004",
            "name_prefix": "UBUNTU-APP-LC",
            "placement_tenancy": null,
            "root_block_device": [
              {
                "delete_on_termination": true,
                "encrypted": false,
                "iops": 0,
                "volume_size": 60,
                "volume_type": "gp2"
              }
            ],
            "security_groups": [
              "sg-01c9da9e5c076ff2a",
              "sg-0da62884fc493d4e0"
            ],
            "spot_price": "",
            "user_data": "86cd93739c957f559182e7d6052388d6866917b4",
            "user_data_base64": null,
            "vpc_classic_link_id": "",
            "vpc_classic_link_security_groups": null
          },
          "private": "bnVsbA==",
          "dependencies": [
            "aws_iam_instance_profile.app_instance_profile",
            "aws_iam_role.app_iam_role",
            "aws_key_pair.generated_key",
            "aws_security_group.GATE_OL_SG",
            "aws_security_group.PAYOL_SG",
            "aws_vpc.PAYOL_1_VPC",
            "tls_private_key.app_private_key"
          ]
        }
      ]
    },
    {
      "mode": "managed",
      "type": "aws_launch_configuration",
      "name": "WIN16_launch_conf",
      "provider": "provider.aws",
      "instances": [
        {
          "schema_version": 0,
          "attributes": {
            "arn": "arn:aws:autoscaling:eu-west-3:724852356535:launchConfiguration:3d503dd6-6535-41b6-99b3-f2be3bec55bc:launchConfigurationName/WIN2016-APP-LC20200531160356412600000003",
            "associate_public_ip_address": true,
            "ebs_block_device": [],
            "ebs_optimized": false,
            "enable_monitoring": true,
            "ephemeral_block_device": [],
            "iam_instance_profile": "PAYOL-INSTANCE-PROFILE",
            "id": "WIN2016-APP-LC20200531160356412600000003",
            "image_id": "ami-08f9a552e55285f32",
            "instance_type": "t2.micro",
            "key_name": "APP-KEY",
            "name": "WIN2016-APP-LC20200531160356412600000003",
            "name_prefix": "WIN2016-APP-LC",
            "placement_tenancy": null,
            "root_block_device": [
              {
                "delete_on_termination": true,
                "encrypted": false,
                "iops": 0,
                "volume_size": 60,
                "volume_type": "gp2"
              }
            ],
            "security_groups": [
              "sg-01c9da9e5c076ff2a",
              "sg-0da62884fc493d4e0"
            ],
            "spot_price": "",
            "user_data": "8e25bc98134d96fbcb7ac6fd2c0c85a3760ab1d2",
            "user_data_base64": null,
            "vpc_classic_link_id": "",
            "vpc_classic_link_security_groups": null
          },
          "private": "bnVsbA==",
          "dependencies": [
            "aws_iam_instance_profile.app_instance_profile",
            "aws_iam_role.app_iam_role",
            "aws_key_pair.generated_key",
            "aws_security_group.GATE_OL_SG",
            "aws_security_group.PAYOL_SG",
            "aws_vpc.PAYOL_1_VPC",
            "tls_private_key.app_private_key"
          ]
        }
      ]
    },
    {
      "mode": "managed",
      "type": "aws_lb",
      "name": "GPI_alb",
      "provider": "provider.aws",
      "instances": [
        {
          "schema_version": 0,
          "attributes": {
            "access_logs": [
              {
                "bucket": "",
                "enabled": false,
                "prefix": ""
              }
            ],
            "arn": "arn:aws:elasticloadbalancing:eu-west-3:724852356535:loadbalancer/app/GPI-ALB/30f7ea8a3fadf0eb",
            "arn_suffix": "app/GPI-ALB/30f7ea8a3fadf0eb",
            "dns_name": "internal-GPI-ALB-1460490086.eu-west-3.elb.amazonaws.com",
            "drop_invalid_header_fields": false,
            "enable_cross_zone_load_balancing": null,
            "enable_deletion_protection": false,
            "enable_http2": true,
            "id": "arn:aws:elasticloadbalancing:eu-west-3:724852356535:loadbalancer/app/GPI-ALB/30f7ea8a3fadf0eb",
            "idle_timeout": 600,
            "internal": true,
            "ip_address_type": "ipv4",
            "load_balancer_type": "application",
            "name": "GPI-ALB",
            "name_prefix": null,
            "security_groups": [
              "sg-04eb1c11e980dcb07"
            ],
            "subnet_mapping": [
              {
                "allocation_id": "",
                "subnet_id": "subnet-0083fa700644be3a8"
              },
              {
                "allocation_id": "",
                "subnet_id": "subnet-06529a9c40b3b9eeb"
              }
            ],
            "subnets": [
              "subnet-0083fa700644be3a8",
              "subnet-06529a9c40b3b9eeb"
            ],
            "tags": {
              "Name": "GPI-ALB"
            },
            "timeouts": null,
            "vpc_id": "vpc-093ed5eaf4fb687f5",
            "zone_id": "Z3Q77PNBQS71R4"
          },
          "private": "eyJlMmJmYjczMC1lY2FhLTExZTYtOGY4OC0zNDM2M2JjN2M0YzAiOnsiY3JlYXRlIjo2MDAwMDAwMDAwMDAsImRlbGV0ZSI6NjAwMDAwMDAwMDAwLCJ1cGRhdGUiOjYwMDAwMDAwMDAwMH19",
          "dependencies": [
            "aws_security_group.GPI_ALB_SG",
            "aws_subnet.GPI1_PRIVATE_SUBNET",
            "aws_subnet.GPI2_PRIVATE_SUBNET",
            "aws_vpc.PAYOL_1_VPC"
          ]
        }
      ]
    },
    {
      "mode": "managed",
      "type": "aws_lb",
      "name": "INST_alb",
      "provider": "provider.aws",
      "instances": [
        {
          "schema_version": 0,
          "attributes": {
            "access_logs": [
              {
                "bucket": "",
                "enabled": false,
                "prefix": ""
              }
            ],
            "arn": "arn:aws:elasticloadbalancing:eu-west-3:724852356535:loadbalancer/app/INST-ALB/b5620b8095b76273",
            "arn_suffix": "app/INST-ALB/b5620b8095b76273",
            "dns_name": "internal-INST-ALB-2139717545.eu-west-3.elb.amazonaws.com",
            "drop_invalid_header_fields": false,
            "enable_cross_zone_load_balancing": null,
            "enable_deletion_protection": false,
            "enable_http2": true,
            "id": "arn:aws:elasticloadbalancing:eu-west-3:724852356535:loadbalancer/app/INST-ALB/b5620b8095b76273",
            "idle_timeout": 600,
            "internal": true,
            "ip_address_type": "ipv4",
            "load_balancer_type": "application",
            "name": "INST-ALB",
            "name_prefix": null,
            "security_groups": [
              "sg-009ccd35d4c8da20e"
            ],
            "subnet_mapping": [
              {
                "allocation_id": "",
                "subnet_id": "subnet-0344fea08de31b558"
              },
              {
                "allocation_id": "",
                "subnet_id": "subnet-0a6441fb5141e94bb"
              }
            ],
            "subnets": [
              "subnet-0344fea08de31b558",
              "subnet-0a6441fb5141e94bb"
            ],
            "tags": {
              "Name": "INST-ALB"
            },
            "timeouts": null,
            "vpc_id": "vpc-093ed5eaf4fb687f5",
            "zone_id": "Z3Q77PNBQS71R4"
          },
          "private": "eyJlMmJmYjczMC1lY2FhLTExZTYtOGY4OC0zNDM2M2JjN2M0YzAiOnsiY3JlYXRlIjo2MDAwMDAwMDAwMDAsImRlbGV0ZSI6NjAwMDAwMDAwMDAwLCJ1cGRhdGUiOjYwMDAwMDAwMDAwMH19",
          "dependencies": [
            "aws_security_group.INST_ALB_SG",
            "aws_subnet.INST1_PRIVATE_SUBNET",
            "aws_subnet.INST2_PRIVATE_SUBNET",
            "aws_vpc.PAYOL_1_VPC"
          ]
        }
      ]
    },
    {
      "mode": "managed",
      "type": "aws_lb",
      "name": "ISO_alb",
      "provider": "provider.aws",
      "instances": [
        {
          "schema_version": 0,
          "attributes": {
            "access_logs": [
              {
                "bucket": "",
                "enabled": false,
                "prefix": ""
              }
            ],
            "arn": "arn:aws:elasticloadbalancing:eu-west-3:724852356535:loadbalancer/app/ISO-ALB/15e49903705a8edd",
            "arn_suffix": "app/ISO-ALB/15e49903705a8edd",
            "dns_name": "internal-ISO-ALB-1717407868.eu-west-3.elb.amazonaws.com",
            "drop_invalid_header_fields": false,
            "enable_cross_zone_load_balancing": null,
            "enable_deletion_protection": false,
            "enable_http2": true,
            "id": "arn:aws:elasticloadbalancing:eu-west-3:724852356535:loadbalancer/app/ISO-ALB/15e49903705a8edd",
            "idle_timeout": 600,
            "internal": true,
            "ip_address_type": "ipv4",
            "load_balancer_type": "application",
            "name": "ISO-ALB",
            "name_prefix": null,
            "security_groups": [
              "sg-021ea2a3a9d582017"
            ],
            "subnet_mapping": [
              {
                "allocation_id": "",
                "subnet_id": "subnet-096e4664108c86d44"
              },
              {
                "allocation_id": "",
                "subnet_id": "subnet-0b77c315cbe4ac6d9"
              }
            ],
            "subnets": [
              "subnet-096e4664108c86d44",
              "subnet-0b77c315cbe4ac6d9"
            ],
            "tags": {
              "Name": "ISO-ALB"
            },
            "timeouts": null,
            "vpc_id": "vpc-093ed5eaf4fb687f5",
            "zone_id": "Z3Q77PNBQS71R4"
          },
          "private": "eyJlMmJmYjczMC1lY2FhLTExZTYtOGY4OC0zNDM2M2JjN2M0YzAiOnsiY3JlYXRlIjo2MDAwMDAwMDAwMDAsImRlbGV0ZSI6NjAwMDAwMDAwMDAwLCJ1cGRhdGUiOjYwMDAwMDAwMDAwMH19",
          "dependencies": [
            "aws_security_group.ISO_ALB_SG",
            "aws_subnet.ISO1_PRIVATE_SUBNET",
            "aws_subnet.ISO2_PRIVATE_SUBNET",
            "aws_vpc.PAYOL_1_VPC"
          ]
        }
      ]
    },
    {
      "mode": "managed",
      "type": "aws_lb",
      "name": "PRI_alb",
      "provider": "provider.aws",
      "instances": [
        {
          "schema_version": 0,
          "attributes": {
            "access_logs": [
              {
                "bucket": "",
                "enabled": false,
                "prefix": ""
              }
            ],
            "arn": "arn:aws:elasticloadbalancing:eu-west-3:724852356535:loadbalancer/app/PRI-ALB/65c04bc310f43649",
            "arn_suffix": "app/PRI-ALB/65c04bc310f43649",
            "dns_name": "internal-PRI-ALB-2044989835.eu-west-3.elb.amazonaws.com",
            "drop_invalid_header_fields": false,
            "enable_cross_zone_load_balancing": null,
            "enable_deletion_protection": false,
            "enable_http2": true,
            "id": "arn:aws:elasticloadbalancing:eu-west-3:724852356535:loadbalancer/app/PRI-ALB/65c04bc310f43649",
            "idle_timeout": 600,
            "internal": true,
            "ip_address_type": "ipv4",
            "load_balancer_type": "application",
            "name": "PRI-ALB",
            "name_prefix": null,
            "security_groups": [
              "sg-0ea726647f06f72a7"
            ],
            "subnet_mapping": [
              {
                "allocation_id": "",
                "subnet_id": "subnet-04b96e968e40d16ca"
              },
              {
                "allocation_id": "",
                "subnet_id": "subnet-07fc1516ff4d7d444"
              }
            ],
            "subnets": [
              "subnet-04b96e968e40d16ca",
              "subnet-07fc1516ff4d7d444"
            ],
            "tags": {
              "Name": "PRI-ALB"
            },
            "timeouts": null,
            "vpc_id": "vpc-093ed5eaf4fb687f5",
            "zone_id": "Z3Q77PNBQS71R4"
          },
          "private": "eyJlMmJmYjczMC1lY2FhLTExZTYtOGY4OC0zNDM2M2JjN2M0YzAiOnsiY3JlYXRlIjo2MDAwMDAwMDAwMDAsImRlbGV0ZSI6NjAwMDAwMDAwMDAwLCJ1cGRhdGUiOjYwMDAwMDAwMDAwMH19",
          "dependencies": [
            "aws_security_group.PRI_ALB_SG",
            "aws_subnet.PRI1_PRIVATE_SUBNET",
            "aws_subnet.PRI2_PRIVATE_SUBNET",
            "aws_vpc.PAYOL_1_VPC"
          ]
        }
      ]
    },
    {
      "mode": "managed",
      "type": "aws_lb_listener",
      "name": "GPI_http_listener",
      "provider": "provider.aws",
      "instances": [
        {
          "schema_version": 0,
          "attributes": {
            "arn": "arn:aws:elasticloadbalancing:eu-west-3:724852356535:listener/app/GPI-ALB/30f7ea8a3fadf0eb/1c0fb949535ede10",
            "certificate_arn": null,
            "default_action": [
              {
                "authenticate_cognito": [],
                "authenticate_oidc": [],
                "fixed_response": [],
                "order": 1,
                "redirect": [],
                "target_group_arn": "arn:aws:elasticloadbalancing:eu-west-3:724852356535:targetgroup/GPI-LB-TG/2aae65d4609d13d3",
                "type": "forward"
              }
            ],
            "id": "arn:aws:elasticloadbalancing:eu-west-3:724852356535:listener/app/GPI-ALB/30f7ea8a3fadf0eb/1c0fb949535ede10",
            "load_balancer_arn": "arn:aws:elasticloadbalancing:eu-west-3:724852356535:loadbalancer/app/GPI-ALB/30f7ea8a3fadf0eb",
            "port": 80,
            "protocol": "HTTP",
            "ssl_policy": "",
            "timeouts": null
          },
          "private": "eyJlMmJmYjczMC1lY2FhLTExZTYtOGY4OC0zNDM2M2JjN2M0YzAiOnsicmVhZCI6NjAwMDAwMDAwMDAwfX0=",
          "dependencies": [
            "aws_lb.GPI_alb",
            "aws_lb_target_group.GPI_TG",
            "aws_security_group.GPI_ALB_SG",
            "aws_subnet.GPI1_PRIVATE_SUBNET",
            "aws_subnet.GPI2_PRIVATE_SUBNET",
            "aws_vpc.PAYOL_1_VPC"
          ]
        }
      ]
    },
    {
      "mode": "managed",
      "type": "aws_lb_listener",
      "name": "INST_http_listener",
      "provider": "provider.aws",
      "instances": [
        {
          "schema_version": 0,
          "attributes": {
            "arn": "arn:aws:elasticloadbalancing:eu-west-3:724852356535:listener/app/INST-ALB/b5620b8095b76273/ce42b36247790dc8",
            "certificate_arn": null,
            "default_action": [
              {
                "authenticate_cognito": [],
                "authenticate_oidc": [],
                "fixed_response": [],
                "order": 1,
                "redirect": [],
                "target_group_arn": "arn:aws:elasticloadbalancing:eu-west-3:724852356535:targetgroup/INST-LB-TG/cdcd7d1cc588567e",
                "type": "forward"
              }
            ],
            "id": "arn:aws:elasticloadbalancing:eu-west-3:724852356535:listener/app/INST-ALB/b5620b8095b76273/ce42b36247790dc8",
            "load_balancer_arn": "arn:aws:elasticloadbalancing:eu-west-3:724852356535:loadbalancer/app/INST-ALB/b5620b8095b76273",
            "port": 80,
            "protocol": "HTTP",
            "ssl_policy": "",
            "timeouts": null
          },
          "private": "eyJlMmJmYjczMC1lY2FhLTExZTYtOGY4OC0zNDM2M2JjN2M0YzAiOnsicmVhZCI6NjAwMDAwMDAwMDAwfX0=",
          "dependencies": [
            "aws_lb.INST_alb",
            "aws_lb_target_group.INST_TG",
            "aws_security_group.INST_ALB_SG",
            "aws_subnet.INST1_PRIVATE_SUBNET",
            "aws_subnet.INST2_PRIVATE_SUBNET",
            "aws_vpc.PAYOL_1_VPC"
          ]
        }
      ]
    },
    {
      "mode": "managed",
      "type": "aws_lb_listener",
      "name": "ISO_http_listener",
      "provider": "provider.aws",
      "instances": [
        {
          "schema_version": 0,
          "attributes": {
            "arn": "arn:aws:elasticloadbalancing:eu-west-3:724852356535:listener/app/ISO-ALB/15e49903705a8edd/e3ee117c592a4367",
            "certificate_arn": null,
            "default_action": [
              {
                "authenticate_cognito": [],
                "authenticate_oidc": [],
                "fixed_response": [],
                "order": 1,
                "redirect": [],
                "target_group_arn": "arn:aws:elasticloadbalancing:eu-west-3:724852356535:targetgroup/ISO-LB-TG/13123d1eddaafec3",
                "type": "forward"
              }
            ],
            "id": "arn:aws:elasticloadbalancing:eu-west-3:724852356535:listener/app/ISO-ALB/15e49903705a8edd/e3ee117c592a4367",
            "load_balancer_arn": "arn:aws:elasticloadbalancing:eu-west-3:724852356535:loadbalancer/app/ISO-ALB/15e49903705a8edd",
            "port": 80,
            "protocol": "HTTP",
            "ssl_policy": "",
            "timeouts": null
          },
          "private": "eyJlMmJmYjczMC1lY2FhLTExZTYtOGY4OC0zNDM2M2JjN2M0YzAiOnsicmVhZCI6NjAwMDAwMDAwMDAwfX0=",
          "dependencies": [
            "aws_lb.ISO_alb",
            "aws_lb_target_group.ISO_TG",
            "aws_security_group.ISO_ALB_SG",
            "aws_subnet.ISO1_PRIVATE_SUBNET",
            "aws_subnet.ISO2_PRIVATE_SUBNET",
            "aws_vpc.PAYOL_1_VPC"
          ]
        }
      ]
    },
    {
      "mode": "managed",
      "type": "aws_lb_listener",
      "name": "PRI_http_listener",
      "provider": "provider.aws",
      "instances": [
        {
          "schema_version": 0,
          "attributes": {
            "arn": "arn:aws:elasticloadbalancing:eu-west-3:724852356535:listener/app/PRI-ALB/65c04bc310f43649/4c3b1d0bc71f331a",
            "certificate_arn": null,
            "default_action": [
              {
                "authenticate_cognito": [],
                "authenticate_oidc": [],
                "fixed_response": [],
                "order": 1,
                "redirect": [],
                "target_group_arn": "arn:aws:elasticloadbalancing:eu-west-3:724852356535:targetgroup/PRI-LB-TG/c001389cd40b48b3",
                "type": "forward"
              }
            ],
            "id": "arn:aws:elasticloadbalancing:eu-west-3:724852356535:listener/app/PRI-ALB/65c04bc310f43649/4c3b1d0bc71f331a",
            "load_balancer_arn": "arn:aws:elasticloadbalancing:eu-west-3:724852356535:loadbalancer/app/PRI-ALB/65c04bc310f43649",
            "port": 80,
            "protocol": "HTTP",
            "ssl_policy": "",
            "timeouts": null
          },
          "private": "eyJlMmJmYjczMC1lY2FhLTExZTYtOGY4OC0zNDM2M2JjN2M0YzAiOnsicmVhZCI6NjAwMDAwMDAwMDAwfX0=",
          "dependencies": [
            "aws_lb.PRI_alb",
            "aws_lb_target_group.PRI_TG",
            "aws_security_group.PRI_ALB_SG",
            "aws_subnet.PRI1_PRIVATE_SUBNET",
            "aws_subnet.PRI2_PRIVATE_SUBNET",
            "aws_vpc.PAYOL_1_VPC"
          ]
        }
      ]
    },
    {
      "mode": "managed",
      "type": "aws_lb_target_group",
      "name": "GPI_TG",
      "provider": "provider.aws",
      "instances": [
        {
          "schema_version": 0,
          "attributes": {
            "arn": "arn:aws:elasticloadbalancing:eu-west-3:724852356535:targetgroup/GPI-LB-TG/2aae65d4609d13d3",
            "arn_suffix": "targetgroup/GPI-LB-TG/2aae65d4609d13d3",
            "deregistration_delay": 300,
            "health_check": [
              {
                "enabled": true,
                "healthy_threshold": 2,
                "interval": 30,
                "matcher": "200",
                "path": "/",
                "port": "traffic-port",
                "protocol": "HTTP",
                "timeout": 5,
                "unhealthy_threshold": 2
              }
            ],
            "id": "arn:aws:elasticloadbalancing:eu-west-3:724852356535:targetgroup/GPI-LB-TG/2aae65d4609d13d3",
            "lambda_multi_value_headers_enabled": false,
            "load_balancing_algorithm_type": "round_robin",
            "name": "GPI-LB-TG",
            "name_prefix": null,
            "port": 80,
            "protocol": "HTTP",
            "proxy_protocol_v2": false,
            "slow_start": 0,
            "stickiness": [
              {
                "cookie_duration": 86400,
                "enabled": false,
                "type": "lb_cookie"
              }
            ],
            "tags": {
              "Name": "GPI-LB-TG"
            },
            "target_type": "instance",
            "vpc_id": "vpc-093ed5eaf4fb687f5"
          },
          "private": "bnVsbA==",
          "dependencies": [
            "aws_vpc.PAYOL_1_VPC"
          ]
        }
      ]
    },
    {
      "mode": "managed",
      "type": "aws_lb_target_group",
      "name": "INST_TG",
      "provider": "provider.aws",
      "instances": [
        {
          "schema_version": 0,
          "attributes": {
            "arn": "arn:aws:elasticloadbalancing:eu-west-3:724852356535:targetgroup/INST-LB-TG/cdcd7d1cc588567e",
            "arn_suffix": "targetgroup/INST-LB-TG/cdcd7d1cc588567e",
            "deregistration_delay": 300,
            "health_check": [
              {
                "enabled": true,
                "healthy_threshold": 2,
                "interval": 30,
                "matcher": "200",
                "path": "/",
                "port": "traffic-port",
                "protocol": "HTTP",
                "timeout": 5,
                "unhealthy_threshold": 2
              }
            ],
            "id": "arn:aws:elasticloadbalancing:eu-west-3:724852356535:targetgroup/INST-LB-TG/cdcd7d1cc588567e",
            "lambda_multi_value_headers_enabled": false,
            "load_balancing_algorithm_type": "round_robin",
            "name": "INST-LB-TG",
            "name_prefix": null,
            "port": 80,
            "protocol": "HTTP",
            "proxy_protocol_v2": false,
            "slow_start": 0,
            "stickiness": [
              {
                "cookie_duration": 86400,
                "enabled": false,
                "type": "lb_cookie"
              }
            ],
            "tags": {
              "Name": "INST-LB-TG"
            },
            "target_type": "instance",
            "vpc_id": "vpc-093ed5eaf4fb687f5"
          },
          "private": "bnVsbA==",
          "dependencies": [
            "aws_vpc.PAYOL_1_VPC"
          ]
        }
      ]
    },
    {
      "mode": "managed",
      "type": "aws_lb_target_group",
      "name": "ISO_TG",
      "provider": "provider.aws",
      "instances": [
        {
          "schema_version": 0,
          "attributes": {
            "arn": "arn:aws:elasticloadbalancing:eu-west-3:724852356535:targetgroup/ISO-LB-TG/13123d1eddaafec3",
            "arn_suffix": "targetgroup/ISO-LB-TG/13123d1eddaafec3",
            "deregistration_delay": 300,
            "health_check": [
              {
                "enabled": true,
                "healthy_threshold": 2,
                "interval": 30,
                "matcher": "200",
                "path": "/",
                "port": "traffic-port",
                "protocol": "HTTP",
                "timeout": 5,
                "unhealthy_threshold": 2
              }
            ],
            "id": "arn:aws:elasticloadbalancing:eu-west-3:724852356535:targetgroup/ISO-LB-TG/13123d1eddaafec3",
            "lambda_multi_value_headers_enabled": false,
            "load_balancing_algorithm_type": "round_robin",
            "name": "ISO-LB-TG",
            "name_prefix": null,
            "port": 80,
            "protocol": "HTTP",
            "proxy_protocol_v2": false,
            "slow_start": 0,
            "stickiness": [
              {
                "cookie_duration": 86400,
                "enabled": false,
                "type": "lb_cookie"
              }
            ],
            "tags": {
              "Name": "ISO-LB-TG"
            },
            "target_type": "instance",
            "vpc_id": "vpc-093ed5eaf4fb687f5"
          },
          "private": "bnVsbA==",
          "dependencies": [
            "aws_vpc.PAYOL_1_VPC"
          ]
        }
      ]
    },
    {
      "mode": "managed",
      "type": "aws_lb_target_group",
      "name": "PRI_TG",
      "provider": "provider.aws",
      "instances": [
        {
          "schema_version": 0,
          "attributes": {
            "arn": "arn:aws:elasticloadbalancing:eu-west-3:724852356535:targetgroup/PRI-LB-TG/c001389cd40b48b3",
            "arn_suffix": "targetgroup/PRI-LB-TG/c001389cd40b48b3",
            "deregistration_delay": 300,
            "health_check": [
              {
                "enabled": true,
                "healthy_threshold": 2,
                "interval": 30,
                "matcher": "200",
                "path": "/",
                "port": "traffic-port",
                "protocol": "HTTP",
                "timeout": 5,
                "unhealthy_threshold": 2
              }
            ],
            "id": "arn:aws:elasticloadbalancing:eu-west-3:724852356535:targetgroup/PRI-LB-TG/c001389cd40b48b3",
            "lambda_multi_value_headers_enabled": false,
            "load_balancing_algorithm_type": "round_robin",
            "name": "PRI-LB-TG",
            "name_prefix": null,
            "port": 80,
            "protocol": "HTTP",
            "proxy_protocol_v2": false,
            "slow_start": 0,
            "stickiness": [
              {
                "cookie_duration": 86400,
                "enabled": false,
                "type": "lb_cookie"
              }
            ],
            "tags": {
              "Name": "PRI-LB-TG"
            },
            "target_type": "instance",
            "vpc_id": "vpc-093ed5eaf4fb687f5"
          },
          "private": "bnVsbA==",
          "dependencies": [
            "aws_vpc.PAYOL_1_VPC"
          ]
        }
      ]
    },
    {
      "mode": "managed",
      "type": "aws_network_acl",
      "name": "PRIV_1_NACL",
      "provider": "provider.aws",
      "instances": [
        {
          "schema_version": 0,
          "attributes": {
            "egress": [
              {
                "action": "allow",
                "cidr_block": "0.0.0.0/0",
                "from_port": 0,
                "icmp_code": null,
                "icmp_type": null,
                "ipv6_cidr_block": "",
                "protocol": "-1",
                "rule_no": 32005,
                "to_port": 0
              }
            ],
            "id": "acl-07884d76e27e52045",
            "ingress": [
              {
                "action": "allow",
                "cidr_block": "0.0.0.0/0",
                "from_port": 0,
                "icmp_code": null,
                "icmp_type": null,
                "ipv6_cidr_block": "",
                "protocol": "-1",
                "rule_no": 204,
                "to_port": 0
              },
              {
                "action": "allow",
                "cidr_block": "0.0.0.0/0",
                "from_port": 23,
                "icmp_code": null,
                "icmp_type": null,
                "ipv6_cidr_block": "",
                "protocol": "tcp",
                "rule_no": 200,
                "to_port": 23
              },
              {
                "action": "allow",
                "cidr_block": "0.0.0.0/0",
                "from_port": 3389,
                "icmp_code": null,
                "icmp_type": null,
                "ipv6_cidr_block": "",
                "protocol": "tcp",
                "rule_no": 202,
                "to_port": 3389
              },
              {
                "action": "allow",
                "cidr_block": "0.0.0.0/0",
                "from_port": 80,
                "icmp_code": null,
                "icmp_type": null,
                "ipv6_cidr_block": "",
                "protocol": "tcp",
                "rule_no": 201,
                "to_port": 80
              },
              {
                "action": "allow",
                "cidr_block": "88.22.118.201/32",
                "from_port": 0,
                "icmp_code": null,
                "icmp_type": null,
                "ipv6_cidr_block": "",
                "protocol": "tcp",
                "rule_no": 203,
                "to_port": 0
              }
            ],
            "owner_id": "724852356535",
            "subnet_id": null,
            "subnet_ids": [
              "subnet-0083fa700644be3a8",
              "subnet-0344fea08de31b558",
              "subnet-04b96e968e40d16ca",
              "subnet-06529a9c40b3b9eeb",
              "subnet-07fc1516ff4d7d444",
              "subnet-096e4664108c86d44",
              "subnet-0a6441fb5141e94bb",
              "subnet-0b77c315cbe4ac6d9"
            ],
            "tags": {
              "Name": "OL-NACL"
            },
            "vpc_id": "vpc-093ed5eaf4fb687f5"
          },
          "private": "bnVsbA==",
          "dependencies": [
            "aws_subnet.GPI1_PRIVATE_SUBNET",
            "aws_subnet.GPI2_PRIVATE_SUBNET",
            "aws_subnet.INST1_PRIVATE_SUBNET",
            "aws_subnet.INST2_PRIVATE_SUBNET",
            "aws_subnet.ISO1_PRIVATE_SUBNET",
            "aws_subnet.ISO2_PRIVATE_SUBNET",
            "aws_subnet.PRI1_PRIVATE_SUBNET",
            "aws_subnet.PRI2_PRIVATE_SUBNET",
            "aws_vpc.PAYOL_1_VPC"
          ]
        }
      ]
    },
    {
      "mode": "managed",
      "type": "aws_route_table",
      "name": "GPI1_PRIVATE_ROUTE",
      "provider": "provider.aws",
      "instances": [
        {
          "schema_version": 0,
          "attributes": {
            "id": "rtb-030d4937e7f24badc",
            "owner_id": "724852356535",
            "propagating_vgws": [],
            "route": [
              {
                "cidr_block": "0.0.0.0/0",
                "egress_only_gateway_id": "",
                "gateway_id": "igw-0e4f9a0f3b0d7a502",
                "instance_id": "",
                "ipv6_cidr_block": "",
                "nat_gateway_id": "",
                "network_interface_id": "",
                "transit_gateway_id": "",
                "vpc_peering_connection_id": ""
              }
            ],
            "tags": {
              "Name": "GPI1-PRIVATE-RT"
            },
            "vpc_id": "vpc-093ed5eaf4fb687f5"
          },
          "private": "bnVsbA==",
          "dependencies": [
            "aws_internet_gateway.PAYOL_IGW",
            "aws_vpc.PAYOL_1_VPC"
          ]
        }
      ]
    },
    {
      "mode": "managed",
      "type": "aws_route_table",
      "name": "GPI2_PRIVATE_ROUTE",
      "provider": "provider.aws",
      "instances": [
        {
          "schema_version": 0,
          "attributes": {
            "id": "rtb-082652cbdbad7dc4c",
            "owner_id": "724852356535",
            "propagating_vgws": [],
            "route": [
              {
                "cidr_block": "0.0.0.0/0",
                "egress_only_gateway_id": "",
                "gateway_id": "igw-0e4f9a0f3b0d7a502",
                "instance_id": "",
                "ipv6_cidr_block": "",
                "nat_gateway_id": "",
                "network_interface_id": "",
                "transit_gateway_id": "",
                "vpc_peering_connection_id": ""
              }
            ],
            "tags": {
              "Name": "GPI2-PRIVATE-RT"
            },
            "vpc_id": "vpc-093ed5eaf4fb687f5"
          },
          "private": "bnVsbA==",
          "dependencies": [
            "aws_internet_gateway.PAYOL_IGW",
            "aws_vpc.PAYOL_1_VPC"
          ]
        }
      ]
    },
    {
      "mode": "managed",
      "type": "aws_route_table",
      "name": "INST1_PRIVATE_ROUTE",
      "provider": "provider.aws",
      "instances": [
        {
          "schema_version": 0,
          "attributes": {
            "id": "rtb-01e0e28f628ed87a5",
            "owner_id": "724852356535",
            "propagating_vgws": [],
            "route": [
              {
                "cidr_block": "0.0.0.0/0",
                "egress_only_gateway_id": "",
                "gateway_id": "igw-0e4f9a0f3b0d7a502",
                "instance_id": "",
                "ipv6_cidr_block": "",
                "nat_gateway_id": "",
                "network_interface_id": "",
                "transit_gateway_id": "",
                "vpc_peering_connection_id": ""
              }
            ],
            "tags": {
              "Name": "INST1-PUBLIC-RT"
            },
            "vpc_id": "vpc-093ed5eaf4fb687f5"
          },
          "private": "bnVsbA==",
          "dependencies": [
            "aws_internet_gateway.PAYOL_IGW",
            "aws_vpc.PAYOL_1_VPC"
          ]
        }
      ]
    },
    {
      "mode": "managed",
      "type": "aws_route_table",
      "name": "INST2_PRIVATE_ROUTE",
      "provider": "provider.aws",
      "instances": [
        {
          "schema_version": 0,
          "attributes": {
            "id": "rtb-0cc65ab51b723141a",
            "owner_id": "724852356535",
            "propagating_vgws": [],
            "route": [
              {
                "cidr_block": "0.0.0.0/0",
                "egress_only_gateway_id": "",
                "gateway_id": "igw-0e4f9a0f3b0d7a502",
                "instance_id": "",
                "ipv6_cidr_block": "",
                "nat_gateway_id": "",
                "network_interface_id": "",
                "transit_gateway_id": "",
                "vpc_peering_connection_id": ""
              }
            ],
            "tags": {
              "Name": "INST2-PRIVATE-RT"
            },
            "vpc_id": "vpc-093ed5eaf4fb687f5"
          },
          "private": "bnVsbA==",
          "dependencies": [
            "aws_internet_gateway.PAYOL_IGW",
            "aws_vpc.PAYOL_1_VPC"
          ]
        }
      ]
    },
    {
      "mode": "managed",
      "type": "aws_route_table",
      "name": "ISO1_PRIVATE_ROUTE",
      "provider": "provider.aws",
      "instances": [
        {
          "schema_version": 0,
          "attributes": {
            "id": "rtb-0280dfea767c3a370",
            "owner_id": "724852356535",
            "propagating_vgws": [],
            "route": [
              {
                "cidr_block": "0.0.0.0/0",
                "egress_only_gateway_id": "",
                "gateway_id": "igw-0e4f9a0f3b0d7a502",
                "instance_id": "",
                "ipv6_cidr_block": "",
                "nat_gateway_id": "",
                "network_interface_id": "",
                "transit_gateway_id": "",
                "vpc_peering_connection_id": ""
              }
            ],
            "tags": {
              "Name": "ISO1-PUBLIC-RT"
            },
            "vpc_id": "vpc-093ed5eaf4fb687f5"
          },
          "private": "bnVsbA==",
          "dependencies": [
            "aws_internet_gateway.PAYOL_IGW",
            "aws_vpc.PAYOL_1_VPC"
          ]
        }
      ]
    },
    {
      "mode": "managed",
      "type": "aws_route_table",
      "name": "ISO2_PRIVATE_ROUTE",
      "provider": "provider.aws",
      "instances": [
        {
          "schema_version": 0,
          "attributes": {
            "id": "rtb-04521d45476aece9b",
            "owner_id": "724852356535",
            "propagating_vgws": [],
            "route": [
              {
                "cidr_block": "0.0.0.0/0",
                "egress_only_gateway_id": "",
                "gateway_id": "igw-0e4f9a0f3b0d7a502",
                "instance_id": "",
                "ipv6_cidr_block": "",
                "nat_gateway_id": "",
                "network_interface_id": "",
                "transit_gateway_id": "",
                "vpc_peering_connection_id": ""
              }
            ],
            "tags": {
              "Name": "ISO2-PRIVATE-RT"
            },
            "vpc_id": "vpc-093ed5eaf4fb687f5"
          },
          "private": "bnVsbA==",
          "dependencies": [
            "aws_internet_gateway.PAYOL_IGW",
            "aws_vpc.PAYOL_1_VPC"
          ]
        }
      ]
    },
    {
      "mode": "managed",
      "type": "aws_route_table",
      "name": "PRI1_PRIVATE_ROUTE",
      "provider": "provider.aws",
      "instances": [
        {
          "schema_version": 0,
          "attributes": {
            "id": "rtb-06c4569c1c7c2e012",
            "owner_id": "724852356535",
            "propagating_vgws": [],
            "route": [
              {
                "cidr_block": "0.0.0.0/0",
                "egress_only_gateway_id": "",
                "gateway_id": "igw-0e4f9a0f3b0d7a502",
                "instance_id": "",
                "ipv6_cidr_block": "",
                "nat_gateway_id": "",
                "network_interface_id": "",
                "transit_gateway_id": "",
                "vpc_peering_connection_id": ""
              }
            ],
            "tags": {
              "Name": "PRI1-PRIVATE-RT"
            },
            "vpc_id": "vpc-093ed5eaf4fb687f5"
          },
          "private": "bnVsbA==",
          "dependencies": [
            "aws_internet_gateway.PAYOL_IGW",
            "aws_vpc.PAYOL_1_VPC"
          ]
        }
      ]
    },
    {
      "mode": "managed",
      "type": "aws_route_table",
      "name": "PRI2_PRIVATE_ROUTE",
      "provider": "provider.aws",
      "instances": [
        {
          "schema_version": 0,
          "attributes": {
            "id": "rtb-010e57ff269c8f48d",
            "owner_id": "724852356535",
            "propagating_vgws": [],
            "route": [
              {
                "cidr_block": "0.0.0.0/0",
                "egress_only_gateway_id": "",
                "gateway_id": "igw-0e4f9a0f3b0d7a502",
                "instance_id": "",
                "ipv6_cidr_block": "",
                "nat_gateway_id": "",
                "network_interface_id": "",
                "transit_gateway_id": "",
                "vpc_peering_connection_id": ""
              }
            ],
            "tags": {
              "Name": "PRI2-PRIVATE-RT"
            },
            "vpc_id": "vpc-093ed5eaf4fb687f5"
          },
          "private": "bnVsbA==",
          "dependencies": [
            "aws_internet_gateway.PAYOL_IGW",
            "aws_vpc.PAYOL_1_VPC"
          ]
        }
      ]
    },
    {
      "mode": "managed",
      "type": "aws_route_table_association",
      "name": "GPI1_PRIVATE_ASSO",
      "provider": "provider.aws",
      "instances": [
        {
          "schema_version": 0,
          "attributes": {
            "gateway_id": null,
            "id": "rtbassoc-014bf6fcb01b746c6",
            "route_table_id": "rtb-030d4937e7f24badc",
            "subnet_id": "subnet-0083fa700644be3a8"
          },
          "private": "bnVsbA==",
          "dependencies": [
            "aws_internet_gateway.PAYOL_IGW",
            "aws_route_table.GPI1_PRIVATE_ROUTE",
            "aws_subnet.GPI1_PRIVATE_SUBNET",
            "aws_vpc.PAYOL_1_VPC"
          ]
        }
      ]
    },
    {
      "mode": "managed",
      "type": "aws_route_table_association",
      "name": "GPI2_PRIVATE_ASSO",
      "provider": "provider.aws",
      "instances": [
        {
          "schema_version": 0,
          "attributes": {
            "gateway_id": null,
            "id": "rtbassoc-0aca5c2dadac0dd8f",
            "route_table_id": "rtb-082652cbdbad7dc4c",
            "subnet_id": "subnet-06529a9c40b3b9eeb"
          },
          "private": "bnVsbA==",
          "dependencies": [
            "aws_internet_gateway.PAYOL_IGW",
            "aws_route_table.GPI2_PRIVATE_ROUTE",
            "aws_subnet.GPI2_PRIVATE_SUBNET",
            "aws_vpc.PAYOL_1_VPC"
          ]
        }
      ]
    },
    {
      "mode": "managed",
      "type": "aws_route_table_association",
      "name": "INST1_PRIVATE_ASSO",
      "provider": "provider.aws",
      "instances": [
        {
          "schema_version": 0,
          "attributes": {
            "gateway_id": null,
            "id": "rtbassoc-020dd3e52d5a44741",
            "route_table_id": "rtb-01e0e28f628ed87a5",
            "subnet_id": "subnet-0344fea08de31b558"
          },
          "private": "bnVsbA==",
          "dependencies": [
            "aws_internet_gateway.PAYOL_IGW",
            "aws_route_table.INST1_PRIVATE_ROUTE",
            "aws_subnet.INST1_PRIVATE_SUBNET",
            "aws_vpc.PAYOL_1_VPC"
          ]
        }
      ]
    },
    {
      "mode": "managed",
      "type": "aws_route_table_association",
      "name": "INST2_PRIVATE_ASSO",
      "provider": "provider.aws",
      "instances": [
        {
          "schema_version": 0,
          "attributes": {
            "gateway_id": null,
            "id": "rtbassoc-09c019fb1dce9d914",
            "route_table_id": "rtb-0cc65ab51b723141a",
            "subnet_id": "subnet-0a6441fb5141e94bb"
          },
          "private": "bnVsbA==",
          "dependencies": [
            "aws_internet_gateway.PAYOL_IGW",
            "aws_route_table.INST2_PRIVATE_ROUTE",
            "aws_subnet.INST2_PRIVATE_SUBNET",
            "aws_vpc.PAYOL_1_VPC"
          ]
        }
      ]
    },
    {
      "mode": "managed",
      "type": "aws_route_table_association",
      "name": "ISO1_PRIVATE_ASSO",
      "provider": "provider.aws",
      "instances": [
        {
          "schema_version": 0,
          "attributes": {
            "gateway_id": null,
            "id": "rtbassoc-00578d4a62b212e3c",
            "route_table_id": "rtb-0280dfea767c3a370",
            "subnet_id": "subnet-0b77c315cbe4ac6d9"
          },
          "private": "bnVsbA==",
          "dependencies": [
            "aws_internet_gateway.PAYOL_IGW",
            "aws_route_table.ISO1_PRIVATE_ROUTE",
            "aws_subnet.ISO1_PRIVATE_SUBNET",
            "aws_vpc.PAYOL_1_VPC"
          ]
        }
      ]
    },
    {
      "mode": "managed",
      "type": "aws_route_table_association",
      "name": "ISO2_PRIVATE_ASSO",
      "provider": "provider.aws",
      "instances": [
        {
          "schema_version": 0,
          "attributes": {
            "gateway_id": null,
            "id": "rtbassoc-05e6822642833e0f2",
            "route_table_id": "rtb-04521d45476aece9b",
            "subnet_id": "subnet-096e4664108c86d44"
          },
          "private": "bnVsbA==",
          "dependencies": [
            "aws_internet_gateway.PAYOL_IGW",
            "aws_route_table.ISO2_PRIVATE_ROUTE",
            "aws_subnet.ISO2_PRIVATE_SUBNET",
            "aws_vpc.PAYOL_1_VPC"
          ]
        }
      ]
    },
    {
      "mode": "managed",
      "type": "aws_route_table_association",
      "name": "PRI1_PRIVATE_ASSO",
      "provider": "provider.aws",
      "instances": [
        {
          "schema_version": 0,
          "attributes": {
            "gateway_id": null,
            "id": "rtbassoc-0513be67e25285dad",
            "route_table_id": "rtb-06c4569c1c7c2e012",
            "subnet_id": "subnet-07fc1516ff4d7d444"
          },
          "private": "bnVsbA==",
          "dependencies": [
            "aws_internet_gateway.PAYOL_IGW",
            "aws_route_table.PRI1_PRIVATE_ROUTE",
            "aws_subnet.PRI1_PRIVATE_SUBNET",
            "aws_vpc.PAYOL_1_VPC"
          ]
        }
      ]
    },
    {
      "mode": "managed",
      "type": "aws_route_table_association",
      "name": "PRI2_PRIVATE_ASSO",
      "provider": "provider.aws",
      "instances": [
        {
          "schema_version": 0,
          "attributes": {
            "gateway_id": null,
            "id": "rtbassoc-050e923fdc7228bc0",
            "route_table_id": "rtb-010e57ff269c8f48d",
            "subnet_id": "subnet-04b96e968e40d16ca"
          },
          "private": "bnVsbA==",
          "dependencies": [
            "aws_internet_gateway.PAYOL_IGW",
            "aws_route_table.PRI2_PRIVATE_ROUTE",
            "aws_subnet.PRI2_PRIVATE_SUBNET",
            "aws_vpc.PAYOL_1_VPC"
          ]
        }
      ]
    },
    {
      "mode": "managed",
      "type": "aws_security_group",
      "name": "GATE_OL_SG",
      "provider": "provider.aws",
      "instances": [
        {
          "schema_version": 1,
          "attributes": {
            "arn": "arn:aws:ec2:eu-west-3:724852356535:security-group/sg-0da62884fc493d4e0",
            "description": "Managed by Terraform",
            "egress": [
              {
                "cidr_blocks": [
                  "0.0.0.0/0"
                ],
                "description": "",
                "from_port": 0,
                "ipv6_cidr_blocks": [],
                "prefix_list_ids": [],
                "protocol": "-1",
                "security_groups": [],
                "self": false,
                "to_port": 0
              }
            ],
            "id": "sg-0da62884fc493d4e0",
            "ingress": [
              {
                "cidr_blocks": [
                  "0.0.0.0/0"
                ],
                "description": "",
                "from_port": 22,
                "ipv6_cidr_blocks": [],
                "prefix_list_ids": [],
                "protocol": "tcp",
                "security_groups": [],
                "self": false,
                "to_port": 22
              },
              {
                "cidr_blocks": [
                  "0.0.0.0/0"
                ],
                "description": "",
                "from_port": 3389,
                "ipv6_cidr_blocks": [],
                "prefix_list_ids": [],
                "protocol": "tcp",
                "security_groups": [],
                "self": false,
                "to_port": 3389
              },
              {
                "cidr_blocks": [
                  "0.0.0.0/0"
                ],
                "description": "",
                "from_port": 80,
                "ipv6_cidr_blocks": [],
                "prefix_list_ids": [],
                "protocol": "tcp",
                "security_groups": [],
                "self": false,
                "to_port": 80
              },
              {
                "cidr_blocks": [
                  "10.12.0.0/16"
                ],
                "description": "",
                "from_port": 22,
                "ipv6_cidr_blocks": [],
                "prefix_list_ids": [],
                "protocol": "tcp",
                "security_groups": [],
                "self": false,
                "to_port": 22
              },
              {
                "cidr_blocks": [
                  "10.12.0.0/16"
                ],
                "description": "",
                "from_port": 3389,
                "ipv6_cidr_blocks": [],
                "prefix_list_ids": [],
                "protocol": "tcp",
                "security_groups": [],
                "self": false,
                "to_port": 3389
              },
              {
                "cidr_blocks": [
                  "10.12.0.0/16"
                ],
                "description": "",
                "from_port": 80,
                "ipv6_cidr_blocks": [],
                "prefix_list_ids": [],
                "protocol": "tcp",
                "security_groups": [],
                "self": false,
                "to_port": 80
              }
            ],
            "name": "GATE-SG",
            "name_prefix": null,
            "owner_id": "724852356535",
            "revoke_rules_on_delete": false,
            "tags": {
              "Name": "GATE-SG"
            },
            "timeouts": null,
            "vpc_id": "vpc-093ed5eaf4fb687f5"
          },
          "private": "eyJlMmJmYjczMC1lY2FhLTExZTYtOGY4OC0zNDM2M2JjN2M0YzAiOnsiY3JlYXRlIjo2MDAwMDAwMDAwMDAsImRlbGV0ZSI6NjAwMDAwMDAwMDAwfSwic2NoZW1hX3ZlcnNpb24iOiIxIn0=",
          "dependencies": [
            "aws_vpc.PAYOL_1_VPC"
          ]
        }
      ]
    },
    {
      "mode": "managed",
      "type": "aws_security_group",
      "name": "GPI_ALB_SG",
      "provider": "provider.aws",
      "instances": [
        {
          "schema_version": 1,
          "attributes": {
            "arn": "arn:aws:ec2:eu-west-3:724852356535:security-group/sg-04eb1c11e980dcb07",
            "description": "Managed by Terraform",
            "egress": [
              {
                "cidr_blocks": [],
                "description": "",
                "from_port": 0,
                "ipv6_cidr_blocks": [],
                "prefix_list_ids": [],
                "protocol": "-1",
                "security_groups": [],
                "self": false,
                "to_port": 0
              }
            ],
            "id": "sg-04eb1c11e980dcb07",
            "ingress": [
              {
                "cidr_blocks": [
                  "0.0.0.0/0"
                ],
                "description": "",
                "from_port": 22,
                "ipv6_cidr_blocks": [],
                "prefix_list_ids": [],
                "protocol": "tcp",
                "security_groups": [],
                "self": false,
                "to_port": 22
              },
              {
                "cidr_blocks": [
                  "0.0.0.0/0"
                ],
                "description": "",
                "from_port": 3389,
                "ipv6_cidr_blocks": [],
                "prefix_list_ids": [],
                "protocol": "tcp",
                "security_groups": [],
                "self": false,
                "to_port": 3389
              },
              {
                "cidr_blocks": [
                  "0.0.0.0/0"
                ],
                "description": "",
                "from_port": 80,
                "ipv6_cidr_blocks": [],
                "prefix_list_ids": [],
                "protocol": "tcp",
                "security_groups": [],
                "self": false,
                "to_port": 80
              }
            ],
            "name": "GPI_ALB_SG",
            "name_prefix": null,
            "owner_id": "724852356535",
            "revoke_rules_on_delete": false,
            "tags": {
              "Name": "GPI-ALB"
            },
            "timeouts": null,
            "vpc_id": "vpc-093ed5eaf4fb687f5"
          },
          "private": "eyJlMmJmYjczMC1lY2FhLTExZTYtOGY4OC0zNDM2M2JjN2M0YzAiOnsiY3JlYXRlIjo2MDAwMDAwMDAwMDAsImRlbGV0ZSI6NjAwMDAwMDAwMDAwfSwic2NoZW1hX3ZlcnNpb24iOiIxIn0=",
          "dependencies": [
            "aws_vpc.PAYOL_1_VPC"
          ]
        }
      ]
    },
    {
      "mode": "managed",
      "type": "aws_security_group",
      "name": "INST_ALB_SG",
      "provider": "provider.aws",
      "instances": [
        {
          "schema_version": 1,
          "attributes": {
            "arn": "arn:aws:ec2:eu-west-3:724852356535:security-group/sg-009ccd35d4c8da20e",
            "description": "Managed by Terraform",
            "egress": [
              {
                "cidr_blocks": [],
                "description": "",
                "from_port": 0,
                "ipv6_cidr_blocks": [],
                "prefix_list_ids": [],
                "protocol": "-1",
                "security_groups": [],
                "self": false,
                "to_port": 0
              }
            ],
            "id": "sg-009ccd35d4c8da20e",
            "ingress": [
              {
                "cidr_blocks": [
                  "0.0.0.0/0"
                ],
                "description": "",
                "from_port": 22,
                "ipv6_cidr_blocks": [],
                "prefix_list_ids": [],
                "protocol": "tcp",
                "security_groups": [],
                "self": false,
                "to_port": 22
              },
              {
                "cidr_blocks": [
                  "0.0.0.0/0"
                ],
                "description": "",
                "from_port": 3389,
                "ipv6_cidr_blocks": [],
                "prefix_list_ids": [],
                "protocol": "tcp",
                "security_groups": [],
                "self": false,
                "to_port": 3389
              },
              {
                "cidr_blocks": [
                  "0.0.0.0/0"
                ],
                "description": "",
                "from_port": 80,
                "ipv6_cidr_blocks": [],
                "prefix_list_ids": [],
                "protocol": "tcp",
                "security_groups": [],
                "self": false,
                "to_port": 80
              }
            ],
            "name": "INST_ALB_SG",
            "name_prefix": null,
            "owner_id": "724852356535",
            "revoke_rules_on_delete": false,
            "tags": {
              "Name": "ISO-ALB"
            },
            "timeouts": null,
            "vpc_id": "vpc-093ed5eaf4fb687f5"
          },
          "private": "eyJlMmJmYjczMC1lY2FhLTExZTYtOGY4OC0zNDM2M2JjN2M0YzAiOnsiY3JlYXRlIjo2MDAwMDAwMDAwMDAsImRlbGV0ZSI6NjAwMDAwMDAwMDAwfSwic2NoZW1hX3ZlcnNpb24iOiIxIn0=",
          "dependencies": [
            "aws_vpc.PAYOL_1_VPC"
          ]
        }
      ]
    },
    {
      "mode": "managed",
      "type": "aws_security_group",
      "name": "ISO_ALB_SG",
      "provider": "provider.aws",
      "instances": [
        {
          "schema_version": 1,
          "attributes": {
            "arn": "arn:aws:ec2:eu-west-3:724852356535:security-group/sg-021ea2a3a9d582017",
            "description": "Managed by Terraform",
            "egress": [
              {
                "cidr_blocks": [],
                "description": "",
                "from_port": 0,
                "ipv6_cidr_blocks": [],
                "prefix_list_ids": [],
                "protocol": "-1",
                "security_groups": [],
                "self": false,
                "to_port": 0
              }
            ],
            "id": "sg-021ea2a3a9d582017",
            "ingress": [
              {
                "cidr_blocks": [
                  "0.0.0.0/0"
                ],
                "description": "",
                "from_port": 22,
                "ipv6_cidr_blocks": [],
                "prefix_list_ids": [],
                "protocol": "tcp",
                "security_groups": [],
                "self": false,
                "to_port": 22
              },
              {
                "cidr_blocks": [
                  "0.0.0.0/0"
                ],
                "description": "",
                "from_port": 3389,
                "ipv6_cidr_blocks": [],
                "prefix_list_ids": [],
                "protocol": "tcp",
                "security_groups": [],
                "self": false,
                "to_port": 3389
              },
              {
                "cidr_blocks": [
                  "0.0.0.0/0"
                ],
                "description": "",
                "from_port": 80,
                "ipv6_cidr_blocks": [],
                "prefix_list_ids": [],
                "protocol": "tcp",
                "security_groups": [],
                "self": false,
                "to_port": 80
              }
            ],
            "name": "ISO_ALB_SG",
            "name_prefix": null,
            "owner_id": "724852356535",
            "revoke_rules_on_delete": false,
            "tags": {
              "Name": "ISO-ALB"
            },
            "timeouts": null,
            "vpc_id": "vpc-093ed5eaf4fb687f5"
          },
          "private": "eyJlMmJmYjczMC1lY2FhLTExZTYtOGY4OC0zNDM2M2JjN2M0YzAiOnsiY3JlYXRlIjo2MDAwMDAwMDAwMDAsImRlbGV0ZSI6NjAwMDAwMDAwMDAwfSwic2NoZW1hX3ZlcnNpb24iOiIxIn0=",
          "dependencies": [
            "aws_vpc.PAYOL_1_VPC"
          ]
        }
      ]
    },
    {
      "mode": "managed",
      "type": "aws_security_group",
      "name": "PAYOL_SG",
      "provider": "provider.aws",
      "instances": [
        {
          "schema_version": 1,
          "attributes": {
            "arn": "arn:aws:ec2:eu-west-3:724852356535:security-group/sg-01c9da9e5c076ff2a",
            "description": "Managed by Terraform",
            "egress": [
              {
                "cidr_blocks": [
                  "0.0.0.0/0"
                ],
                "description": "",
                "from_port": 0,
                "ipv6_cidr_blocks": [],
                "prefix_list_ids": [],
                "protocol": "-1",
                "security_groups": [],
                "self": false,
                "to_port": 0
              }
            ],
            "id": "sg-01c9da9e5c076ff2a",
            "ingress": [
              {
                "cidr_blocks": [
                  "0.0.0.0/0"
                ],
                "description": "",
                "from_port": 0,
                "ipv6_cidr_blocks": [],
                "prefix_list_ids": [],
                "protocol": "-1",
                "security_groups": [],
                "self": false,
                "to_port": 0
              },
              {
                "cidr_blocks": [
                  "0.0.0.0/0"
                ],
                "description": "",
                "from_port": 22,
                "ipv6_cidr_blocks": [],
                "prefix_list_ids": [],
                "protocol": "tcp",
                "security_groups": [],
                "self": false,
                "to_port": 22
              },
              {
                "cidr_blocks": [
                  "0.0.0.0/0"
                ],
                "description": "",
                "from_port": 3389,
                "ipv6_cidr_blocks": [],
                "prefix_list_ids": [],
                "protocol": "tcp",
                "security_groups": [],
                "self": false,
                "to_port": 3389
              },
              {
                "cidr_blocks": [
                  "0.0.0.0/0"
                ],
                "description": "",
                "from_port": 80,
                "ipv6_cidr_blocks": [],
                "prefix_list_ids": [],
                "protocol": "tcp",
                "security_groups": [],
                "self": false,
                "to_port": 80
              },
              {
                "cidr_blocks": [
                  "10.12.0.0/16"
                ],
                "description": "",
                "from_port": 22,
                "ipv6_cidr_blocks": [],
                "prefix_list_ids": [],
                "protocol": "tcp",
                "security_groups": [],
                "self": false,
                "to_port": 22
              },
              {
                "cidr_blocks": [
                  "10.12.0.0/16"
                ],
                "description": "",
                "from_port": 3389,
                "ipv6_cidr_blocks": [],
                "prefix_list_ids": [],
                "protocol": "tcp",
                "security_groups": [],
                "self": false,
                "to_port": 3389
              },
              {
                "cidr_blocks": [
                  "10.12.0.0/16"
                ],
                "description": "",
                "from_port": 80,
                "ipv6_cidr_blocks": [],
                "prefix_list_ids": [],
                "protocol": "tcp",
                "security_groups": [],
                "self": false,
                "to_port": 80
              }
            ],
            "name": "terraform-20200531160352334900000002",
            "name_prefix": null,
            "owner_id": "724852356535",
            "revoke_rules_on_delete": false,
            "tags": {
              "Name": "DIF-EFS"
            },
            "timeouts": null,
            "vpc_id": "vpc-093ed5eaf4fb687f5"
          },
          "private": "eyJlMmJmYjczMC1lY2FhLTExZTYtOGY4OC0zNDM2M2JjN2M0YzAiOnsiY3JlYXRlIjo2MDAwMDAwMDAwMDAsImRlbGV0ZSI6NjAwMDAwMDAwMDAwfSwic2NoZW1hX3ZlcnNpb24iOiIxIn0=",
          "dependencies": [
            "aws_vpc.PAYOL_1_VPC"
          ]
        }
      ]
    },
    {
      "mode": "managed",
      "type": "aws_security_group",
      "name": "PRI_ALB_SG",
      "provider": "provider.aws",
      "instances": [
        {
          "schema_version": 1,
          "attributes": {
            "arn": "arn:aws:ec2:eu-west-3:724852356535:security-group/sg-0ea726647f06f72a7",
            "description": "Managed by Terraform",
            "egress": [
              {
                "cidr_blocks": [],
                "description": "",
                "from_port": 0,
                "ipv6_cidr_blocks": [],
                "prefix_list_ids": [],
                "protocol": "-1",
                "security_groups": [],
                "self": false,
                "to_port": 0
              }
            ],
            "id": "sg-0ea726647f06f72a7",
            "ingress": [
              {
                "cidr_blocks": [
                  "0.0.0.0/0"
                ],
                "description": "",
                "from_port": 0,
                "ipv6_cidr_blocks": [],
                "prefix_list_ids": [],
                "protocol": "-1",
                "security_groups": [],
                "self": false,
                "to_port": 0
              },
              {
                "cidr_blocks": [
                  "0.0.0.0/0"
                ],
                "description": "",
                "from_port": 22,
                "ipv6_cidr_blocks": [],
                "prefix_list_ids": [],
                "protocol": "tcp",
                "security_groups": [],
                "self": false,
                "to_port": 22
              },
              {
                "cidr_blocks": [
                  "0.0.0.0/0"
                ],
                "description": "",
                "from_port": 3389,
                "ipv6_cidr_blocks": [],
                "prefix_list_ids": [],
                "protocol": "tcp",
                "security_groups": [],
                "self": false,
                "to_port": 3389
              },
              {
                "cidr_blocks": [
                  "0.0.0.0/0"
                ],
                "description": "",
                "from_port": 80,
                "ipv6_cidr_blocks": [],
                "prefix_list_ids": [],
                "protocol": "tcp",
                "security_groups": [],
                "self": false,
                "to_port": 80
              }
            ],
            "name": "PRI_ALB_SG",
            "name_prefix": null,
            "owner_id": "724852356535",
            "revoke_rules_on_delete": false,
            "tags": {
              "Name": "PRI-ALB"
            },
            "timeouts": null,
            "vpc_id": "vpc-093ed5eaf4fb687f5"
          },
          "private": "eyJlMmJmYjczMC1lY2FhLTExZTYtOGY4OC0zNDM2M2JjN2M0YzAiOnsiY3JlYXRlIjo2MDAwMDAwMDAwMDAsImRlbGV0ZSI6NjAwMDAwMDAwMDAwfSwic2NoZW1hX3ZlcnNpb24iOiIxIn0=",
          "dependencies": [
            "aws_vpc.PAYOL_1_VPC"
          ]
        }
      ]
    },
    {
      "mode": "managed",
      "type": "aws_subnet",
      "name": "GPI1_PRIVATE_SUBNET",
      "provider": "provider.aws",
      "instances": [
        {
          "schema_version": 1,
          "attributes": {
            "arn": "arn:aws:ec2:eu-west-3:724852356535:subnet/subnet-0083fa700644be3a8",
            "assign_ipv6_address_on_creation": false,
            "availability_zone": "eu-west-3a",
            "availability_zone_id": "euw3-az1",
            "cidr_block": "10.12.3.0/25",
            "id": "subnet-0083fa700644be3a8",
            "ipv6_cidr_block": "",
            "ipv6_cidr_block_association_id": "",
            "map_public_ip_on_launch": true,
            "outpost_arn": "",
            "owner_id": "724852356535",
            "tags": {
              "Name": "GPI1-PRIV-SUBNET-AZ"
            },
            "timeouts": null,
            "vpc_id": "vpc-093ed5eaf4fb687f5"
          },
          "private": "eyJlMmJmYjczMC1lY2FhLTExZTYtOGY4OC0zNDM2M2JjN2M0YzAiOnsiY3JlYXRlIjo2MDAwMDAwMDAwMDAsImRlbGV0ZSI6MTIwMDAwMDAwMDAwMH0sInNjaGVtYV92ZXJzaW9uIjoiMSJ9",
          "dependencies": [
            "aws_vpc.PAYOL_1_VPC"
          ]
        }
      ]
    },
    {
      "mode": "managed",
      "type": "aws_subnet",
      "name": "GPI2_PRIVATE_SUBNET",
      "provider": "provider.aws",
      "instances": [
        {
          "schema_version": 1,
          "attributes": {
            "arn": "arn:aws:ec2:eu-west-3:724852356535:subnet/subnet-06529a9c40b3b9eeb",
            "assign_ipv6_address_on_creation": false,
            "availability_zone": "eu-west-3b",
            "availability_zone_id": "euw3-az2",
            "cidr_block": "10.12.3.128/25",
            "id": "subnet-06529a9c40b3b9eeb",
            "ipv6_cidr_block": "",
            "ipv6_cidr_block_association_id": "",
            "map_public_ip_on_launch": false,
            "outpost_arn": "",
            "owner_id": "724852356535",
            "tags": {
              "Name": "GPI2-PRIV-SUBNET-AZ"
            },
            "timeouts": null,
            "vpc_id": "vpc-093ed5eaf4fb687f5"
          },
          "private": "eyJlMmJmYjczMC1lY2FhLTExZTYtOGY4OC0zNDM2M2JjN2M0YzAiOnsiY3JlYXRlIjo2MDAwMDAwMDAwMDAsImRlbGV0ZSI6MTIwMDAwMDAwMDAwMH0sInNjaGVtYV92ZXJzaW9uIjoiMSJ9",
          "dependencies": [
            "aws_vpc.PAYOL_1_VPC"
          ]
        }
      ]
    },
    {
      "mode": "managed",
      "type": "aws_subnet",
      "name": "INST1_PRIVATE_SUBNET",
      "provider": "provider.aws",
      "instances": [
        {
          "schema_version": 1,
          "attributes": {
            "arn": "arn:aws:ec2:eu-west-3:724852356535:subnet/subnet-0344fea08de31b558",
            "assign_ipv6_address_on_creation": false,
            "availability_zone": "eu-west-3a",
            "availability_zone_id": "euw3-az1",
            "cidr_block": "10.12.2.0/25",
            "id": "subnet-0344fea08de31b558",
            "ipv6_cidr_block": "",
            "ipv6_cidr_block_association_id": "",
            "map_public_ip_on_launch": true,
            "outpost_arn": "",
            "owner_id": "724852356535",
            "tags": {
              "Name": "INST1-PUB-SUBNET-AZ"
            },
            "timeouts": null,
            "vpc_id": "vpc-093ed5eaf4fb687f5"
          },
          "private": "eyJlMmJmYjczMC1lY2FhLTExZTYtOGY4OC0zNDM2M2JjN2M0YzAiOnsiY3JlYXRlIjo2MDAwMDAwMDAwMDAsImRlbGV0ZSI6MTIwMDAwMDAwMDAwMH0sInNjaGVtYV92ZXJzaW9uIjoiMSJ9",
          "dependencies": [
            "aws_vpc.PAYOL_1_VPC"
          ]
        }
      ]
    },
    {
      "mode": "managed",
      "type": "aws_subnet",
      "name": "INST2_PRIVATE_SUBNET",
      "provider": "provider.aws",
      "instances": [
        {
          "schema_version": 1,
          "attributes": {
            "arn": "arn:aws:ec2:eu-west-3:724852356535:subnet/subnet-0a6441fb5141e94bb",
            "assign_ipv6_address_on_creation": false,
            "availability_zone": "eu-west-3b",
            "availability_zone_id": "euw3-az2",
            "cidr_block": "10.12.2.128/25",
            "id": "subnet-0a6441fb5141e94bb",
            "ipv6_cidr_block": "",
            "ipv6_cidr_block_association_id": "",
            "map_public_ip_on_launch": false,
            "outpost_arn": "",
            "owner_id": "724852356535",
            "tags": {
              "Name": "INST2-PRIV-SUBNET-AZ"
            },
            "timeouts": null,
            "vpc_id": "vpc-093ed5eaf4fb687f5"
          },
          "private": "eyJlMmJmYjczMC1lY2FhLTExZTYtOGY4OC0zNDM2M2JjN2M0YzAiOnsiY3JlYXRlIjo2MDAwMDAwMDAwMDAsImRlbGV0ZSI6MTIwMDAwMDAwMDAwMH0sInNjaGVtYV92ZXJzaW9uIjoiMSJ9",
          "dependencies": [
            "aws_vpc.PAYOL_1_VPC"
          ]
        }
      ]
    },
    {
      "mode": "managed",
      "type": "aws_subnet",
      "name": "ISO1_PRIVATE_SUBNET",
      "provider": "provider.aws",
      "instances": [
        {
          "schema_version": 1,
          "attributes": {
            "arn": "arn:aws:ec2:eu-west-3:724852356535:subnet/subnet-0b77c315cbe4ac6d9",
            "assign_ipv6_address_on_creation": false,
            "availability_zone": "eu-west-3a",
            "availability_zone_id": "euw3-az1",
            "cidr_block": "10.12.1.0/25",
            "id": "subnet-0b77c315cbe4ac6d9",
            "ipv6_cidr_block": "",
            "ipv6_cidr_block_association_id": "",
            "map_public_ip_on_launch": true,
            "outpost_arn": "",
            "owner_id": "724852356535",
            "tags": {
              "Name": "ISO1-PRIV-SUBNET-AZ"
            },
            "timeouts": null,
            "vpc_id": "vpc-093ed5eaf4fb687f5"
          },
          "private": "eyJlMmJmYjczMC1lY2FhLTExZTYtOGY4OC0zNDM2M2JjN2M0YzAiOnsiY3JlYXRlIjo2MDAwMDAwMDAwMDAsImRlbGV0ZSI6MTIwMDAwMDAwMDAwMH0sInNjaGVtYV92ZXJzaW9uIjoiMSJ9",
          "dependencies": [
            "aws_vpc.PAYOL_1_VPC"
          ]
        }
      ]
    },
    {
      "mode": "managed",
      "type": "aws_subnet",
      "name": "ISO2_PRIVATE_SUBNET",
      "provider": "provider.aws",
      "instances": [
        {
          "schema_version": 1,
          "attributes": {
            "arn": "arn:aws:ec2:eu-west-3:724852356535:subnet/subnet-096e4664108c86d44",
            "assign_ipv6_address_on_creation": false,
            "availability_zone": "eu-west-3b",
            "availability_zone_id": "euw3-az2",
            "cidr_block": "10.12.1.128/25",
            "id": "subnet-096e4664108c86d44",
            "ipv6_cidr_block": "",
            "ipv6_cidr_block_association_id": "",
            "map_public_ip_on_launch": false,
            "outpost_arn": "",
            "owner_id": "724852356535",
            "tags": {
              "Name": "ISO2-PRIV-SUBNET-AZ"
            },
            "timeouts": null,
            "vpc_id": "vpc-093ed5eaf4fb687f5"
          },
          "private": "eyJlMmJmYjczMC1lY2FhLTExZTYtOGY4OC0zNDM2M2JjN2M0YzAiOnsiY3JlYXRlIjo2MDAwMDAwMDAwMDAsImRlbGV0ZSI6MTIwMDAwMDAwMDAwMH0sInNjaGVtYV92ZXJzaW9uIjoiMSJ9",
          "dependencies": [
            "aws_vpc.PAYOL_1_VPC"
          ]
        }
      ]
    },
    {
      "mode": "managed",
      "type": "aws_subnet",
      "name": "PRI1_PRIVATE_SUBNET",
      "provider": "provider.aws",
      "instances": [
        {
          "schema_version": 1,
          "attributes": {
            "arn": "arn:aws:ec2:eu-west-3:724852356535:subnet/subnet-07fc1516ff4d7d444",
            "assign_ipv6_address_on_creation": false,
            "availability_zone": "eu-west-3a",
            "availability_zone_id": "euw3-az1",
            "cidr_block": "10.12.0.0/25",
            "id": "subnet-07fc1516ff4d7d444",
            "ipv6_cidr_block": "",
            "ipv6_cidr_block_association_id": "",
            "map_public_ip_on_launch": true,
            "outpost_arn": "",
            "owner_id": "724852356535",
            "tags": {
              "Name": "PRI1-PRIV-SUBNET-AZ"
            },
            "timeouts": null,
            "vpc_id": "vpc-093ed5eaf4fb687f5"
          },
          "private": "eyJlMmJmYjczMC1lY2FhLTExZTYtOGY4OC0zNDM2M2JjN2M0YzAiOnsiY3JlYXRlIjo2MDAwMDAwMDAwMDAsImRlbGV0ZSI6MTIwMDAwMDAwMDAwMH0sInNjaGVtYV92ZXJzaW9uIjoiMSJ9",
          "dependencies": [
            "aws_vpc.PAYOL_1_VPC"
          ]
        }
      ]
    },
    {
      "mode": "managed",
      "type": "aws_subnet",
      "name": "PRI2_PRIVATE_SUBNET",
      "provider": "provider.aws",
      "instances": [
        {
          "schema_version": 1,
          "attributes": {
            "arn": "arn:aws:ec2:eu-west-3:724852356535:subnet/subnet-04b96e968e40d16ca",
            "assign_ipv6_address_on_creation": false,
            "availability_zone": "eu-west-3b",
            "availability_zone_id": "euw3-az2",
            "cidr_block": "10.12.0.128/25",
            "id": "subnet-04b96e968e40d16ca",
            "ipv6_cidr_block": "",
            "ipv6_cidr_block_association_id": "",
            "map_public_ip_on_launch": false,
            "outpost_arn": "",
            "owner_id": "724852356535",
            "tags": {
              "Name": "PRI2-PRIV-SUBNET-AZ"
            },
            "timeouts": null,
            "vpc_id": "vpc-093ed5eaf4fb687f5"
          },
          "private": "eyJlMmJmYjczMC1lY2FhLTExZTYtOGY4OC0zNDM2M2JjN2M0YzAiOnsiY3JlYXRlIjo2MDAwMDAwMDAwMDAsImRlbGV0ZSI6MTIwMDAwMDAwMDAwMH0sInNjaGVtYV92ZXJzaW9uIjoiMSJ9",
          "dependencies": [
            "aws_vpc.PAYOL_1_VPC"
          ]
        }
      ]
    },
    {
      "mode": "managed",
      "type": "aws_vpc",
      "name": "PAYOL_1_VPC",
      "provider": "provider.aws",
      "instances": [
        {
          "schema_version": 1,
          "attributes": {
            "arn": "arn:aws:ec2:eu-west-3:724852356535:vpc/vpc-093ed5eaf4fb687f5",
            "assign_generated_ipv6_cidr_block": false,
            "cidr_block": "10.12.0.0/16",
            "default_network_acl_id": "acl-027c12707d4f0d6f9",
            "default_route_table_id": "rtb-0040b4632184210ba",
            "default_security_group_id": "sg-090936f70ea2dda37",
            "dhcp_options_id": "dopt-06938eb8310b77230",
            "enable_classiclink": null,
            "enable_classiclink_dns_support": null,
            "enable_dns_hostnames": true,
            "enable_dns_support": true,
            "id": "vpc-093ed5eaf4fb687f5",
            "instance_tenancy": "default",
            "ipv6_association_id": "",
            "ipv6_cidr_block": "",
            "main_route_table_id": "rtb-0040b4632184210ba",
            "owner_id": "724852356535",
            "tags": {
              "Name": "PAYOL-1-VPC"
            }
          },
          "private": "eyJzY2hlbWFfdmVyc2lvbiI6IjEifQ=="
        }
      ]
    },
    {
      "mode": "managed",
      "type": "tls_private_key",
      "name": "app_private_key",
      "provider": "provider.tls",
      "instances": [
        {
          "schema_version": 0,
          "attributes": {
            "algorithm": "RSA",
            "ecdsa_curve": "P224",
            "id": "d29121e58ec79c6c4769f282862e3c9c2dbb65ea",
            "private_key_pem": "-----BEGIN RSA PRIVATE KEY-----\nMIIJKQIBAAKCAgEA1RQ40DsJKEePof0T7C9er1OAWiyb0nzs/bO6erAtPxxdFJav\nHWo9kvEM8m7wys3/QQbEWsrJ1jC1ZcsbChIOB6WytxgVXfP73MwJr+XFf2tAwYMr\n3ZAOgHVuBepS88s0Bxhxw6Yd+d+I4ntUyBiMLI62aV1RFDe6kDP1xW9IsfJTkF6I\nw1SHqIAVFHvuVH1uWQUBBB43hZPZSD4kKMcuOwaj/qEO2MghEBrHEdgi+s8h34Xx\nLf3Qmy7oCHsdcZvYoWXxo3nWhhs6OqzfPgtOSm7f+v246Gga5vYt7mEW28YvsN0U\n/IKujOF+VNBHTiqYo8xZMG1cjpFdrTBLsmy5NnfsjVIcLc6grIgOaUoaZYzVlWIM\nvQCBKT6c/Ix1W+wA11cqjoFUd/b0vq2+xoDKYN7Z5a0i55svFCpU8bpEnHTA8Ej8\nrJMyQbSxtos24Jrm0Q1AaMFpeEFp6fw2M644xKAONnv9mmSN5k56t13SPDT7hCTx\nMeQry+/NJI0J6BBgzlIObxYbuQhkGeOix113kKtYwY+v0uuXqtQlI8PwLkl7a/OX\n/v6goVm/+L0RoEFRBgtii5Jf5/dXbW9MWVSmpp9/qGehy7QY1vBYeEpxC2nmvbR3\nGhxe3fHJUM4a1VJT0biriy8USb6J2PxRTAbmed5gqPTU0EJrOmIsZ/UJu6cCAwEA\nAQKCAgEAiuktBKuIE8dbXyqjI1Xab4iLY74zM60Xv2m9R6C1TrCKChMWRKHvVG1r\nmF01A7H6F4V22w3bOZT1nVAk55LPrLKcaPr9awvVhaNLKW4tLB1a0Q1XupDgs2Ra\n/uY9gAxYdcu81uTkI/NTxPrMUcqXD7FWQCiC5CBUsw/8yOL8zG2DhtnqZRUlf3dI\nxtrojBJdrxExEWM1pRK3E37XifIYNIjmvuh2ymLmEx6x6vMyErqYhaVHj0kqBxE0\nWdsRXfBQ8R+JwZ57eWAkvP3YaBVsy9+ui21/b5v29d1GImMPSOXST4ZB2UDE1Llo\n55gE9HOWoSpmdsjFD3i7Tl3u63ov354SoO5bXCvVvUm0lFAX1wS2AljC3HtuFx62\nNZOz8eLx/AX/Mf9GMnTHbywtIHVKsem/8v2PhD9f+8VecINadt2jWO9w/JQzoMS8\noVYPPHjZxCK+OT8OgOexcFg6scPNT1rV/osnzfEHc7vR0QINdQGNDOuLPuaLScZf\nZYvAx5sCW9JP4K2OFq2z1hnGp7EwDkFUhRU1wEDK6UPHshp85f99GN8E3e8Eizyf\nxXeZXt+58q88mHzueDeIsfAYPz88fRpBmPWqVa+hPLwG0iA6AN1Un2Lj/HA6dYuV\nR3mdgqNmkMY71OaRoLg398g8wqsNjVqsy8E3k6/iGunU+qA4oVECggEBANc9c4om\nLD3kQEHQ6QafyMnJFZJUlleI1rM289fOqZxqkNNKDaLyu9NqH8bxqUcQLVkla8QE\nmBj+34F6KD4+kbePJhtaIOyByFTvbWspnz1xD4Ir896ABITx4OOJE8XyjOCGaY9H\nbJC+p5Wgk75CSZQWDPJapAhhglCP8pM21ytLAWYhmWlnt8752JyArH3IerIvawO+\n3K/USLS+7WoiKGeYrtDyirqFlNEix+0KAIU9stfc4qptSZjXC6xjFiOk8EbIsjwB\nuMYFe6mTHUylb7HcWiSzn6b2zEZY8wt4/P6oGh+YmAZ++JNrQBvY4WETDSUT5rm3\n9skuZqcEo9gaKp8CggEBAP1uAXRWaUCgR1gdVj64dYlGkMaM9eo5LjMMIZWM8LE3\n4v3Ha/Xf3r3d/bNGn81uNLfNpjwmW9WXx3sR6ZJkItBCV3jsJ53kYyd8ys7Jli9B\ndzGhzavazWcGDZquJ79kSKHYT2U3f+d3YGaA3kTWaTx9xMCD22ZZgHqj2nVo2NlI\nERekpsMdKNyAxHPt7/9Q8iVdSNnajkKlle+H7ERZHSiBLAsCm+0vhX1A5fd7Ftnq\nbzfExGSveTnVCARvvZVMlXodZXFVDGSkWBllyopkcNbrYIPA9z+sL2y8V480YREB\nM4WPoe/qYxQw1IrCoz9b0FSNfFMMSGES6mR49VQbWfkCggEAFbtdpBAwnVsjZcHL\nFWEiq8UCyZCC0Xm+e7/LpPl3xJQ55Stv7wjlD/aCGNsjhUpL2dleZR81oChztqX3\n1DkLC2aHqXFTK6365SB7grtkGZcFwtXfPJLeYfHuC+s2NOFFehH4LIBApOirEP9y\ni140AaCsU/f04ee+eZXfHyAFX5imHoK785mGRH6TcVHImLaaNM1215z4uUQMxzsT\ny4iBXdxbojsq6KQ+H1OMrhE5djqBiSwDMsPwD19/DTu/639mxy7SWB6wYkYBc2Co\nL6nwehvOejAsqXX3sA6hE4J2wNuGL7R/fQBq5q+IfIdMUjnTNPAqdovtfeiScsCU\nLmiN7wKCAQAOmwVocAZ23AXglShASx8y/yce2kbd7de0x3E0DkBc5kyltZWKQRG0\nPZP+fgZ9r2lIYoi/FLLcN3gepqSgdDbxa7Fg3bNWzS/NucpyannGVW6KJLoWunB2\nDIpCLOFLjXsGINJKkg1ECMQ8hBbLPtQn0VPCiJbfai8WYlUXySgeNaIOi8W0nvyY\n4K7xw3e+birWbm7hZ1AllSdz+5BpS/17NR6Vr9vOqpt14YSfY6+odXNdcnCjIN3K\nsHVa1BnH/fbrZ8BN7MnfDv2o0Q4ANdOu/ze7wCY/vCurh5tAPJOPiFMw0ltR2V9G\nbZ4CNT91SlRSWykcHCwbtBxgF/yDkWP5AoIBAQDTQfIeHDNDDLG8K5fx78SewTtX\nccie8jRkk0MVTHijOUR4tFOe4qld+AJPdkQGIxldd0OQAEhTMQzmd7qf8OpWtaGz\nRQj7YLMcAzkjas8Ndx4McKotTXKj9jUFLI2UdKrNSRR06QEhg+uBiO2GzmPpdIEI\nJrc26mfE2Db0Oa1tw4GsZRqqb375DL/j9dmjrp1Cr9cf1ssyEdgChrfcWOqC46Is\ntwAeKZO5ios9RfTXzWBW80HWPeeq8OCauV39SDYHZ33yYPy8MVhl1HjjA0g8w8Fr\n4vDltEGTt8wKlapuTsHA3G7p6Z50L2udTbLolJQDqU1m3M4T3U+mb+zcq+vS\n-----END RSA PRIVATE KEY-----\n",
            "public_key_fingerprint_md5": "92:17:57:b3:ab:91:3f:df:c5:78:b6:e3:95:82:d6:d9",
            "public_key_openssh": "ssh-rsa AAAAB3NzaC1yc2EAAAADAQABAAACAQDVFDjQOwkoR4+h/RPsL16vU4BaLJvSfOz9s7p6sC0/HF0Ulq8daj2S8QzybvDKzf9BBsRaysnWMLVlyxsKEg4HpbK3GBVd8/vczAmv5cV/a0DBgyvdkA6AdW4F6lLzyzQHGHHDph3534jie1TIGIwsjrZpXVEUN7qQM/XFb0ix8lOQXojDVIeogBUUe+5UfW5ZBQEEHjeFk9lIPiQoxy47BqP+oQ7YyCEQGscR2CL6zyHfhfEt/dCbLugIex1xm9ihZfGjedaGGzo6rN8+C05Kbt/6/bjoaBrm9i3uYRbbxi+w3RT8gq6M4X5U0EdOKpijzFkwbVyOkV2tMEuybLk2d+yNUhwtzqCsiA5pShpljNWVYgy9AIEpPpz8jHVb7ADXVyqOgVR39vS+rb7GgMpg3tnlrSLnmy8UKlTxukScdMDwSPyskzJBtLG2izbgmubRDUBowWl4QWnp/DYzrjjEoA42e/2aZI3mTnq3XdI8NPuEJPEx5CvL780kjQnoEGDOUg5vFhu5CGQZ46LHXXeQq1jBj6/S65eq1CUjw/AuSXtr85f+/qChWb/4vRGgQVEGC2KLkl/n91dtb0xZVKamn3+oZ6HLtBjW8Fh4SnELaea9tHcaHF7d8clQzhrVUlPRuKuLLxRJvonY/FFMBuZ53mCo9NTQQms6Yixn9Qm7pw==\n",
            "public_key_pem": "-----BEGIN PUBLIC KEY-----\nMIICIjANBgkqhkiG9w0BAQEFAAOCAg8AMIICCgKCAgEA1RQ40DsJKEePof0T7C9e\nr1OAWiyb0nzs/bO6erAtPxxdFJavHWo9kvEM8m7wys3/QQbEWsrJ1jC1ZcsbChIO\nB6WytxgVXfP73MwJr+XFf2tAwYMr3ZAOgHVuBepS88s0Bxhxw6Yd+d+I4ntUyBiM\nLI62aV1RFDe6kDP1xW9IsfJTkF6Iw1SHqIAVFHvuVH1uWQUBBB43hZPZSD4kKMcu\nOwaj/qEO2MghEBrHEdgi+s8h34XxLf3Qmy7oCHsdcZvYoWXxo3nWhhs6OqzfPgtO\nSm7f+v246Gga5vYt7mEW28YvsN0U/IKujOF+VNBHTiqYo8xZMG1cjpFdrTBLsmy5\nNnfsjVIcLc6grIgOaUoaZYzVlWIMvQCBKT6c/Ix1W+wA11cqjoFUd/b0vq2+xoDK\nYN7Z5a0i55svFCpU8bpEnHTA8Ej8rJMyQbSxtos24Jrm0Q1AaMFpeEFp6fw2M644\nxKAONnv9mmSN5k56t13SPDT7hCTxMeQry+/NJI0J6BBgzlIObxYbuQhkGeOix113\nkKtYwY+v0uuXqtQlI8PwLkl7a/OX/v6goVm/+L0RoEFRBgtii5Jf5/dXbW9MWVSm\npp9/qGehy7QY1vBYeEpxC2nmvbR3Ghxe3fHJUM4a1VJT0biriy8USb6J2PxRTAbm\ned5gqPTU0EJrOmIsZ/UJu6cCAwEAAQ==\n-----END PUBLIC KEY-----\n",
            "rsa_bits": 4096
          },
          "private": "bnVsbA=="
        }
      ]
    }
  ]
}
