{
  "version": 4,
  "terraform_version": "0.12.24",
  "serial": 62,
  "lineage": "faa3dfc7-28c9-3b15-597a-c37c960c9d49",
  "outputs": {},
  "resources": [
    {
      "mode": "data",
      "type": "aws_iam_policy",
      "name": "AmazonS3FullAccess",
      "provider": "provider.aws",
      "instances": [
        {
          "schema_version": 0,
          "attributes": {
            "arn": "arn:aws:iam::aws:policy/AmazonS3FullAccess",
            "description": "Provides full access to all buckets via the AWS Management Console.",
            "id": "arn:aws:iam::aws:policy/AmazonS3FullAccess",
            "name": "AmazonS3FullAccess",
            "path": "/",
            "policy": "{\n  \"Version\": \"2012-10-17\",\n  \"Statement\": [\n    {\n      \"Effect\": \"Allow\",\n      \"Action\": \"s3:*\",\n      \"Resource\": \"*\"\n    }\n  ]\n}"
          }
        }
      ]
    },
    {
      "mode": "data",
      "type": "aws_iam_policy_document",
      "name": "assume_role",
      "provider": "provider.aws",
      "instances": [
        {
          "schema_version": 0,
          "attributes": {
            "id": "1903849331",
            "json": "{\n  \"Version\": \"2012-10-17\",\n  \"Statement\": [\n    {\n      \"Sid\": \"\",\n      \"Effect\": \"Allow\",\n      \"Action\": \"sts:AssumeRole\",\n      \"Principal\": {\n        \"Service\": \"ec2.amazonaws.com\"\n      }\n    }\n  ]\n}",
            "override_json": null,
            "policy_id": null,
            "source_json": null,
            "statement": [
              {
                "actions": [
                  "sts:AssumeRole"
                ],
                "condition": [],
                "effect": "Allow",
                "not_actions": [],
                "not_principals": [],
                "not_resources": [],
                "principals": [
                  {
                    "identifiers": [
                      "ec2.amazonaws.com"
                    ],
                    "type": "Service"
                  }
                ],
                "resources": [],
                "sid": ""
              }
            ],
            "version": "2012-10-17"
          }
        }
      ]
    },
    {
      "mode": "data",
      "type": "template_file",
      "name": "jumpbox-config-template",
      "provider": "provider.template",
      "instances": [
        {
          "schema_version": 0,
          "attributes": {
            "filename": null,
            "id": "9723e5f6e570e32494df7c8f8ac84c7a83099d43049a928b758bd386f045d640",
            "rendered": "\u003cpowershell\u003e\n\nWrite-Output \"---------------------------------------\"\nWrite-Output \"Setting up Temporary Windows Admininistrator to interact with WinRM...\"\n\nnet user albgoncal 'Koke@2020' /add /y\nnet localgroup administrators albgoncal /add\n\nWrite-Output \"---------------------------------------\"\nWrite-Output \"Setting up WinRM...\"\n\nwinrm quickconfig -q\nwinrm set winrm/config/winrs '@{MaxMemoryPerShellMB=\"300\"}'\nwinrm set winrm/config '@{MaxTimeoutms=\"1800000\"}'\nwinrm set winrm/config/service '@{AllowUnencrypted=\"true\"}'\nwinrm set winrm/config/service/auth '@{Basic=\"true\"}'\nnetsh advfirewall firewall add rule name=\"WinRM 5985\" protocol=TCP dir=in localport=5985 action=allow\nnet stop winrm\nsc.exe config winrm start=auto\nnet start winrm\nSet-ExecutionPolicy Bypass -Scope Process -Force; \n\nWrite-Output \"---------------------------------------\"\nWrite-Output \"Installing Chocolatey and Packages...\"\n\nSet-ExecutionPolicy Bypass -Scope Process -Force; iex ((New-Object System.Net.WebClient).DownloadString('https://chocolatey.org/install.ps1'))\n\nInstall-PackageProvider -Name NuGet -RequiredVersion 2.8.5.201 -Force\nInstall-Module -Name PSPrivilege -Force\nInstall-Module -Name xWebAdministration -Force\nInstall-Module -Name xNetworking -Force\nInstall-Module -Name xPSDesiredStateConfiguration -Force \n\nchoco install git.install -y\nchoco install notepadplusplus -y\nchoco install googlechrome -y\n\n$env:ChocolateyInstall = Convert-Path \"$((Get-Command choco).path)\\..\\..\"\nImport-Module \"$env:ChocolateyInstall\\helpers\\chocolateyProfile.psm1\"\n\nrefreshenv\n\ngit --version\n\nWrite-Output \"---------------------------------------\"\nWrite-Output \"Deleting Windows Admininistrator User...\"\n\n\n\nWrite-Output \"---------------------------------------\"\nWrite-Output \"INSERT YOUR CUSTOM CODE BELOW\"\n\nchoco install winscp.install -y\nchoco install putty -y\n\n\u003c/powershell\u003e",
            "template": "\u003cpowershell\u003e\n\nWrite-Output \"---------------------------------------\"\nWrite-Output \"Setting up Temporary Windows Admininistrator to interact with WinRM...\"\n\nnet user ${\"albgoncal\"} '${\"Koke@2020\"}' /add /y\nnet localgroup administrators ${\"albgoncal\"} /add\n\nWrite-Output \"---------------------------------------\"\nWrite-Output \"Setting up WinRM...\"\n\nwinrm quickconfig -q\nwinrm set winrm/config/winrs '@{MaxMemoryPerShellMB=\"300\"}'\nwinrm set winrm/config '@{MaxTimeoutms=\"1800000\"}'\nwinrm set winrm/config/service '@{AllowUnencrypted=\"true\"}'\nwinrm set winrm/config/service/auth '@{Basic=\"true\"}'\nnetsh advfirewall firewall add rule name=\"WinRM 5985\" protocol=TCP dir=in localport=5985 action=allow\nnet stop winrm\nsc.exe config winrm start=auto\nnet start winrm\nSet-ExecutionPolicy Bypass -Scope Process -Force; \n\nWrite-Output \"---------------------------------------\"\nWrite-Output \"Installing Chocolatey and Packages...\"\n\nSet-ExecutionPolicy Bypass -Scope Process -Force; iex ((New-Object System.Net.WebClient).DownloadString('https://chocolatey.org/install.ps1'))\n\nInstall-PackageProvider -Name NuGet -RequiredVersion 2.8.5.201 -Force\nInstall-Module -Name PSPrivilege -Force\nInstall-Module -Name xWebAdministration -Force\nInstall-Module -Name xNetworking -Force\nInstall-Module -Name xPSDesiredStateConfiguration -Force \n\nchoco install git.install -y\nchoco install notepadplusplus -y\nchoco install googlechrome -y\n\n$env:ChocolateyInstall = Convert-Path \"$((Get-Command choco).path)\\..\\..\"\nImport-Module \"$env:ChocolateyInstall\\helpers\\chocolateyProfile.psm1\"\n\nrefreshenv\n\ngit --version\n\nWrite-Output \"---------------------------------------\"\nWrite-Output \"Deleting Windows Admininistrator User...\"\n\n\n\nWrite-Output \"---------------------------------------\"\nWrite-Output \"INSERT YOUR CUSTOM CODE BELOW\"\n\nchoco install winscp.install -y\nchoco install putty -y\n\n\u003c/powershell\u003e",
            "vars": {
              "INSTANCE_PASSWORD": "Koke@2020",
              "INSTANCE_USERNAME": "albgoncal"
            }
          }
        }
      ]
    },
    {
      "mode": "data",
      "type": "template_file",
      "name": "ubuntu-config-template",
      "provider": "provider.template",
      "instances": [
        {
          "schema_version": 0,
          "attributes": {
            "filename": null,
            "id": "7082a74abd951ab9b71c1afe98631d37925bcee81042d8072c496e293d7120a2",
            "rendered": "#! /bin/bash\necho \"-------------------------------\"\necho \"Installing Dependencies...\"\nsudo apt-get update -y -qq\n\nsudo UCF_FORCE_CONFOLD=1 DEBIAN_FRONTEND=noninteractive apt-get -o Dpkg::Options::=\"--force-confdef\" -o Dpkg::Options::=\"--force-confold\" -qq -y install python-apt\n\nsudo apt-get install awscli -y -q\nsudo apt-get install git -y -q\n\nsudo apt-get install -y -qq software-properties-common\nsudo add-apt-repository ppa:ansible/ansible -y\n\nsudo apt-get update -y -qq\n\nsudo apt-get install -y -qq ansible\n\necho \"-------------------------------\"\necho 'Installing AWS SSM Agent....'\n\nsudo snap install amazon-ssm-agent --classic\n\nsudo systemctl status snap.amazon-ssm-agent.amazon-ssm-agent.service\n\necho \"-------------------------------\"\necho \"INSERT YOUR CUSTOM CODE BELOW\"\n\necho \"-------------------------------\"\necho \"Cloning the Repo from Github...\"\n\ncd ~\ngit clone https://github.com/albclim/PayHub.git\n\ncd PayHub_v1/\n\ngit pull\n\necho \"Executing Ansible Playbook...\"\n\ncd Config_Ansible/\n\nsudo ansible-galaxy install -r requirements.yml\nsudo ansible-playbook webserver.yml\n\necho \"Ansible Playbook Executed\"",
            "template": "#! /bin/bash\necho \"-------------------------------\"\necho \"Installing Dependencies...\"\nsudo apt-get update -y -qq\n\nsudo UCF_FORCE_CONFOLD=1 DEBIAN_FRONTEND=noninteractive apt-get -o Dpkg::Options::=\"--force-confdef\" -o Dpkg::Options::=\"--force-confold\" -qq -y install python-apt\n\nsudo apt-get install awscli -y -q\nsudo apt-get install git -y -q\n\nsudo apt-get install -y -qq software-properties-common\nsudo add-apt-repository ppa:ansible/ansible -y\n\nsudo apt-get update -y -qq\n\nsudo apt-get install -y -qq ansible\n\necho \"-------------------------------\"\necho 'Installing AWS SSM Agent....'\n\nsudo snap install amazon-ssm-agent --classic\n\nsudo systemctl status snap.amazon-ssm-agent.amazon-ssm-agent.service\n\necho \"-------------------------------\"\necho \"INSERT YOUR CUSTOM CODE BELOW\"\n\necho \"-------------------------------\"\necho \"Cloning the Repo from Github...\"\n\ncd ~\ngit clone https://github.com/albclim/PayHub.git\n\ncd PayHub_v1/\n\ngit pull\n\necho \"Executing Ansible Playbook...\"\n\ncd Config_Ansible/\n\nsudo ansible-galaxy install -r requirements.yml\nsudo ansible-playbook webserver.yml\n\necho \"Ansible Playbook Executed\"",
            "vars": null
          }
        }
      ]
    },
    {
      "mode": "data",
      "type": "template_file",
      "name": "win16-config-template",
      "provider": "provider.template",
      "instances": [
        {
          "schema_version": 0,
          "attributes": {
            "filename": null,
            "id": "9723e5f6e570e32494df7c8f8ac84c7a83099d43049a928b758bd386f045d640",
            "rendered": "\u003cpowershell\u003e\n\nWrite-Output \"---------------------------------------\"\nWrite-Output \"Setting up Temporary Windows Admininistrator to interact with WinRM...\"\n\nnet user albgoncal 'Koke@2020' /add /y\nnet localgroup administrators albgoncal /add\n\nWrite-Output \"---------------------------------------\"\nWrite-Output \"Setting up WinRM...\"\n\nwinrm quickconfig -q\nwinrm set winrm/config/winrs '@{MaxMemoryPerShellMB=\"300\"}'\nwinrm set winrm/config '@{MaxTimeoutms=\"1800000\"}'\nwinrm set winrm/config/service '@{AllowUnencrypted=\"true\"}'\nwinrm set winrm/config/service/auth '@{Basic=\"true\"}'\nnetsh advfirewall firewall add rule name=\"WinRM 5985\" protocol=TCP dir=in localport=5985 action=allow\nnet stop winrm\nsc.exe config winrm start=auto\nnet start winrm\nSet-ExecutionPolicy Bypass -Scope Process -Force; \n\nWrite-Output \"---------------------------------------\"\nWrite-Output \"Installing Chocolatey and Packages...\"\n\nSet-ExecutionPolicy Bypass -Scope Process -Force; iex ((New-Object System.Net.WebClient).DownloadString('https://chocolatey.org/install.ps1'))\n\nInstall-PackageProvider -Name NuGet -RequiredVersion 2.8.5.201 -Force\nInstall-Module -Name PSPrivilege -Force\nInstall-Module -Name xWebAdministration -Force\nInstall-Module -Name xNetworking -Force\nInstall-Module -Name xPSDesiredStateConfiguration -Force \n\nchoco install git.install -y\nchoco install notepadplusplus -y\nchoco install googlechrome -y\n\n$env:ChocolateyInstall = Convert-Path \"$((Get-Command choco).path)\\..\\..\"\nImport-Module \"$env:ChocolateyInstall\\helpers\\chocolateyProfile.psm1\"\n\nrefreshenv\n\ngit --version\n\nWrite-Output \"---------------------------------------\"\nWrite-Output \"Deleting Windows Admininistrator User...\"\n\n\n\nWrite-Output \"---------------------------------------\"\nWrite-Output \"INSERT YOUR CUSTOM CODE BELOW\"\n\nchoco install winscp.install -y\nchoco install putty -y\n\n\u003c/powershell\u003e",
            "template": "\u003cpowershell\u003e\n\nWrite-Output \"---------------------------------------\"\nWrite-Output \"Setting up Temporary Windows Admininistrator to interact with WinRM...\"\n\nnet user ${\"albgoncal\"} '${\"Koke@2020\"}' /add /y\nnet localgroup administrators ${\"albgoncal\"} /add\n\nWrite-Output \"---------------------------------------\"\nWrite-Output \"Setting up WinRM...\"\n\nwinrm quickconfig -q\nwinrm set winrm/config/winrs '@{MaxMemoryPerShellMB=\"300\"}'\nwinrm set winrm/config '@{MaxTimeoutms=\"1800000\"}'\nwinrm set winrm/config/service '@{AllowUnencrypted=\"true\"}'\nwinrm set winrm/config/service/auth '@{Basic=\"true\"}'\nnetsh advfirewall firewall add rule name=\"WinRM 5985\" protocol=TCP dir=in localport=5985 action=allow\nnet stop winrm\nsc.exe config winrm start=auto\nnet start winrm\nSet-ExecutionPolicy Bypass -Scope Process -Force; \n\nWrite-Output \"---------------------------------------\"\nWrite-Output \"Installing Chocolatey and Packages...\"\n\nSet-ExecutionPolicy Bypass -Scope Process -Force; iex ((New-Object System.Net.WebClient).DownloadString('https://chocolatey.org/install.ps1'))\n\nInstall-PackageProvider -Name NuGet -RequiredVersion 2.8.5.201 -Force\nInstall-Module -Name PSPrivilege -Force\nInstall-Module -Name xWebAdministration -Force\nInstall-Module -Name xNetworking -Force\nInstall-Module -Name xPSDesiredStateConfiguration -Force \n\nchoco install git.install -y\nchoco install notepadplusplus -y\nchoco install googlechrome -y\n\n$env:ChocolateyInstall = Convert-Path \"$((Get-Command choco).path)\\..\\..\"\nImport-Module \"$env:ChocolateyInstall\\helpers\\chocolateyProfile.psm1\"\n\nrefreshenv\n\ngit --version\n\nWrite-Output \"---------------------------------------\"\nWrite-Output \"Deleting Windows Admininistrator User...\"\n\n\n\nWrite-Output \"---------------------------------------\"\nWrite-Output \"INSERT YOUR CUSTOM CODE BELOW\"\n\nchoco install winscp.install -y\nchoco install putty -y\n\n\u003c/powershell\u003e",
            "vars": {
              "INSTANCE_PASSWORD": "Koke@2020",
              "INSTANCE_USERNAME": "albgoncal"
            }
          }
        }
      ]
    },
    {
      "mode": "data",
      "type": "template_file",
      "name": "windows-config-template",
      "provider": "provider.template",
      "instances": [
        {
          "schema_version": 0,
          "attributes": {
            "filename": null,
            "id": "9b9cbb549b6be1d2c601e63c7faa45bc5000a750df2528bf377fd645c404c673",
            "rendered": "\u003cpowershell\u003e\n\nWrite-Output \"---------------------------------------\"\nWrite-Output \"Setting up Temporary Windows Admininistrator to interact with WinRM...\"\n\nnet user albgoncal 'Koke@2020' /add /y\nnet localgroup administrators albgoncal /add\n\nWrite-Output \"---------------------------------------\"\nWrite-Output \"Setting up WinRM...\"\n\nwinrm quickconfig -q\nwinrm set winrm/config/winrs '@{MaxMemoryPerShellMB=\"300\"}'\nwinrm set winrm/config '@{MaxTimeoutms=\"1800000\"}'\nwinrm set winrm/config/service '@{AllowUnencrypted=\"true\"}'\nwinrm set winrm/config/service/auth '@{Basic=\"true\"}'\nnetsh advfirewall firewall add rule name=\"WinRM 5985\" protocol=TCP dir=in localport=5985 action=allow\nnet stop winrm\nsc.exe config winrm start=auto\nnet start winrm\nSet-ExecutionPolicy Bypass -Scope Process -Force; \n\nWrite-Output \"---------------------------------------\"\nWrite-Output \"Installing Chocolatey and Packages...\"\n\nSet-ExecutionPolicy Bypass -Scope Process -Force; iex ((New-Object System.Net.WebClient).DownloadString('https://chocolatey.org/install.ps1'))\n\nInstall-PackageProvider -Name NuGet -RequiredVersion 2.8.5.201 -Force\nInstall-Module -Name PSPrivilege -Force\nInstall-Module -Name xWebAdministration -Force\nInstall-Module -Name xNetworking -Force\nInstall-Module -Name xPSDesiredStateConfiguration -Force \n\nchoco install git.install -y\nchoco install notepadplusplus -y\nchoco install googlechrome -y\n\n$env:ChocolateyInstall = Convert-Path \"$((Get-Command choco).path)\\..\\..\"\nImport-Module \"$env:ChocolateyInstall\\helpers\\chocolateyProfile.psm1\"\n\nrefreshenv\n\ngit --version\n\nWrite-Output \"---------------------------------------\"\nWrite-Output \"Deleting Windows Admininistrator User...\"\n\nnet user albgoncal /delete /y\n\nWrite-Output \"---------------------------------------\"\nWrite-Output \"INSERT YOUR CUSTOM CODE BELOW\"\n\nWrite-Output \"---------------------------------------\"\nWrite-Output \"Cloning the Repo from Github...\"\n\ncd c:\\\ngit clone https://github.com/albclim/PayHub.git\n\ncd c:\\PayHub_v1\n\ngit pull\n\nWrite-Output \"Executing Powershell DSC...\"\n\ncd \"C:\\PayHub\\1_infra_v0\\Config_DSC\\\"\n.\\DSC-WebServer.ps1\n\nWrite-Output \"DSC Executed\"\n\n\u003c/powershell\u003e",
            "template": "\u003cpowershell\u003e\n\nWrite-Output \"---------------------------------------\"\nWrite-Output \"Setting up Temporary Windows Admininistrator to interact with WinRM...\"\n\nnet user ${\"albgoncal\"} '${\"Koke@2020\"}' /add /y\nnet localgroup administrators ${\"albgoncal\"} /add\n\nWrite-Output \"---------------------------------------\"\nWrite-Output \"Setting up WinRM...\"\n\nwinrm quickconfig -q\nwinrm set winrm/config/winrs '@{MaxMemoryPerShellMB=\"300\"}'\nwinrm set winrm/config '@{MaxTimeoutms=\"1800000\"}'\nwinrm set winrm/config/service '@{AllowUnencrypted=\"true\"}'\nwinrm set winrm/config/service/auth '@{Basic=\"true\"}'\nnetsh advfirewall firewall add rule name=\"WinRM 5985\" protocol=TCP dir=in localport=5985 action=allow\nnet stop winrm\nsc.exe config winrm start=auto\nnet start winrm\nSet-ExecutionPolicy Bypass -Scope Process -Force; \n\nWrite-Output \"---------------------------------------\"\nWrite-Output \"Installing Chocolatey and Packages...\"\n\nSet-ExecutionPolicy Bypass -Scope Process -Force; iex ((New-Object System.Net.WebClient).DownloadString('https://chocolatey.org/install.ps1'))\n\nInstall-PackageProvider -Name NuGet -RequiredVersion 2.8.5.201 -Force\nInstall-Module -Name PSPrivilege -Force\nInstall-Module -Name xWebAdministration -Force\nInstall-Module -Name xNetworking -Force\nInstall-Module -Name xPSDesiredStateConfiguration -Force \n\nchoco install git.install -y\nchoco install notepadplusplus -y\nchoco install googlechrome -y\n\n$env:ChocolateyInstall = Convert-Path \"$((Get-Command choco).path)\\..\\..\"\nImport-Module \"$env:ChocolateyInstall\\helpers\\chocolateyProfile.psm1\"\n\nrefreshenv\n\ngit --version\n\nWrite-Output \"---------------------------------------\"\nWrite-Output \"Deleting Windows Admininistrator User...\"\n\nnet user ${INSTANCE_USERNAME} /delete /y\n\nWrite-Output \"---------------------------------------\"\nWrite-Output \"INSERT YOUR CUSTOM CODE BELOW\"\n\nWrite-Output \"---------------------------------------\"\nWrite-Output \"Cloning the Repo from Github...\"\n\ncd c:\\\ngit clone https://github.com/albclim/PayHub.git\n\ncd c:\\PayHub_v1\n\ngit pull\n\nWrite-Output \"Executing Powershell DSC...\"\n\ncd \"C:\\PayHub\\1_infra_v0\\Config_DSC\\\"\n.\\DSC-WebServer.ps1\n\nWrite-Output \"DSC Executed\"\n\n\u003c/powershell\u003e",
            "vars": {
              "INSTANCE_PASSWORD": "Koke@2020",
              "INSTANCE_USERNAME": "albgoncal"
            }
          }
        }
      ]
    },
    {
      "mode": "managed",
      "type": "aws_autoscaling_attachment",
      "name": "ISO_asg_attachment",
      "provider": "provider.aws",
      "instances": [
        {
          "schema_version": 0,
          "attributes": {
            "alb_target_group_arn": "arn:aws:elasticloadbalancing:eu-west-3:724852356535:targetgroup/ISO-LB-TG/490be15c4c10191a",
            "autoscaling_group_name": "ISO-ASG20200531201717357000000005",
            "elb": null,
            "id": "ISO-ASG20200531201717357000000005-20200531201759373000000007"
          },
          "private": "bnVsbA==",
          "dependencies": [
            "aws_autoscaling_group.ISO_asg",
            "aws_iam_instance_profile.app_instance_profile",
            "aws_iam_role.app_iam_role",
            "aws_key_pair.generated_key",
            "aws_launch_configuration.WIN16_launch_conf",
            "aws_lb_target_group.ISO_TG",
            "aws_security_group.GATE_SG",
            "aws_security_group.RDSYS_SG",
            "aws_subnet.ISO1_PUBLIC_SUBNET",
            "aws_subnet.ISO2_PRIVATE_SUBNET",
            "aws_vpc.RDSYS_VPC",
            "tls_private_key.app_private_key"
          ]
        }
      ]
    },
    {
      "mode": "managed",
      "type": "aws_autoscaling_attachment",
      "name": "PRI_asg_attachment",
      "provider": "provider.aws",
      "instances": [
        {
          "schema_version": 0,
          "attributes": {
            "alb_target_group_arn": "arn:aws:elasticloadbalancing:eu-west-3:724852356535:targetgroup/PRI-LB-TG/427a68f4a6a5306a",
            "autoscaling_group_name": "PRI-ASG20200531201717392900000006",
            "elb": null,
            "id": "PRI-ASG20200531201717392900000006-20200531201812799600000008"
          },
          "private": "bnVsbA==",
          "dependencies": [
            "aws_autoscaling_group.PRI_asg",
            "aws_iam_instance_profile.app_instance_profile",
            "aws_iam_role.app_iam_role",
            "aws_key_pair.generated_key",
            "aws_launch_configuration.WIN16_launch_conf",
            "aws_lb_target_group.PRI_TG",
            "aws_security_group.GATE_SG",
            "aws_security_group.RDSYS_SG",
            "aws_subnet.PRI1_PUBLIC_SUBNET",
            "aws_subnet.PRI2_PRIVATE_SUBNET",
            "aws_vpc.RDSYS_VPC",
            "tls_private_key.app_private_key"
          ]
        }
      ]
    },
    {
      "mode": "managed",
      "type": "aws_autoscaling_group",
      "name": "ISO_asg",
      "provider": "provider.aws",
      "instances": [
        {
          "schema_version": 0,
          "attributes": {
            "arn": "arn:aws:autoscaling:eu-west-3:724852356535:autoScalingGroup:72528c18-7e42-4e1e-8b39-28f44e19d091:autoScalingGroupName/ISO-ASG20200531201717357000000005",
            "availability_zones": [
              "eu-west-3a",
              "eu-west-3b"
            ],
            "default_cooldown": 300,
            "desired_capacity": 1,
            "enabled_metrics": null,
            "force_delete": false,
            "health_check_grace_period": 300,
            "health_check_type": "EC2",
            "id": "ISO-ASG20200531201717357000000005",
            "initial_lifecycle_hook": [],
            "launch_configuration": "WIN2016-APP-LC20200531201653901100000004",
            "launch_template": [],
            "load_balancers": [],
            "max_instance_lifetime": 0,
            "max_size": 4,
            "metrics_granularity": "1Minute",
            "min_elb_capacity": null,
            "min_size": 1,
            "mixed_instances_policy": [],
            "name": "ISO-ASG20200531201717357000000005",
            "name_prefix": "ISO-ASG",
            "placement_group": "",
            "protect_from_scale_in": false,
            "service_linked_role_arn": "arn:aws:iam::724852356535:role/aws-service-role/autoscaling.amazonaws.com/AWSServiceRoleForAutoScaling",
            "suspended_processes": null,
            "tag": [],
            "tags": null,
            "target_group_arns": [],
            "termination_policies": null,
            "timeouts": null,
            "vpc_zone_identifier": [
              "subnet-056c3fb57a0a31f8b",
              "subnet-0a7c136d0f98fad0f"
            ],
            "wait_for_capacity_timeout": "10m",
            "wait_for_elb_capacity": null
          },
          "private": "eyJlMmJmYjczMC1lY2FhLTExZTYtOGY4OC0zNDM2M2JjN2M0YzAiOnsiZGVsZXRlIjo2MDAwMDAwMDAwMDB9fQ==",
          "dependencies": [
            "aws_iam_instance_profile.app_instance_profile",
            "aws_iam_role.app_iam_role",
            "aws_key_pair.generated_key",
            "aws_launch_configuration.WIN16_launch_conf",
            "aws_security_group.GATE_SG",
            "aws_security_group.RDSYS_SG",
            "aws_subnet.ISO1_PUBLIC_SUBNET",
            "aws_subnet.ISO2_PRIVATE_SUBNET",
            "aws_vpc.RDSYS_VPC",
            "tls_private_key.app_private_key"
          ]
        }
      ]
    },
    {
      "mode": "managed",
      "type": "aws_autoscaling_group",
      "name": "PRI_asg",
      "provider": "provider.aws",
      "instances": [
        {
          "schema_version": 0,
          "attributes": {
            "arn": "arn:aws:autoscaling:eu-west-3:724852356535:autoScalingGroup:1e65ef1b-b757-4811-82d3-594326a65347:autoScalingGroupName/PRI-ASG20200531201717392900000006",
            "availability_zones": [
              "eu-west-3a",
              "eu-west-3b"
            ],
            "default_cooldown": 300,
            "desired_capacity": 1,
            "enabled_metrics": null,
            "force_delete": false,
            "health_check_grace_period": 300,
            "health_check_type": "EC2",
            "id": "PRI-ASG20200531201717392900000006",
            "initial_lifecycle_hook": [],
            "launch_configuration": "WIN2016-APP-LC20200531201653901100000004",
            "launch_template": [],
            "load_balancers": [],
            "max_instance_lifetime": 0,
            "max_size": 4,
            "metrics_granularity": "1Minute",
            "min_elb_capacity": null,
            "min_size": 1,
            "mixed_instances_policy": [],
            "name": "PRI-ASG20200531201717392900000006",
            "name_prefix": "PRI-ASG",
            "placement_group": "",
            "protect_from_scale_in": false,
            "service_linked_role_arn": "arn:aws:iam::724852356535:role/aws-service-role/autoscaling.amazonaws.com/AWSServiceRoleForAutoScaling",
            "suspended_processes": null,
            "tag": [],
            "tags": null,
            "target_group_arns": [],
            "termination_policies": null,
            "timeouts": null,
            "vpc_zone_identifier": [
              "subnet-005bb4dc75391b2ab",
              "subnet-0749f73d5d99becc6"
            ],
            "wait_for_capacity_timeout": "10m",
            "wait_for_elb_capacity": null
          },
          "private": "eyJlMmJmYjczMC1lY2FhLTExZTYtOGY4OC0zNDM2M2JjN2M0YzAiOnsiZGVsZXRlIjo2MDAwMDAwMDAwMDB9fQ==",
          "dependencies": [
            "aws_iam_instance_profile.app_instance_profile",
            "aws_iam_role.app_iam_role",
            "aws_key_pair.generated_key",
            "aws_launch_configuration.WIN16_launch_conf",
            "aws_security_group.GATE_SG",
            "aws_security_group.RDSYS_SG",
            "aws_subnet.PRI1_PUBLIC_SUBNET",
            "aws_subnet.PRI2_PRIVATE_SUBNET",
            "aws_vpc.RDSYS_VPC",
            "tls_private_key.app_private_key"
          ]
        }
      ]
    },
    {
      "mode": "managed",
      "type": "aws_efs_file_system",
      "name": "DIF_EFS",
      "provider": "provider.aws",
      "instances": [
        {
          "schema_version": 0,
          "attributes": {
            "arn": "arn:aws:elasticfilesystem:eu-west-3:724852356535:file-system/fs-616dd6d0",
            "creation_token": "DIF-EFS",
            "dns_name": "fs-616dd6d0.efs.eu-west-3.amazonaws.com",
            "encrypted": true,
            "id": "fs-616dd6d0",
            "kms_key_id": "arn:aws:kms:eu-west-3:724852356535:key/0adee6d0-4460-4a5c-a2bd-99f90f94ace3",
            "lifecycle_policy": [],
            "performance_mode": "generalPurpose",
            "provisioned_throughput_in_mibps": 0,
            "reference_name": null,
            "tags": {
              "Name": "DIF-EFS"
            },
            "throughput_mode": "bursting"
          },
          "private": "bnVsbA=="
        }
      ]
    },
    {
      "mode": "managed",
      "type": "aws_efs_mount_target",
      "name": "DIF-EFS-MT",
      "provider": "provider.aws",
      "instances": [
        {
          "schema_version": 0,
          "attributes": {
            "dns_name": "fs-616dd6d0.efs.eu-west-3.amazonaws.com",
            "file_system_arn": "arn:aws:elasticfilesystem:eu-west-3:724852356535:file-system/fs-616dd6d0",
            "file_system_id": "fs-616dd6d0",
            "id": "fsmt-3fc8038e",
            "ip_address": "10.12.4.212",
            "network_interface_id": "eni-068729184c82221e6",
            "security_groups": [
              "sg-0d0ad940bc68271a1"
            ],
            "subnet_id": "subnet-00238ec9553472510"
          },
          "private": "bnVsbA==",
          "dependencies": [
            "aws_efs_file_system.DIF_EFS",
            "aws_subnet.DIF_PRIVATE_SUBNET",
            "aws_vpc.RDSYS_VPC"
          ]
        }
      ]
    },
    {
      "mode": "managed",
      "type": "aws_iam_instance_profile",
      "name": "app_instance_profile",
      "provider": "provider.aws",
      "instances": [
        {
          "schema_version": 0,
          "attributes": {
            "arn": "arn:aws:iam::724852356535:instance-profile/RDSYS-INSTANCE-PROFILE",
            "create_date": "2020-05-31T20:16:42Z",
            "id": "RDSYS-INSTANCE-PROFILE",
            "name": "RDSYS-INSTANCE-PROFILE",
            "name_prefix": null,
            "path": "/",
            "role": "RDSYS-IAM-ROLE",
            "roles": [],
            "unique_id": "AIPA2RRERGW3VLK3YT6PT"
          },
          "private": "bnVsbA==",
          "dependencies": [
            "aws_iam_role.app_iam_role"
          ]
        }
      ]
    },
    {
      "mode": "managed",
      "type": "aws_iam_role",
      "name": "app_iam_role",
      "provider": "provider.aws",
      "instances": [
        {
          "schema_version": 0,
          "attributes": {
            "arn": "arn:aws:iam::724852356535:role/RDSYS-IAM-ROLE",
            "assume_role_policy": "{\"Version\":\"2012-10-17\",\"Statement\":[{\"Sid\":\"\",\"Effect\":\"Allow\",\"Principal\":{\"Service\":\"ec2.amazonaws.com\"},\"Action\":\"sts:AssumeRole\"}]}",
            "create_date": "2020-05-31T20:16:41Z",
            "description": "",
            "force_detach_policies": false,
            "id": "RDSYS-IAM-ROLE",
            "max_session_duration": 3600,
            "name": "RDSYS-IAM-ROLE",
            "name_prefix": null,
            "path": "/",
            "permissions_boundary": null,
            "tags": null,
            "unique_id": "AROA2RRERGW3RAEJKL3WA"
          },
          "private": "bnVsbA=="
        }
      ]
    },
    {
      "mode": "managed",
      "type": "aws_iam_role_policy_attachment",
      "name": "app_s3_policy_attachment",
      "provider": "provider.aws",
      "instances": [
        {
          "schema_version": 0,
          "attributes": {
            "id": "RDSYS-IAM-ROLE-20200531201642302700000001",
            "policy_arn": "arn:aws:iam::aws:policy/AmazonS3FullAccess",
            "role": "RDSYS-IAM-ROLE"
          },
          "private": "bnVsbA==",
          "dependencies": [
            "aws_iam_role.app_iam_role"
          ]
        }
      ]
    },
    {
      "mode": "managed",
      "type": "aws_instance",
      "name": "API_server",
      "provider": "provider.aws",
      "instances": [
        {
          "schema_version": 1,
          "attributes": {
            "ami": "ami-08f9a552e55285f32",
            "arn": "arn:aws:ec2:eu-west-3:724852356535:instance/i-0cfcc10b460a78113",
            "associate_public_ip_address": false,
            "availability_zone": "eu-west-3a",
            "cpu_core_count": 1,
            "cpu_threads_per_core": 1,
            "credit_specification": [
              {
                "cpu_credits": "standard"
              }
            ],
            "disable_api_termination": false,
            "ebs_block_device": [],
            "ebs_optimized": false,
            "ephemeral_block_device": [],
            "get_password_data": false,
            "hibernation": false,
            "host_id": null,
            "iam_instance_profile": "RDSYS-INSTANCE-PROFILE",
            "id": "i-0cfcc10b460a78113",
            "instance_initiated_shutdown_behavior": "stop",
            "instance_state": "running",
            "instance_type": "t2.micro",
            "ipv6_address_count": 0,
            "ipv6_addresses": [],
            "key_name": "APP-KEY",
            "metadata_options": [
              {
                "http_endpoint": "enabled",
                "http_put_response_hop_limit": 1,
                "http_tokens": "optional"
              }
            ],
            "monitoring": false,
            "network_interface": [],
            "network_interface_id": null,
            "outpost_arn": "",
            "password_data": "",
            "placement_group": "",
            "primary_network_interface_id": "eni-061923362de605d1f",
            "private_dns": "ip-10-12-3-163.eu-west-3.compute.internal",
            "private_ip": "10.12.3.163",
            "public_dns": "",
            "public_ip": "",
            "root_block_device": [
              {
                "delete_on_termination": true,
                "device_name": "/dev/sda1",
                "encrypted": false,
                "iops": 100,
                "kms_key_id": "",
                "volume_id": "vol-0ed948edd95c1a0b9",
                "volume_size": 30,
                "volume_type": "gp2"
              }
            ],
            "security_groups": [],
            "source_dest_check": true,
            "subnet_id": "subnet-046d799a028124f5c",
            "tags": {
              "Name": "API"
            },
            "tenancy": "default",
            "timeouts": null,
            "user_data": "bc0209cbd8f0ade5ac69deeb60789608a2a7aa24",
            "user_data_base64": null,
            "volume_tags": {},
            "vpc_security_group_ids": [
              "sg-02b10d277d168e232"
            ]
          },
          "private": "eyJlMmJmYjczMC1lY2FhLTExZTYtOGY4OC0zNDM2M2JjN2M0YzAiOnsiY3JlYXRlIjo2MDAwMDAwMDAwMDAsImRlbGV0ZSI6MTIwMDAwMDAwMDAwMCwidXBkYXRlIjo2MDAwMDAwMDAwMDB9LCJzY2hlbWFfdmVyc2lvbiI6IjEifQ==",
          "dependencies": [
            "aws_iam_instance_profile.app_instance_profile",
            "aws_iam_role.app_iam_role",
            "aws_key_pair.generated_key",
            "aws_security_group.RDSYS_SG",
            "aws_subnet.API_PRIVATE_SUBNET",
            "aws_vpc.RDSYS_VPC",
            "tls_private_key.app_private_key"
          ]
        }
      ]
    },
    {
      "mode": "managed",
      "type": "aws_instance",
      "name": "BACK",
      "provider": "provider.aws",
      "instances": [
        {
          "schema_version": 1,
          "attributes": {
            "ami": "ami-08f9a552e55285f32",
            "arn": "arn:aws:ec2:eu-west-3:724852356535:instance/i-0bc3e980c43bc4510",
            "associate_public_ip_address": true,
            "availability_zone": "eu-west-3a",
            "cpu_core_count": 1,
            "cpu_threads_per_core": 1,
            "credit_specification": [
              {
                "cpu_credits": "standard"
              }
            ],
            "disable_api_termination": false,
            "ebs_block_device": [],
            "ebs_optimized": false,
            "ephemeral_block_device": [],
            "get_password_data": false,
            "hibernation": false,
            "host_id": null,
            "iam_instance_profile": "RDSYS-INSTANCE-PROFILE",
            "id": "i-0bc3e980c43bc4510",
            "instance_initiated_shutdown_behavior": "stop",
            "instance_state": "running",
            "instance_type": "t2.micro",
            "ipv6_address_count": 0,
            "ipv6_addresses": [],
            "key_name": "APP-KEY",
            "metadata_options": [
              {
                "http_endpoint": "enabled",
                "http_put_response_hop_limit": 1,
                "http_tokens": "optional"
              }
            ],
            "monitoring": false,
            "network_interface": [],
            "network_interface_id": null,
            "outpost_arn": "",
            "password_data": "",
            "placement_group": "",
            "primary_network_interface_id": "eni-04687ef0eecc10c75",
            "private_dns": "ip-10-12-2-184.eu-west-3.compute.internal",
            "private_ip": "10.12.2.184",
            "public_dns": "ec2-15-188-75-208.eu-west-3.compute.amazonaws.com",
            "public_ip": "15.188.75.208",
            "root_block_device": [
              {
                "delete_on_termination": true,
                "device_name": "/dev/sda1",
                "encrypted": false,
                "iops": 100,
                "kms_key_id": "",
                "volume_id": "vol-087d12fdff9c090da",
                "volume_size": 30,
                "volume_type": "gp2"
              }
            ],
            "security_groups": [],
            "source_dest_check": true,
            "subnet_id": "subnet-05d692f863fac078e",
            "tags": {
              "Name": "BACK"
            },
            "tenancy": "default",
            "timeouts": null,
            "user_data": "04f80fbd41ea81b77f7b53bbb2500c9ae69f36b8",
            "user_data_base64": null,
            "volume_tags": {},
            "vpc_security_group_ids": [
              "sg-0affbb695d07daafa"
            ]
          },
          "private": "eyJlMmJmYjczMC1lY2FhLTExZTYtOGY4OC0zNDM2M2JjN2M0YzAiOnsiY3JlYXRlIjo2MDAwMDAwMDAwMDAsImRlbGV0ZSI6MTIwMDAwMDAwMDAwMCwidXBkYXRlIjo2MDAwMDAwMDAwMDB9LCJzY2hlbWFfdmVyc2lvbiI6IjEifQ==",
          "dependencies": [
            "aws_iam_instance_profile.app_instance_profile",
            "aws_iam_role.app_iam_role",
            "aws_key_pair.generated_key",
            "aws_security_group.GATE_SG",
            "aws_subnet.BACK_PUBLIC_SUBNET",
            "aws_vpc.RDSYS_VPC",
            "tls_private_key.app_private_key"
          ]
        }
      ]
    },
    {
      "mode": "managed",
      "type": "aws_instance",
      "name": "DIF_server",
      "provider": "provider.aws",
      "instances": [
        {
          "schema_version": 1,
          "attributes": {
            "ami": "ami-08f9a552e55285f32",
            "arn": "arn:aws:ec2:eu-west-3:724852356535:instance/i-078148604b822aa60",
            "associate_public_ip_address": false,
            "availability_zone": "eu-west-3c",
            "cpu_core_count": 1,
            "cpu_threads_per_core": 1,
            "credit_specification": [
              {
                "cpu_credits": "standard"
              }
            ],
            "disable_api_termination": false,
            "ebs_block_device": [],
            "ebs_optimized": false,
            "ephemeral_block_device": [],
            "get_password_data": false,
            "hibernation": false,
            "host_id": null,
            "iam_instance_profile": "RDSYS-INSTANCE-PROFILE",
            "id": "i-078148604b822aa60",
            "instance_initiated_shutdown_behavior": "stop",
            "instance_state": "running",
            "instance_type": "t2.micro",
            "ipv6_address_count": 0,
            "ipv6_addresses": [],
            "key_name": "APP-KEY",
            "metadata_options": [
              {
                "http_endpoint": "enabled",
                "http_put_response_hop_limit": 1,
                "http_tokens": "optional"
              }
            ],
            "monitoring": false,
            "network_interface": [],
            "network_interface_id": null,
            "outpost_arn": "",
            "password_data": "",
            "placement_group": "",
            "primary_network_interface_id": "eni-05095fe0227c1bc66",
            "private_dns": "ip-10-12-4-185.eu-west-3.compute.internal",
            "private_ip": "10.12.4.185",
            "public_dns": "",
            "public_ip": "",
            "root_block_device": [
              {
                "delete_on_termination": true,
                "device_name": "/dev/sda1",
                "encrypted": false,
                "iops": 100,
                "kms_key_id": "",
                "volume_id": "vol-04dd515a4aacd7bd5",
                "volume_size": 30,
                "volume_type": "gp2"
              }
            ],
            "security_groups": [],
            "source_dest_check": true,
            "subnet_id": "subnet-00238ec9553472510",
            "tags": {
              "Name": "DIF"
            },
            "tenancy": "default",
            "timeouts": null,
            "user_data": "bc0209cbd8f0ade5ac69deeb60789608a2a7aa24",
            "user_data_base64": null,
            "volume_tags": {},
            "vpc_security_group_ids": [
              "sg-02b10d277d168e232"
            ]
          },
          "private": "eyJlMmJmYjczMC1lY2FhLTExZTYtOGY4OC0zNDM2M2JjN2M0YzAiOnsiY3JlYXRlIjo2MDAwMDAwMDAwMDAsImRlbGV0ZSI6MTIwMDAwMDAwMDAwMCwidXBkYXRlIjo2MDAwMDAwMDAwMDB9LCJzY2hlbWFfdmVyc2lvbiI6IjEifQ==",
          "dependencies": [
            "aws_iam_instance_profile.app_instance_profile",
            "aws_iam_role.app_iam_role",
            "aws_key_pair.generated_key",
            "aws_security_group.RDSYS_SG",
            "aws_subnet.DIF_PRIVATE_SUBNET",
            "aws_vpc.RDSYS_VPC",
            "tls_private_key.app_private_key"
          ]
        }
      ]
    },
    {
      "mode": "managed",
      "type": "aws_instance",
      "name": "ISO_server_1",
      "provider": "provider.aws",
      "instances": [
        {
          "schema_version": 1,
          "attributes": {
            "ami": "ami-08f9a552e55285f32",
            "arn": "arn:aws:ec2:eu-west-3:724852356535:instance/i-0ad7d786a45a4b0cb",
            "associate_public_ip_address": true,
            "availability_zone": "eu-west-3a",
            "cpu_core_count": 1,
            "cpu_threads_per_core": 1,
            "credit_specification": [
              {
                "cpu_credits": "standard"
              }
            ],
            "disable_api_termination": false,
            "ebs_block_device": [],
            "ebs_optimized": false,
            "ephemeral_block_device": [],
            "get_password_data": false,
            "hibernation": false,
            "host_id": null,
            "iam_instance_profile": "RDSYS-INSTANCE-PROFILE",
            "id": "i-0ad7d786a45a4b0cb",
            "instance_initiated_shutdown_behavior": "stop",
            "instance_state": "running",
            "instance_type": "t2.micro",
            "ipv6_address_count": 0,
            "ipv6_addresses": [],
            "key_name": "APP-KEY",
            "metadata_options": [
              {
                "http_endpoint": "enabled",
                "http_put_response_hop_limit": 1,
                "http_tokens": "optional"
              }
            ],
            "monitoring": false,
            "network_interface": [],
            "network_interface_id": null,
            "outpost_arn": "",
            "password_data": "",
            "placement_group": "",
            "primary_network_interface_id": "eni-0ba93f125c31d6a28",
            "private_dns": "ip-10-12-1-75.eu-west-3.compute.internal",
            "private_ip": "10.12.1.75",
            "public_dns": "ec2-35-181-7-168.eu-west-3.compute.amazonaws.com",
            "public_ip": "35.181.7.168",
            "root_block_device": [
              {
                "delete_on_termination": true,
                "device_name": "/dev/sda1",
                "encrypted": false,
                "iops": 100,
                "kms_key_id": "",
                "volume_id": "vol-0475dd71eac5027ef",
                "volume_size": 30,
                "volume_type": "gp2"
              }
            ],
            "security_groups": [],
            "source_dest_check": true,
            "subnet_id": "subnet-056c3fb57a0a31f8b",
            "tags": {
              "Name": "ISO-1"
            },
            "tenancy": "default",
            "timeouts": null,
            "user_data": "bc0209cbd8f0ade5ac69deeb60789608a2a7aa24",
            "user_data_base64": null,
            "volume_tags": {},
            "vpc_security_group_ids": [
              "sg-0affbb695d07daafa"
            ]
          },
          "private": "eyJlMmJmYjczMC1lY2FhLTExZTYtOGY4OC0zNDM2M2JjN2M0YzAiOnsiY3JlYXRlIjo2MDAwMDAwMDAwMDAsImRlbGV0ZSI6MTIwMDAwMDAwMDAwMCwidXBkYXRlIjo2MDAwMDAwMDAwMDB9LCJzY2hlbWFfdmVyc2lvbiI6IjEifQ==",
          "dependencies": [
            "aws_iam_instance_profile.app_instance_profile",
            "aws_iam_role.app_iam_role",
            "aws_key_pair.generated_key",
            "aws_security_group.GATE_SG",
            "aws_subnet.ISO1_PUBLIC_SUBNET",
            "aws_vpc.RDSYS_VPC",
            "tls_private_key.app_private_key"
          ]
        }
      ]
    },
    {
      "mode": "managed",
      "type": "aws_instance",
      "name": "ISO_server_2",
      "provider": "provider.aws",
      "instances": [
        {
          "schema_version": 1,
          "attributes": {
            "ami": "ami-08f9a552e55285f32",
            "arn": "arn:aws:ec2:eu-west-3:724852356535:instance/i-060c40b1ef6da1102",
            "associate_public_ip_address": false,
            "availability_zone": "eu-west-3b",
            "cpu_core_count": 1,
            "cpu_threads_per_core": 1,
            "credit_specification": [
              {
                "cpu_credits": "standard"
              }
            ],
            "disable_api_termination": false,
            "ebs_block_device": [],
            "ebs_optimized": false,
            "ephemeral_block_device": [],
            "get_password_data": false,
            "hibernation": false,
            "host_id": null,
            "iam_instance_profile": "RDSYS-INSTANCE-PROFILE",
            "id": "i-060c40b1ef6da1102",
            "instance_initiated_shutdown_behavior": "stop",
            "instance_state": "running",
            "instance_type": "t2.micro",
            "ipv6_address_count": 0,
            "ipv6_addresses": [],
            "key_name": "APP-KEY",
            "metadata_options": [
              {
                "http_endpoint": "enabled",
                "http_put_response_hop_limit": 1,
                "http_tokens": "optional"
              }
            ],
            "monitoring": false,
            "network_interface": [],
            "network_interface_id": null,
            "outpost_arn": "",
            "password_data": "",
            "placement_group": "",
            "primary_network_interface_id": "eni-05c77ee9bdb67001d",
            "private_dns": "ip-10-12-1-245.eu-west-3.compute.internal",
            "private_ip": "10.12.1.245",
            "public_dns": "",
            "public_ip": "",
            "root_block_device": [
              {
                "delete_on_termination": true,
                "device_name": "/dev/sda1",
                "encrypted": false,
                "iops": 100,
                "kms_key_id": "",
                "volume_id": "vol-03eddc2056b60a7b2",
                "volume_size": 30,
                "volume_type": "gp2"
              }
            ],
            "security_groups": [],
            "source_dest_check": true,
            "subnet_id": "subnet-0a7c136d0f98fad0f",
            "tags": {
              "Name": "ISO-2"
            },
            "tenancy": "default",
            "timeouts": null,
            "user_data": "bc0209cbd8f0ade5ac69deeb60789608a2a7aa24",
            "user_data_base64": null,
            "volume_tags": {},
            "vpc_security_group_ids": [
              "sg-02b10d277d168e232"
            ]
          },
          "private": "eyJlMmJmYjczMC1lY2FhLTExZTYtOGY4OC0zNDM2M2JjN2M0YzAiOnsiY3JlYXRlIjo2MDAwMDAwMDAwMDAsImRlbGV0ZSI6MTIwMDAwMDAwMDAwMCwidXBkYXRlIjo2MDAwMDAwMDAwMDB9LCJzY2hlbWFfdmVyc2lvbiI6IjEifQ==",
          "dependencies": [
            "aws_iam_instance_profile.app_instance_profile",
            "aws_iam_role.app_iam_role",
            "aws_key_pair.generated_key",
            "aws_security_group.RDSYS_SG",
            "aws_subnet.ISO2_PRIVATE_SUBNET",
            "aws_vpc.RDSYS_VPC",
            "tls_private_key.app_private_key"
          ]
        }
      ]
    },
    {
      "mode": "managed",
      "type": "aws_instance",
      "name": "PRI_1",
      "provider": "provider.aws",
      "instances": [
        {
          "schema_version": 1,
          "attributes": {
            "ami": "ami-08f9a552e55285f32",
            "arn": "arn:aws:ec2:eu-west-3:724852356535:instance/i-0467257a1eba5e275",
            "associate_public_ip_address": true,
            "availability_zone": "eu-west-3a",
            "cpu_core_count": 1,
            "cpu_threads_per_core": 1,
            "credit_specification": [
              {
                "cpu_credits": "standard"
              }
            ],
            "disable_api_termination": false,
            "ebs_block_device": [],
            "ebs_optimized": false,
            "ephemeral_block_device": [],
            "get_password_data": false,
            "hibernation": false,
            "host_id": null,
            "iam_instance_profile": "RDSYS-INSTANCE-PROFILE",
            "id": "i-0467257a1eba5e275",
            "instance_initiated_shutdown_behavior": "stop",
            "instance_state": "running",
            "instance_type": "t2.micro",
            "ipv6_address_count": 0,
            "ipv6_addresses": [],
            "key_name": "APP-KEY",
            "metadata_options": [
              {
                "http_endpoint": "enabled",
                "http_put_response_hop_limit": 1,
                "http_tokens": "optional"
              }
            ],
            "monitoring": false,
            "network_interface": [],
            "network_interface_id": null,
            "outpost_arn": "",
            "password_data": "",
            "placement_group": "",
            "primary_network_interface_id": "eni-08636824e3524d4b6",
            "private_dns": "ip-10-12-0-118.eu-west-3.compute.internal",
            "private_ip": "10.12.0.118",
            "public_dns": "ec2-35-180-124-177.eu-west-3.compute.amazonaws.com",
            "public_ip": "35.180.124.177",
            "root_block_device": [
              {
                "delete_on_termination": true,
                "device_name": "/dev/sda1",
                "encrypted": false,
                "iops": 100,
                "kms_key_id": "",
                "volume_id": "vol-0a4ee71a57337ecf3",
                "volume_size": 30,
                "volume_type": "gp2"
              }
            ],
            "security_groups": [],
            "source_dest_check": true,
            "subnet_id": "subnet-005bb4dc75391b2ab",
            "tags": {
              "Name": "PRI-1"
            },
            "tenancy": "default",
            "timeouts": null,
            "user_data": "04f80fbd41ea81b77f7b53bbb2500c9ae69f36b8",
            "user_data_base64": null,
            "volume_tags": {},
            "vpc_security_group_ids": [
              "sg-0affbb695d07daafa"
            ]
          },
          "private": "eyJlMmJmYjczMC1lY2FhLTExZTYtOGY4OC0zNDM2M2JjN2M0YzAiOnsiY3JlYXRlIjo2MDAwMDAwMDAwMDAsImRlbGV0ZSI6MTIwMDAwMDAwMDAwMCwidXBkYXRlIjo2MDAwMDAwMDAwMDB9LCJzY2hlbWFfdmVyc2lvbiI6IjEifQ==",
          "dependencies": [
            "aws_iam_instance_profile.app_instance_profile",
            "aws_iam_role.app_iam_role",
            "aws_key_pair.generated_key",
            "aws_security_group.GATE_SG",
            "aws_subnet.PRI1_PUBLIC_SUBNET",
            "aws_vpc.RDSYS_VPC",
            "tls_private_key.app_private_key"
          ]
        }
      ]
    },
    {
      "mode": "managed",
      "type": "aws_instance",
      "name": "PRI_2",
      "provider": "provider.aws",
      "instances": [
        {
          "schema_version": 1,
          "attributes": {
            "ami": "ami-08f9a552e55285f32",
            "arn": "arn:aws:ec2:eu-west-3:724852356535:instance/i-0bdf130c1e37ab9e8",
            "associate_public_ip_address": false,
            "availability_zone": "eu-west-3b",
            "cpu_core_count": 1,
            "cpu_threads_per_core": 1,
            "credit_specification": [
              {
                "cpu_credits": "standard"
              }
            ],
            "disable_api_termination": false,
            "ebs_block_device": [],
            "ebs_optimized": false,
            "ephemeral_block_device": [],
            "get_password_data": false,
            "hibernation": false,
            "host_id": null,
            "iam_instance_profile": "RDSYS-INSTANCE-PROFILE",
            "id": "i-0bdf130c1e37ab9e8",
            "instance_initiated_shutdown_behavior": "stop",
            "instance_state": "running",
            "instance_type": "t2.micro",
            "ipv6_address_count": 0,
            "ipv6_addresses": [],
            "key_name": "APP-KEY",
            "metadata_options": [
              {
                "http_endpoint": "enabled",
                "http_put_response_hop_limit": 1,
                "http_tokens": "optional"
              }
            ],
            "monitoring": false,
            "network_interface": [],
            "network_interface_id": null,
            "outpost_arn": "",
            "password_data": "",
            "placement_group": "",
            "primary_network_interface_id": "eni-0b4b81118790d5cc6",
            "private_dns": "ip-10-12-0-246.eu-west-3.compute.internal",
            "private_ip": "10.12.0.246",
            "public_dns": "",
            "public_ip": "",
            "root_block_device": [
              {
                "delete_on_termination": true,
                "device_name": "/dev/sda1",
                "encrypted": false,
                "iops": 100,
                "kms_key_id": "",
                "volume_id": "vol-018097e63463c277c",
                "volume_size": 30,
                "volume_type": "gp2"
              }
            ],
            "security_groups": [],
            "source_dest_check": true,
            "subnet_id": "subnet-0749f73d5d99becc6",
            "tags": {
              "Name": "PRI-2"
            },
            "tenancy": "default",
            "timeouts": null,
            "user_data": "04f80fbd41ea81b77f7b53bbb2500c9ae69f36b8",
            "user_data_base64": null,
            "volume_tags": {},
            "vpc_security_group_ids": [
              "sg-02b10d277d168e232"
            ]
          },
          "private": "eyJlMmJmYjczMC1lY2FhLTExZTYtOGY4OC0zNDM2M2JjN2M0YzAiOnsiY3JlYXRlIjo2MDAwMDAwMDAwMDAsImRlbGV0ZSI6MTIwMDAwMDAwMDAwMCwidXBkYXRlIjo2MDAwMDAwMDAwMDB9LCJzY2hlbWFfdmVyc2lvbiI6IjEifQ==",
          "dependencies": [
            "aws_iam_instance_profile.app_instance_profile",
            "aws_iam_role.app_iam_role",
            "aws_key_pair.generated_key",
            "aws_security_group.RDSYS_SG",
            "aws_subnet.PRI2_PRIVATE_SUBNET",
            "aws_vpc.RDSYS_VPC",
            "tls_private_key.app_private_key"
          ]
        }
      ]
    },
    {
      "mode": "managed",
      "type": "aws_instance",
      "name": "ubuntu_webserver_BACK",
      "provider": "provider.aws",
      "instances": [
        {
          "schema_version": 1,
          "attributes": {
            "ami": "ami-08c757228751c5335",
            "arn": "arn:aws:ec2:eu-west-3:724852356535:instance/i-07f0e09e517fac94b",
            "associate_public_ip_address": true,
            "availability_zone": "eu-west-3a",
            "cpu_core_count": 1,
            "cpu_threads_per_core": 1,
            "credit_specification": [
              {
                "cpu_credits": "standard"
              }
            ],
            "disable_api_termination": false,
            "ebs_block_device": [],
            "ebs_optimized": false,
            "ephemeral_block_device": [],
            "get_password_data": false,
            "hibernation": false,
            "host_id": null,
            "iam_instance_profile": "RDSYS-INSTANCE-PROFILE",
            "id": "i-07f0e09e517fac94b",
            "instance_initiated_shutdown_behavior": "stop",
            "instance_state": "running",
            "instance_type": "t2.micro",
            "ipv6_address_count": 0,
            "ipv6_addresses": [],
            "key_name": "APP-KEY",
            "metadata_options": [
              {
                "http_endpoint": "enabled",
                "http_put_response_hop_limit": 1,
                "http_tokens": "optional"
              }
            ],
            "monitoring": false,
            "network_interface": [],
            "network_interface_id": null,
            "outpost_arn": "",
            "password_data": "",
            "placement_group": "",
            "primary_network_interface_id": "eni-00abb3d358aa4f580",
            "private_dns": "ip-10-12-2-226.eu-west-3.compute.internal",
            "private_ip": "10.12.2.226",
            "public_dns": "ec2-35-180-172-8.eu-west-3.compute.amazonaws.com",
            "public_ip": "35.180.172.8",
            "root_block_device": [
              {
                "delete_on_termination": true,
                "device_name": "/dev/sda1",
                "encrypted": false,
                "iops": 100,
                "kms_key_id": "",
                "volume_id": "vol-028ca4df2d80d5955",
                "volume_size": 8,
                "volume_type": "gp2"
              }
            ],
            "security_groups": [],
            "source_dest_check": true,
            "subnet_id": "subnet-05d692f863fac078e",
            "tags": {
              "Name": "BACK-Nginx"
            },
            "tenancy": "default",
            "timeouts": null,
            "user_data": "8f30e49f3b31a3477bec3b81728ab713a58d3643",
            "user_data_base64": null,
            "volume_tags": {},
            "vpc_security_group_ids": [
              "sg-02b10d277d168e232",
              "sg-0affbb695d07daafa"
            ]
          },
          "private": "eyJlMmJmYjczMC1lY2FhLTExZTYtOGY4OC0zNDM2M2JjN2M0YzAiOnsiY3JlYXRlIjo2MDAwMDAwMDAwMDAsImRlbGV0ZSI6MTIwMDAwMDAwMDAwMCwidXBkYXRlIjo2MDAwMDAwMDAwMDB9LCJzY2hlbWFfdmVyc2lvbiI6IjEifQ==",
          "dependencies": [
            "aws_iam_instance_profile.app_instance_profile",
            "aws_iam_role.app_iam_role",
            "aws_key_pair.generated_key",
            "aws_security_group.GATE_SG",
            "aws_security_group.RDSYS_SG",
            "aws_subnet.BACK_PUBLIC_SUBNET",
            "aws_vpc.RDSYS_VPC",
            "tls_private_key.app_private_key"
          ]
        }
      ]
    },
    {
      "mode": "managed",
      "type": "aws_instance",
      "name": "windows_webserver_BACK",
      "provider": "provider.aws",
      "instances": [
        {
          "schema_version": 1,
          "attributes": {
            "ami": "ami-08f9a552e55285f32",
            "arn": "arn:aws:ec2:eu-west-3:724852356535:instance/i-075306ff852e290a5",
            "associate_public_ip_address": true,
            "availability_zone": "eu-west-3a",
            "cpu_core_count": 1,
            "cpu_threads_per_core": 1,
            "credit_specification": [
              {
                "cpu_credits": "standard"
              }
            ],
            "disable_api_termination": false,
            "ebs_block_device": [],
            "ebs_optimized": false,
            "ephemeral_block_device": [],
            "get_password_data": false,
            "hibernation": false,
            "host_id": null,
            "iam_instance_profile": "RDSYS-INSTANCE-PROFILE",
            "id": "i-075306ff852e290a5",
            "instance_initiated_shutdown_behavior": "stop",
            "instance_state": "running",
            "instance_type": "t2.micro",
            "ipv6_address_count": 0,
            "ipv6_addresses": [],
            "key_name": "APP-KEY",
            "metadata_options": [
              {
                "http_endpoint": "enabled",
                "http_put_response_hop_limit": 1,
                "http_tokens": "optional"
              }
            ],
            "monitoring": false,
            "network_interface": [],
            "network_interface_id": null,
            "outpost_arn": "",
            "password_data": "",
            "placement_group": "",
            "primary_network_interface_id": "eni-03a24436bb30bdd60",
            "private_dns": "ip-10-12-2-132.eu-west-3.compute.internal",
            "private_ip": "10.12.2.132",
            "public_dns": "ec2-35-180-232-6.eu-west-3.compute.amazonaws.com",
            "public_ip": "35.180.232.6",
            "root_block_device": [
              {
                "delete_on_termination": true,
                "device_name": "/dev/sda1",
                "encrypted": false,
                "iops": 100,
                "kms_key_id": "",
                "volume_id": "vol-0651109d63500873d",
                "volume_size": 30,
                "volume_type": "gp2"
              }
            ],
            "security_groups": [],
            "source_dest_check": true,
            "subnet_id": "subnet-05d692f863fac078e",
            "tags": {
              "Name": "BACK-IIS"
            },
            "tenancy": "default",
            "timeouts": null,
            "user_data": "bc0209cbd8f0ade5ac69deeb60789608a2a7aa24",
            "user_data_base64": null,
            "volume_tags": {},
            "vpc_security_group_ids": [
              "sg-02b10d277d168e232",
              "sg-0affbb695d07daafa"
            ]
          },
          "private": "eyJlMmJmYjczMC1lY2FhLTExZTYtOGY4OC0zNDM2M2JjN2M0YzAiOnsiY3JlYXRlIjo2MDAwMDAwMDAwMDAsImRlbGV0ZSI6MTIwMDAwMDAwMDAwMCwidXBkYXRlIjo2MDAwMDAwMDAwMDB9LCJzY2hlbWFfdmVyc2lvbiI6IjEifQ==",
          "dependencies": [
            "aws_iam_instance_profile.app_instance_profile",
            "aws_iam_role.app_iam_role",
            "aws_key_pair.generated_key",
            "aws_security_group.GATE_SG",
            "aws_security_group.RDSYS_SG",
            "aws_subnet.BACK_PUBLIC_SUBNET",
            "aws_vpc.RDSYS_VPC",
            "tls_private_key.app_private_key"
          ]
        }
      ]
    },
    {
      "mode": "managed",
      "type": "aws_internet_gateway",
      "name": "RDSYS_IGW",
      "provider": "provider.aws",
      "instances": [
        {
          "schema_version": 0,
          "attributes": {
            "id": "igw-06de3b8f6f71a60be",
            "owner_id": "724852356535",
            "tags": {
              "Name": "RDSYS-IGW"
            },
            "vpc_id": "vpc-0bd248731e6129d37"
          },
          "private": "bnVsbA==",
          "dependencies": [
            "aws_vpc.RDSYS_VPC"
          ]
        }
      ]
    },
    {
      "mode": "managed",
      "type": "aws_key_pair",
      "name": "generated_key",
      "provider": "provider.aws",
      "instances": [
        {
          "schema_version": 1,
          "attributes": {
            "fingerprint": "9c:66:d8:81:49:3f:11:d6:13:5a:6b:db:7a:02:d2:80",
            "id": "APP-KEY",
            "key_name": "APP-KEY",
            "key_name_prefix": null,
            "key_pair_id": "key-0bc10a104f05234ac",
            "public_key": "ssh-rsa AAAAB3NzaC1yc2EAAAADAQABAAACAQDfuQyb4avXeQ2CrTCDfn5RfylD4pJZldAr42DdX8U4b6QNlQ/YvkmUlmsaugOvNchk4+E+T39P1acqI+2Wq0/PzzAZ9y/93FrgnBuecM5wpaLhh4Kq9LJAr4AGY5yH3/O6+vT5TbPkzChFTdgg98ubkyeAX3XRVDH5G+l/ehR4QREIA999VKTekeVVEw4VZ1sgcaVCZ57Cd6T65+aTTGXJGMpUXkp+k4htFrvPxRa9KPTqNbplxdleXSO1WYaNGdYdjN+S1TyNdKijlAzoVTKHwUfesRg17K7wkGnr6us9VHlHFvtmdGGHUKSF1Z/fR30qNGSVMCo6jOJy8IHAF4EDHYaQKku2V4DduCf+lIuc0fqnXayPTQjd0+fIYDFfSYOghBpZjMS/cbBpBgC3+0u0RanFEEvYUmJOco+4zl483V/GUwYxFKGNtidXXEGLDBcvtt1RaL+Ns6CheaRFa6HzWVj8Ud5m3EY0JqMsgNZnqKkhpZuyyTDZ0P5L1iy2+T5f2iUny19B7YTpWSfl7Fl3YjxDsIBNNcje6l4m+q3lMMN6pEAHfBTO3sv/SAe/Y/Klv4a6cSaHRgnMXAP7E71UqhIrdJz9BWEyIVQdaQct0f15tNWHEW+30kgfqLYFMTtZXbQLnbfoVxCsZj3a8M35OFNVaUycx9jfghlygzG5DQ==",
            "tags": null
          },
          "private": "eyJzY2hlbWFfdmVyc2lvbiI6IjEifQ==",
          "dependencies": [
            "tls_private_key.app_private_key"
          ]
        }
      ]
    },
    {
      "mode": "managed",
      "type": "aws_launch_configuration",
      "name": "UBUNTU_launch_conf",
      "provider": "provider.aws",
      "instances": [
        {
          "schema_version": 0,
          "attributes": {
            "arn": "arn:aws:autoscaling:eu-west-3:724852356535:launchConfiguration:462e8e8e-3d96-4fda-9343-534e2e77f5ee:launchConfigurationName/UBUNTU-APP-LC20200531201650068700000003",
            "associate_public_ip_address": false,
            "ebs_block_device": [],
            "ebs_optimized": false,
            "enable_monitoring": true,
            "ephemeral_block_device": [],
            "iam_instance_profile": "RDSYS-INSTANCE-PROFILE",
            "id": "UBUNTU-APP-LC20200531201650068700000003",
            "image_id": "ami-08c757228751c5335",
            "instance_type": "t2.micro",
            "key_name": "APP-KEY",
            "name": "UBUNTU-APP-LC20200531201650068700000003",
            "name_prefix": "UBUNTU-APP-LC",
            "placement_tenancy": null,
            "root_block_device": [
              {
                "delete_on_termination": true,
                "encrypted": false,
                "iops": 0,
                "volume_size": 60,
                "volume_type": "gp2"
              }
            ],
            "security_groups": [
              "sg-02b10d277d168e232",
              "sg-0affbb695d07daafa"
            ],
            "spot_price": "",
            "user_data": "8f30e49f3b31a3477bec3b81728ab713a58d3643",
            "user_data_base64": null,
            "vpc_classic_link_id": "",
            "vpc_classic_link_security_groups": null
          },
          "private": "bnVsbA==",
          "dependencies": [
            "aws_iam_instance_profile.app_instance_profile",
            "aws_iam_role.app_iam_role",
            "aws_key_pair.generated_key",
            "aws_security_group.GATE_SG",
            "aws_security_group.RDSYS_SG",
            "aws_vpc.RDSYS_VPC",
            "tls_private_key.app_private_key"
          ]
        }
      ]
    },
    {
      "mode": "managed",
      "type": "aws_launch_configuration",
      "name": "WIN16_launch_conf",
      "provider": "provider.aws",
      "instances": [
        {
          "schema_version": 0,
          "attributes": {
            "arn": "arn:aws:autoscaling:eu-west-3:724852356535:launchConfiguration:9e65489f-f92a-4c18-b1e4-dc7cb421c1c1:launchConfigurationName/WIN2016-APP-LC20200531201653901100000004",
            "associate_public_ip_address": false,
            "ebs_block_device": [],
            "ebs_optimized": false,
            "enable_monitoring": true,
            "ephemeral_block_device": [],
            "iam_instance_profile": "RDSYS-INSTANCE-PROFILE",
            "id": "WIN2016-APP-LC20200531201653901100000004",
            "image_id": "ami-08f9a552e55285f32",
            "instance_type": "t2.micro",
            "key_name": "APP-KEY",
            "name": "WIN2016-APP-LC20200531201653901100000004",
            "name_prefix": "WIN2016-APP-LC",
            "placement_tenancy": null,
            "root_block_device": [
              {
                "delete_on_termination": true,
                "encrypted": false,
                "iops": 0,
                "volume_size": 60,
                "volume_type": "gp2"
              }
            ],
            "security_groups": [
              "sg-02b10d277d168e232",
              "sg-0affbb695d07daafa"
            ],
            "spot_price": "",
            "user_data": "bc0209cbd8f0ade5ac69deeb60789608a2a7aa24",
            "user_data_base64": null,
            "vpc_classic_link_id": "",
            "vpc_classic_link_security_groups": null
          },
          "private": "bnVsbA==",
          "dependencies": [
            "aws_iam_instance_profile.app_instance_profile",
            "aws_iam_role.app_iam_role",
            "aws_key_pair.generated_key",
            "aws_security_group.GATE_SG",
            "aws_security_group.RDSYS_SG",
            "aws_vpc.RDSYS_VPC",
            "tls_private_key.app_private_key"
          ]
        }
      ]
    },
    {
      "mode": "managed",
      "type": "aws_lb",
      "name": "ISO_alb",
      "provider": "provider.aws",
      "instances": [
        {
          "schema_version": 0,
          "attributes": {
            "access_logs": [
              {
                "bucket": "",
                "enabled": false,
                "prefix": ""
              }
            ],
            "arn": "arn:aws:elasticloadbalancing:eu-west-3:724852356535:loadbalancer/app/ISO-ALB/f59f7697e6bd7786",
            "arn_suffix": "app/ISO-ALB/f59f7697e6bd7786",
            "dns_name": "internal-ISO-ALB-236496550.eu-west-3.elb.amazonaws.com",
            "drop_invalid_header_fields": false,
            "enable_cross_zone_load_balancing": null,
            "enable_deletion_protection": false,
            "enable_http2": true,
            "id": "arn:aws:elasticloadbalancing:eu-west-3:724852356535:loadbalancer/app/ISO-ALB/f59f7697e6bd7786",
            "idle_timeout": 600,
            "internal": true,
            "ip_address_type": "ipv4",
            "load_balancer_type": "application",
            "name": "ISO-ALB",
            "name_prefix": null,
            "security_groups": [
              "sg-0d1506a2d4bdace6d"
            ],
            "subnet_mapping": [
              {
                "allocation_id": "",
                "subnet_id": "subnet-056c3fb57a0a31f8b"
              },
              {
                "allocation_id": "",
                "subnet_id": "subnet-0a7c136d0f98fad0f"
              }
            ],
            "subnets": [
              "subnet-056c3fb57a0a31f8b",
              "subnet-0a7c136d0f98fad0f"
            ],
            "tags": {
              "Name": "ISO-ALB"
            },
            "timeouts": null,
            "vpc_id": "vpc-0bd248731e6129d37",
            "zone_id": "Z3Q77PNBQS71R4"
          },
          "private": "eyJlMmJmYjczMC1lY2FhLTExZTYtOGY4OC0zNDM2M2JjN2M0YzAiOnsiY3JlYXRlIjo2MDAwMDAwMDAwMDAsImRlbGV0ZSI6NjAwMDAwMDAwMDAwLCJ1cGRhdGUiOjYwMDAwMDAwMDAwMH19",
          "dependencies": [
            "aws_security_group.ISO_ALB_SG",
            "aws_subnet.ISO1_PUBLIC_SUBNET",
            "aws_subnet.ISO2_PRIVATE_SUBNET",
            "aws_vpc.RDSYS_VPC"
          ]
        }
      ]
    },
    {
      "mode": "managed",
      "type": "aws_lb",
      "name": "PRI_alb",
      "provider": "provider.aws",
      "instances": [
        {
          "schema_version": 0,
          "attributes": {
            "access_logs": [
              {
                "bucket": "",
                "enabled": false,
                "prefix": ""
              }
            ],
            "arn": "arn:aws:elasticloadbalancing:eu-west-3:724852356535:loadbalancer/app/PRI-ALB/0cacfa7fd3daffc3",
            "arn_suffix": "app/PRI-ALB/0cacfa7fd3daffc3",
            "dns_name": "internal-PRI-ALB-855946125.eu-west-3.elb.amazonaws.com",
            "drop_invalid_header_fields": false,
            "enable_cross_zone_load_balancing": null,
            "enable_deletion_protection": false,
            "enable_http2": true,
            "id": "arn:aws:elasticloadbalancing:eu-west-3:724852356535:loadbalancer/app/PRI-ALB/0cacfa7fd3daffc3",
            "idle_timeout": 600,
            "internal": true,
            "ip_address_type": "ipv4",
            "load_balancer_type": "application",
            "name": "PRI-ALB",
            "name_prefix": null,
            "security_groups": [
              "sg-0cae894c582af0d95"
            ],
            "subnet_mapping": [
              {
                "allocation_id": "",
                "subnet_id": "subnet-005bb4dc75391b2ab"
              },
              {
                "allocation_id": "",
                "subnet_id": "subnet-0749f73d5d99becc6"
              }
            ],
            "subnets": [
              "subnet-005bb4dc75391b2ab",
              "subnet-0749f73d5d99becc6"
            ],
            "tags": {
              "Name": "PRI-ALB"
            },
            "timeouts": null,
            "vpc_id": "vpc-0bd248731e6129d37",
            "zone_id": "Z3Q77PNBQS71R4"
          },
          "private": "eyJlMmJmYjczMC1lY2FhLTExZTYtOGY4OC0zNDM2M2JjN2M0YzAiOnsiY3JlYXRlIjo2MDAwMDAwMDAwMDAsImRlbGV0ZSI6NjAwMDAwMDAwMDAwLCJ1cGRhdGUiOjYwMDAwMDAwMDAwMH19",
          "dependencies": [
            "aws_security_group.PRI_ALB_SG",
            "aws_subnet.PRI1_PUBLIC_SUBNET",
            "aws_subnet.PRI2_PRIVATE_SUBNET",
            "aws_vpc.RDSYS_VPC"
          ]
        }
      ]
    },
    {
      "mode": "managed",
      "type": "aws_lb_listener",
      "name": "ISO_http_listener",
      "provider": "provider.aws",
      "instances": [
        {
          "schema_version": 0,
          "attributes": {
            "arn": "arn:aws:elasticloadbalancing:eu-west-3:724852356535:listener/app/ISO-ALB/f59f7697e6bd7786/46b6fc23017e998e",
            "certificate_arn": null,
            "default_action": [
              {
                "authenticate_cognito": [],
                "authenticate_oidc": [],
                "fixed_response": [],
                "order": 1,
                "redirect": [],
                "target_group_arn": "arn:aws:elasticloadbalancing:eu-west-3:724852356535:targetgroup/ISO-LB-TG/490be15c4c10191a",
                "type": "forward"
              }
            ],
            "id": "arn:aws:elasticloadbalancing:eu-west-3:724852356535:listener/app/ISO-ALB/f59f7697e6bd7786/46b6fc23017e998e",
            "load_balancer_arn": "arn:aws:elasticloadbalancing:eu-west-3:724852356535:loadbalancer/app/ISO-ALB/f59f7697e6bd7786",
            "port": 80,
            "protocol": "HTTP",
            "ssl_policy": "",
            "timeouts": null
          },
          "private": "eyJlMmJmYjczMC1lY2FhLTExZTYtOGY4OC0zNDM2M2JjN2M0YzAiOnsicmVhZCI6NjAwMDAwMDAwMDAwfX0=",
          "dependencies": [
            "aws_lb.ISO_alb",
            "aws_lb_target_group.ISO_TG",
            "aws_security_group.ISO_ALB_SG",
            "aws_subnet.ISO1_PUBLIC_SUBNET",
            "aws_subnet.ISO2_PRIVATE_SUBNET",
            "aws_vpc.RDSYS_VPC"
          ]
        }
      ]
    },
    {
      "mode": "managed",
      "type": "aws_lb_listener",
      "name": "PRI_http_listener",
      "provider": "provider.aws",
      "instances": [
        {
          "schema_version": 0,
          "attributes": {
            "arn": "arn:aws:elasticloadbalancing:eu-west-3:724852356535:listener/app/PRI-ALB/0cacfa7fd3daffc3/da15b21e78474822",
            "certificate_arn": null,
            "default_action": [
              {
                "authenticate_cognito": [],
                "authenticate_oidc": [],
                "fixed_response": [],
                "order": 1,
                "redirect": [],
                "target_group_arn": "arn:aws:elasticloadbalancing:eu-west-3:724852356535:targetgroup/PRI-LB-TG/427a68f4a6a5306a",
                "type": "forward"
              }
            ],
            "id": "arn:aws:elasticloadbalancing:eu-west-3:724852356535:listener/app/PRI-ALB/0cacfa7fd3daffc3/da15b21e78474822",
            "load_balancer_arn": "arn:aws:elasticloadbalancing:eu-west-3:724852356535:loadbalancer/app/PRI-ALB/0cacfa7fd3daffc3",
            "port": 80,
            "protocol": "HTTP",
            "ssl_policy": "",
            "timeouts": null
          },
          "private": "eyJlMmJmYjczMC1lY2FhLTExZTYtOGY4OC0zNDM2M2JjN2M0YzAiOnsicmVhZCI6NjAwMDAwMDAwMDAwfX0=",
          "dependencies": [
            "aws_lb.PRI_alb",
            "aws_lb_target_group.PRI_TG",
            "aws_security_group.PRI_ALB_SG",
            "aws_subnet.PRI1_PUBLIC_SUBNET",
            "aws_subnet.PRI2_PRIVATE_SUBNET",
            "aws_vpc.RDSYS_VPC"
          ]
        }
      ]
    },
    {
      "mode": "managed",
      "type": "aws_lb_target_group",
      "name": "ISO_TG",
      "provider": "provider.aws",
      "instances": [
        {
          "schema_version": 0,
          "attributes": {
            "arn": "arn:aws:elasticloadbalancing:eu-west-3:724852356535:targetgroup/ISO-LB-TG/490be15c4c10191a",
            "arn_suffix": "targetgroup/ISO-LB-TG/490be15c4c10191a",
            "deregistration_delay": 300,
            "health_check": [
              {
                "enabled": true,
                "healthy_threshold": 2,
                "interval": 30,
                "matcher": "200",
                "path": "/",
                "port": "traffic-port",
                "protocol": "HTTP",
                "timeout": 5,
                "unhealthy_threshold": 2
              }
            ],
            "id": "arn:aws:elasticloadbalancing:eu-west-3:724852356535:targetgroup/ISO-LB-TG/490be15c4c10191a",
            "lambda_multi_value_headers_enabled": false,
            "load_balancing_algorithm_type": "round_robin",
            "name": "ISO-LB-TG",
            "name_prefix": null,
            "port": 80,
            "protocol": "HTTP",
            "proxy_protocol_v2": false,
            "slow_start": 0,
            "stickiness": [
              {
                "cookie_duration": 86400,
                "enabled": false,
                "type": "lb_cookie"
              }
            ],
            "tags": {
              "Name": "ISO-LB-TG"
            },
            "target_type": "instance",
            "vpc_id": "vpc-0bd248731e6129d37"
          },
          "private": "bnVsbA==",
          "dependencies": [
            "aws_vpc.RDSYS_VPC"
          ]
        }
      ]
    },
    {
      "mode": "managed",
      "type": "aws_lb_target_group",
      "name": "PRI_TG",
      "provider": "provider.aws",
      "instances": [
        {
          "schema_version": 0,
          "attributes": {
            "arn": "arn:aws:elasticloadbalancing:eu-west-3:724852356535:targetgroup/PRI-LB-TG/427a68f4a6a5306a",
            "arn_suffix": "targetgroup/PRI-LB-TG/427a68f4a6a5306a",
            "deregistration_delay": 300,
            "health_check": [
              {
                "enabled": true,
                "healthy_threshold": 2,
                "interval": 30,
                "matcher": "200",
                "path": "/",
                "port": "traffic-port",
                "protocol": "HTTP",
                "timeout": 5,
                "unhealthy_threshold": 2
              }
            ],
            "id": "arn:aws:elasticloadbalancing:eu-west-3:724852356535:targetgroup/PRI-LB-TG/427a68f4a6a5306a",
            "lambda_multi_value_headers_enabled": false,
            "load_balancing_algorithm_type": "round_robin",
            "name": "PRI-LB-TG",
            "name_prefix": null,
            "port": 80,
            "protocol": "HTTP",
            "proxy_protocol_v2": false,
            "slow_start": 0,
            "stickiness": [
              {
                "cookie_duration": 86400,
                "enabled": false,
                "type": "lb_cookie"
              }
            ],
            "tags": {
              "Name": "PRI-LB-TG"
            },
            "target_type": "instance",
            "vpc_id": "vpc-0bd248731e6129d37"
          },
          "private": "bnVsbA==",
          "dependencies": [
            "aws_vpc.RDSYS_VPC"
          ]
        }
      ]
    },
    {
      "mode": "managed",
      "type": "aws_network_acl",
      "name": "PRIV_NACL",
      "provider": "provider.aws",
      "instances": [
        {
          "schema_version": 0,
          "attributes": {
            "egress": [
              {
                "action": "allow",
                "cidr_block": "0.0.0.0/0",
                "from_port": 0,
                "icmp_code": null,
                "icmp_type": null,
                "ipv6_cidr_block": "",
                "protocol": "-1",
                "rule_no": 32005,
                "to_port": 0
              }
            ],
            "id": "acl-09e75eeb9bb550cd3",
            "ingress": [
              {
                "action": "allow",
                "cidr_block": "0.0.0.0/0",
                "from_port": 0,
                "icmp_code": null,
                "icmp_type": null,
                "ipv6_cidr_block": "",
                "protocol": "-1",
                "rule_no": 204,
                "to_port": 0
              },
              {
                "action": "allow",
                "cidr_block": "0.0.0.0/0",
                "from_port": 23,
                "icmp_code": null,
                "icmp_type": null,
                "ipv6_cidr_block": "",
                "protocol": "tcp",
                "rule_no": 200,
                "to_port": 23
              },
              {
                "action": "allow",
                "cidr_block": "0.0.0.0/0",
                "from_port": 3389,
                "icmp_code": null,
                "icmp_type": null,
                "ipv6_cidr_block": "",
                "protocol": "tcp",
                "rule_no": 202,
                "to_port": 3389
              },
              {
                "action": "allow",
                "cidr_block": "0.0.0.0/0",
                "from_port": 80,
                "icmp_code": null,
                "icmp_type": null,
                "ipv6_cidr_block": "",
                "protocol": "tcp",
                "rule_no": 201,
                "to_port": 80
              },
              {
                "action": "allow",
                "cidr_block": "88.22.118.201/32",
                "from_port": 0,
                "icmp_code": null,
                "icmp_type": null,
                "ipv6_cidr_block": "",
                "protocol": "tcp",
                "rule_no": 203,
                "to_port": 0
              }
            ],
            "owner_id": "724852356535",
            "subnet_id": null,
            "subnet_ids": [
              "subnet-00238ec9553472510",
              "subnet-046d799a028124f5c",
              "subnet-0749f73d5d99becc6",
              "subnet-0a7c136d0f98fad0f"
            ],
            "tags": {
              "Name": "BACK-NACL"
            },
            "vpc_id": "vpc-0bd248731e6129d37"
          },
          "private": "bnVsbA==",
          "dependencies": [
            "aws_subnet.API_PRIVATE_SUBNET",
            "aws_subnet.DIF_PRIVATE_SUBNET",
            "aws_subnet.ISO2_PRIVATE_SUBNET",
            "aws_subnet.PRI2_PRIVATE_SUBNET",
            "aws_vpc.RDSYS_VPC"
          ]
        }
      ]
    },
    {
      "mode": "managed",
      "type": "aws_network_acl",
      "name": "PUBL_NACL",
      "provider": "provider.aws",
      "instances": [
        {
          "schema_version": 0,
          "attributes": {
            "egress": [
              {
                "action": "allow",
                "cidr_block": "0.0.0.0/0",
                "from_port": 0,
                "icmp_code": null,
                "icmp_type": null,
                "ipv6_cidr_block": "",
                "protocol": "-1",
                "rule_no": 106,
                "to_port": 0
              }
            ],
            "id": "acl-0e32d94505728209e",
            "ingress": [
              {
                "action": "allow",
                "cidr_block": "0.0.0.0/0",
                "from_port": 0,
                "icmp_code": null,
                "icmp_type": null,
                "ipv6_cidr_block": "",
                "protocol": "-1",
                "rule_no": 105,
                "to_port": 0
              },
              {
                "action": "allow",
                "cidr_block": "88.22.118.201/32",
                "from_port": 0,
                "icmp_code": null,
                "icmp_type": null,
                "ipv6_cidr_block": "",
                "protocol": "-1",
                "rule_no": 103,
                "to_port": 0
              }
            ],
            "owner_id": "724852356535",
            "subnet_id": null,
            "subnet_ids": [
              "subnet-005bb4dc75391b2ab",
              "subnet-056c3fb57a0a31f8b",
              "subnet-05d692f863fac078e"
            ],
            "tags": {
              "Name": "BACK-NACL"
            },
            "vpc_id": "vpc-0bd248731e6129d37"
          },
          "private": "bnVsbA==",
          "dependencies": [
            "aws_subnet.BACK_PUBLIC_SUBNET",
            "aws_subnet.ISO1_PUBLIC_SUBNET",
            "aws_subnet.PRI1_PUBLIC_SUBNET",
            "aws_vpc.RDSYS_VPC"
          ]
        }
      ]
    },
    {
      "mode": "managed",
      "type": "aws_route_table",
      "name": "API_PRIVATE_ROUTE",
      "provider": "provider.aws",
      "instances": [
        {
          "schema_version": 0,
          "attributes": {
            "id": "rtb-09a3f070844057f3d",
            "owner_id": "724852356535",
            "propagating_vgws": [],
            "route": [
              {
                "cidr_block": "0.0.0.0/0",
                "egress_only_gateway_id": "",
                "gateway_id": "igw-06de3b8f6f71a60be",
                "instance_id": "",
                "ipv6_cidr_block": "",
                "nat_gateway_id": "",
                "network_interface_id": "",
                "transit_gateway_id": "",
                "vpc_peering_connection_id": ""
              }
            ],
            "tags": {
              "Name": "API-PRIVATE-RT"
            },
            "vpc_id": "vpc-0bd248731e6129d37"
          },
          "private": "bnVsbA==",
          "dependencies": [
            "aws_internet_gateway.RDSYS_IGW",
            "aws_vpc.RDSYS_VPC"
          ]
        }
      ]
    },
    {
      "mode": "managed",
      "type": "aws_route_table",
      "name": "BACK_PUBLIC_ROUTE",
      "provider": "provider.aws",
      "instances": [
        {
          "schema_version": 0,
          "attributes": {
            "id": "rtb-0105d71b00aa41228",
            "owner_id": "724852356535",
            "propagating_vgws": [],
            "route": [
              {
                "cidr_block": "0.0.0.0/0",
                "egress_only_gateway_id": "",
                "gateway_id": "igw-06de3b8f6f71a60be",
                "instance_id": "",
                "ipv6_cidr_block": "",
                "nat_gateway_id": "",
                "network_interface_id": "",
                "transit_gateway_id": "",
                "vpc_peering_connection_id": ""
              }
            ],
            "tags": {
              "Name": "BACK-PUBLIC-RT"
            },
            "vpc_id": "vpc-0bd248731e6129d37"
          },
          "private": "bnVsbA==",
          "dependencies": [
            "aws_internet_gateway.RDSYS_IGW",
            "aws_vpc.RDSYS_VPC"
          ]
        }
      ]
    },
    {
      "mode": "managed",
      "type": "aws_route_table",
      "name": "DIF_PRIVATE_ROUTE",
      "provider": "provider.aws",
      "instances": [
        {
          "schema_version": 0,
          "attributes": {
            "id": "rtb-006f53dc039a84612",
            "owner_id": "724852356535",
            "propagating_vgws": [],
            "route": [
              {
                "cidr_block": "0.0.0.0/0",
                "egress_only_gateway_id": "",
                "gateway_id": "igw-06de3b8f6f71a60be",
                "instance_id": "",
                "ipv6_cidr_block": "",
                "nat_gateway_id": "",
                "network_interface_id": "",
                "transit_gateway_id": "",
                "vpc_peering_connection_id": ""
              }
            ],
            "tags": {
              "Name": "DIF-PRIVATE-RT"
            },
            "vpc_id": "vpc-0bd248731e6129d37"
          },
          "private": "bnVsbA==",
          "dependencies": [
            "aws_internet_gateway.RDSYS_IGW",
            "aws_vpc.RDSYS_VPC"
          ]
        }
      ]
    },
    {
      "mode": "managed",
      "type": "aws_route_table",
      "name": "ISO1_PUBLIC_ROUTE",
      "provider": "provider.aws",
      "instances": [
        {
          "schema_version": 0,
          "attributes": {
            "id": "rtb-0f1db00f40353edc6",
            "owner_id": "724852356535",
            "propagating_vgws": [],
            "route": [
              {
                "cidr_block": "0.0.0.0/0",
                "egress_only_gateway_id": "",
                "gateway_id": "igw-06de3b8f6f71a60be",
                "instance_id": "",
                "ipv6_cidr_block": "",
                "nat_gateway_id": "",
                "network_interface_id": "",
                "transit_gateway_id": "",
                "vpc_peering_connection_id": ""
              }
            ],
            "tags": {
              "Name": "ISO1-PUBLIC-RT"
            },
            "vpc_id": "vpc-0bd248731e6129d37"
          },
          "private": "bnVsbA==",
          "dependencies": [
            "aws_internet_gateway.RDSYS_IGW",
            "aws_vpc.RDSYS_VPC"
          ]
        }
      ]
    },
    {
      "mode": "managed",
      "type": "aws_route_table",
      "name": "ISO2_PRIVATE_ROUTE",
      "provider": "provider.aws",
      "instances": [
        {
          "schema_version": 0,
          "attributes": {
            "id": "rtb-0a150b9e9f16b618e",
            "owner_id": "724852356535",
            "propagating_vgws": [],
            "route": [
              {
                "cidr_block": "0.0.0.0/0",
                "egress_only_gateway_id": "",
                "gateway_id": "igw-06de3b8f6f71a60be",
                "instance_id": "",
                "ipv6_cidr_block": "",
                "nat_gateway_id": "",
                "network_interface_id": "",
                "transit_gateway_id": "",
                "vpc_peering_connection_id": ""
              }
            ],
            "tags": {
              "Name": "ISO2-PRIVATE-RT"
            },
            "vpc_id": "vpc-0bd248731e6129d37"
          },
          "private": "bnVsbA==",
          "dependencies": [
            "aws_internet_gateway.RDSYS_IGW",
            "aws_vpc.RDSYS_VPC"
          ]
        }
      ]
    },
    {
      "mode": "managed",
      "type": "aws_route_table",
      "name": "PRI1_PUBLIC_ROUTE",
      "provider": "provider.aws",
      "instances": [
        {
          "schema_version": 0,
          "attributes": {
            "id": "rtb-0b6b95762bf812a77",
            "owner_id": "724852356535",
            "propagating_vgws": [],
            "route": [
              {
                "cidr_block": "0.0.0.0/0",
                "egress_only_gateway_id": "",
                "gateway_id": "igw-06de3b8f6f71a60be",
                "instance_id": "",
                "ipv6_cidr_block": "",
                "nat_gateway_id": "",
                "network_interface_id": "",
                "transit_gateway_id": "",
                "vpc_peering_connection_id": ""
              }
            ],
            "tags": {
              "Name": "PRI1-PUBLIC-RT"
            },
            "vpc_id": "vpc-0bd248731e6129d37"
          },
          "private": "bnVsbA==",
          "dependencies": [
            "aws_internet_gateway.RDSYS_IGW",
            "aws_vpc.RDSYS_VPC"
          ]
        }
      ]
    },
    {
      "mode": "managed",
      "type": "aws_route_table",
      "name": "PRI2_PRIVATE_ROUTE",
      "provider": "provider.aws",
      "instances": [
        {
          "schema_version": 0,
          "attributes": {
            "id": "rtb-06cb412a0088f4518",
            "owner_id": "724852356535",
            "propagating_vgws": [],
            "route": [
              {
                "cidr_block": "0.0.0.0/0",
                "egress_only_gateway_id": "",
                "gateway_id": "igw-06de3b8f6f71a60be",
                "instance_id": "",
                "ipv6_cidr_block": "",
                "nat_gateway_id": "",
                "network_interface_id": "",
                "transit_gateway_id": "",
                "vpc_peering_connection_id": ""
              }
            ],
            "tags": {
              "Name": "PRI2-PRIVATE-RT"
            },
            "vpc_id": "vpc-0bd248731e6129d37"
          },
          "private": "bnVsbA==",
          "dependencies": [
            "aws_internet_gateway.RDSYS_IGW",
            "aws_vpc.RDSYS_VPC"
          ]
        }
      ]
    },
    {
      "mode": "managed",
      "type": "aws_route_table_association",
      "name": "API_PRIVATE_ASSO",
      "provider": "provider.aws",
      "instances": [
        {
          "schema_version": 0,
          "attributes": {
            "gateway_id": null,
            "id": "rtbassoc-033047e0fde7c445f",
            "route_table_id": "rtb-09a3f070844057f3d",
            "subnet_id": "subnet-046d799a028124f5c"
          },
          "private": "bnVsbA==",
          "dependencies": [
            "aws_internet_gateway.RDSYS_IGW",
            "aws_route_table.API_PRIVATE_ROUTE",
            "aws_subnet.API_PRIVATE_SUBNET",
            "aws_vpc.RDSYS_VPC"
          ]
        }
      ]
    },
    {
      "mode": "managed",
      "type": "aws_route_table_association",
      "name": "BACK_PUBLIC_ASSO",
      "provider": "provider.aws",
      "instances": [
        {
          "schema_version": 0,
          "attributes": {
            "gateway_id": null,
            "id": "rtbassoc-0bccf4c0ee03a99c2",
            "route_table_id": "rtb-0105d71b00aa41228",
            "subnet_id": "subnet-05d692f863fac078e"
          },
          "private": "bnVsbA==",
          "dependencies": [
            "aws_internet_gateway.RDSYS_IGW",
            "aws_route_table.BACK_PUBLIC_ROUTE",
            "aws_subnet.BACK_PUBLIC_SUBNET",
            "aws_vpc.RDSYS_VPC"
          ]
        }
      ]
    },
    {
      "mode": "managed",
      "type": "aws_route_table_association",
      "name": "DIF_PRIVATE_ASSO",
      "provider": "provider.aws",
      "instances": [
        {
          "schema_version": 0,
          "attributes": {
            "gateway_id": null,
            "id": "rtbassoc-060c30ac56ed923ee",
            "route_table_id": "rtb-006f53dc039a84612",
            "subnet_id": "subnet-00238ec9553472510"
          },
          "private": "bnVsbA==",
          "dependencies": [
            "aws_internet_gateway.RDSYS_IGW",
            "aws_route_table.DIF_PRIVATE_ROUTE",
            "aws_subnet.DIF_PRIVATE_SUBNET",
            "aws_vpc.RDSYS_VPC"
          ]
        }
      ]
    },
    {
      "mode": "managed",
      "type": "aws_route_table_association",
      "name": "ISO1_PUBLIC_ASSO",
      "provider": "provider.aws",
      "instances": [
        {
          "schema_version": 0,
          "attributes": {
            "gateway_id": null,
            "id": "rtbassoc-060d6cd85225e5c2e",
            "route_table_id": "rtb-0f1db00f40353edc6",
            "subnet_id": "subnet-056c3fb57a0a31f8b"
          },
          "private": "bnVsbA==",
          "dependencies": [
            "aws_internet_gateway.RDSYS_IGW",
            "aws_route_table.ISO1_PUBLIC_ROUTE",
            "aws_subnet.ISO1_PUBLIC_SUBNET",
            "aws_vpc.RDSYS_VPC"
          ]
        }
      ]
    },
    {
      "mode": "managed",
      "type": "aws_route_table_association",
      "name": "ISO2_PRIVATE_ASSO",
      "provider": "provider.aws",
      "instances": [
        {
          "schema_version": 0,
          "attributes": {
            "gateway_id": null,
            "id": "rtbassoc-0577aeae53b49c980",
            "route_table_id": "rtb-0a150b9e9f16b618e",
            "subnet_id": "subnet-0a7c136d0f98fad0f"
          },
          "private": "bnVsbA==",
          "dependencies": [
            "aws_internet_gateway.RDSYS_IGW",
            "aws_route_table.ISO2_PRIVATE_ROUTE",
            "aws_subnet.ISO2_PRIVATE_SUBNET",
            "aws_vpc.RDSYS_VPC"
          ]
        }
      ]
    },
    {
      "mode": "managed",
      "type": "aws_route_table_association",
      "name": "PRI1_PUBLIC_ASSO",
      "provider": "provider.aws",
      "instances": [
        {
          "schema_version": 0,
          "attributes": {
            "gateway_id": null,
            "id": "rtbassoc-0a5d7a797398be37f",
            "route_table_id": "rtb-0b6b95762bf812a77",
            "subnet_id": "subnet-005bb4dc75391b2ab"
          },
          "private": "bnVsbA==",
          "dependencies": [
            "aws_internet_gateway.RDSYS_IGW",
            "aws_route_table.PRI1_PUBLIC_ROUTE",
            "aws_subnet.PRI1_PUBLIC_SUBNET",
            "aws_vpc.RDSYS_VPC"
          ]
        }
      ]
    },
    {
      "mode": "managed",
      "type": "aws_route_table_association",
      "name": "PRI2_PRIVATE_ASSO",
      "provider": "provider.aws",
      "instances": [
        {
          "schema_version": 0,
          "attributes": {
            "gateway_id": null,
            "id": "rtbassoc-0aceca457837e5688",
            "route_table_id": "rtb-06cb412a0088f4518",
            "subnet_id": "subnet-0749f73d5d99becc6"
          },
          "private": "bnVsbA==",
          "dependencies": [
            "aws_internet_gateway.RDSYS_IGW",
            "aws_route_table.PRI2_PRIVATE_ROUTE",
            "aws_subnet.PRI2_PRIVATE_SUBNET",
            "aws_vpc.RDSYS_VPC"
          ]
        }
      ]
    },
    {
      "mode": "managed",
      "type": "aws_s3_bucket",
      "name": "backups_bucket",
      "provider": "provider.aws",
      "instances": [
        {
          "schema_version": 0,
          "attributes": {
            "acceleration_status": "",
            "acl": "private",
            "arn": "arn:aws:s3:::rdsys-backups007",
            "bucket": "rdsys-backups007",
            "bucket_domain_name": "rdsys-backups007.s3.amazonaws.com",
            "bucket_prefix": null,
            "bucket_regional_domain_name": "rdsys-backups007.s3.eu-west-3.amazonaws.com",
            "cors_rule": [],
            "force_destroy": false,
            "grant": [],
            "hosted_zone_id": "Z3R1K369G5AVDG",
            "id": "rdsys-backups007",
            "lifecycle_rule": [],
            "logging": [],
            "object_lock_configuration": [],
            "policy": null,
            "region": "eu-west-3",
            "replication_configuration": [],
            "request_payer": "BucketOwner",
            "server_side_encryption_configuration": [],
            "tags": null,
            "versioning": [
              {
                "enabled": false,
                "mfa_delete": false
              }
            ],
            "website": [],
            "website_domain": null,
            "website_endpoint": null
          },
          "private": "bnVsbA=="
        }
      ]
    },
    {
      "mode": "managed",
      "type": "aws_security_group",
      "name": "DIF_INGRESS_EFS",
      "provider": "provider.aws",
      "instances": [
        {
          "schema_version": 1,
          "attributes": {
            "arn": "arn:aws:ec2:eu-west-3:724852356535:security-group/sg-089599e8998a0f405",
            "description": "Managed by Terraform",
            "egress": [
              {
                "cidr_blocks": [],
                "description": "",
                "from_port": 0,
                "ipv6_cidr_blocks": [],
                "prefix_list_ids": [],
                "protocol": "-1",
                "security_groups": [],
                "self": false,
                "to_port": 0
              }
            ],
            "id": "sg-089599e8998a0f405",
            "ingress": [
              {
                "cidr_blocks": [
                  "0.0.0.0/0"
                ],
                "description": "",
                "from_port": 0,
                "ipv6_cidr_blocks": [],
                "prefix_list_ids": [],
                "protocol": "-1",
                "security_groups": [],
                "self": false,
                "to_port": 0
              },
              {
                "cidr_blocks": [
                  "0.0.0.0/0"
                ],
                "description": "",
                "from_port": 22,
                "ipv6_cidr_blocks": [],
                "prefix_list_ids": [],
                "protocol": "tcp",
                "security_groups": [],
                "self": false,
                "to_port": 22
              }
            ],
            "name": "DIF_INGRESS_EFS",
            "name_prefix": null,
            "owner_id": "724852356535",
            "revoke_rules_on_delete": false,
            "tags": {
              "Name": "DIF-EFS"
            },
            "timeouts": null,
            "vpc_id": "vpc-0bd248731e6129d37"
          },
          "private": "eyJlMmJmYjczMC1lY2FhLTExZTYtOGY4OC0zNDM2M2JjN2M0YzAiOnsiY3JlYXRlIjo2MDAwMDAwMDAwMDAsImRlbGV0ZSI6NjAwMDAwMDAwMDAwfSwic2NoZW1hX3ZlcnNpb24iOiIxIn0=",
          "dependencies": [
            "aws_vpc.RDSYS_VPC"
          ]
        }
      ]
    },
    {
      "mode": "managed",
      "type": "aws_security_group",
      "name": "GATE_SG",
      "provider": "provider.aws",
      "instances": [
        {
          "schema_version": 1,
          "attributes": {
            "arn": "arn:aws:ec2:eu-west-3:724852356535:security-group/sg-0affbb695d07daafa",
            "description": "Managed by Terraform",
            "egress": [
              {
                "cidr_blocks": [
                  "0.0.0.0/0"
                ],
                "description": "",
                "from_port": 0,
                "ipv6_cidr_blocks": [],
                "prefix_list_ids": [],
                "protocol": "-1",
                "security_groups": [],
                "self": false,
                "to_port": 0
              }
            ],
            "id": "sg-0affbb695d07daafa",
            "ingress": [
              {
                "cidr_blocks": [
                  "0.0.0.0/0"
                ],
                "description": "",
                "from_port": 22,
                "ipv6_cidr_blocks": [],
                "prefix_list_ids": [],
                "protocol": "tcp",
                "security_groups": [],
                "self": false,
                "to_port": 22
              },
              {
                "cidr_blocks": [
                  "0.0.0.0/0"
                ],
                "description": "",
                "from_port": 3389,
                "ipv6_cidr_blocks": [],
                "prefix_list_ids": [],
                "protocol": "tcp",
                "security_groups": [],
                "self": false,
                "to_port": 3389
              },
              {
                "cidr_blocks": [
                  "0.0.0.0/0"
                ],
                "description": "",
                "from_port": 80,
                "ipv6_cidr_blocks": [],
                "prefix_list_ids": [],
                "protocol": "tcp",
                "security_groups": [],
                "self": false,
                "to_port": 80
              },
              {
                "cidr_blocks": [
                  "10.12.0.0/16"
                ],
                "description": "",
                "from_port": 22,
                "ipv6_cidr_blocks": [],
                "prefix_list_ids": [],
                "protocol": "tcp",
                "security_groups": [],
                "self": false,
                "to_port": 22
              },
              {
                "cidr_blocks": [
                  "10.12.0.0/16"
                ],
                "description": "",
                "from_port": 3389,
                "ipv6_cidr_blocks": [],
                "prefix_list_ids": [],
                "protocol": "tcp",
                "security_groups": [],
                "self": false,
                "to_port": 3389
              },
              {
                "cidr_blocks": [
                  "10.12.0.0/16"
                ],
                "description": "",
                "from_port": 80,
                "ipv6_cidr_blocks": [],
                "prefix_list_ids": [],
                "protocol": "tcp",
                "security_groups": [],
                "self": false,
                "to_port": 80
              }
            ],
            "name": "GATE-SG",
            "name_prefix": null,
            "owner_id": "724852356535",
            "revoke_rules_on_delete": false,
            "tags": {
              "Name": "GATE-SG"
            },
            "timeouts": null,
            "vpc_id": "vpc-0bd248731e6129d37"
          },
          "private": "eyJlMmJmYjczMC1lY2FhLTExZTYtOGY4OC0zNDM2M2JjN2M0YzAiOnsiY3JlYXRlIjo2MDAwMDAwMDAwMDAsImRlbGV0ZSI6NjAwMDAwMDAwMDAwfSwic2NoZW1hX3ZlcnNpb24iOiIxIn0=",
          "dependencies": [
            "aws_vpc.RDSYS_VPC"
          ]
        }
      ]
    },
    {
      "mode": "managed",
      "type": "aws_security_group",
      "name": "ISO_ALB_SG",
      "provider": "provider.aws",
      "instances": [
        {
          "schema_version": 1,
          "attributes": {
            "arn": "arn:aws:ec2:eu-west-3:724852356535:security-group/sg-0d1506a2d4bdace6d",
            "description": "Managed by Terraform",
            "egress": [
              {
                "cidr_blocks": [],
                "description": "",
                "from_port": 0,
                "ipv6_cidr_blocks": [],
                "prefix_list_ids": [],
                "protocol": "-1",
                "security_groups": [],
                "self": false,
                "to_port": 0
              }
            ],
            "id": "sg-0d1506a2d4bdace6d",
            "ingress": [
              {
                "cidr_blocks": [
                  "0.0.0.0/0"
                ],
                "description": "",
                "from_port": 22,
                "ipv6_cidr_blocks": [],
                "prefix_list_ids": [],
                "protocol": "tcp",
                "security_groups": [],
                "self": false,
                "to_port": 22
              },
              {
                "cidr_blocks": [
                  "0.0.0.0/0"
                ],
                "description": "",
                "from_port": 3389,
                "ipv6_cidr_blocks": [],
                "prefix_list_ids": [],
                "protocol": "tcp",
                "security_groups": [],
                "self": false,
                "to_port": 3389
              },
              {
                "cidr_blocks": [
                  "0.0.0.0/0"
                ],
                "description": "",
                "from_port": 80,
                "ipv6_cidr_blocks": [],
                "prefix_list_ids": [],
                "protocol": "tcp",
                "security_groups": [],
                "self": false,
                "to_port": 80
              }
            ],
            "name": "ISO_ALB_SG",
            "name_prefix": null,
            "owner_id": "724852356535",
            "revoke_rules_on_delete": false,
            "tags": {
              "Name": "ISO-ALB"
            },
            "timeouts": null,
            "vpc_id": "vpc-0bd248731e6129d37"
          },
          "private": "eyJlMmJmYjczMC1lY2FhLTExZTYtOGY4OC0zNDM2M2JjN2M0YzAiOnsiY3JlYXRlIjo2MDAwMDAwMDAwMDAsImRlbGV0ZSI6NjAwMDAwMDAwMDAwfSwic2NoZW1hX3ZlcnNpb24iOiIxIn0=",
          "dependencies": [
            "aws_vpc.RDSYS_VPC"
          ]
        }
      ]
    },
    {
      "mode": "managed",
      "type": "aws_security_group",
      "name": "PRI_ALB_SG",
      "provider": "provider.aws",
      "instances": [
        {
          "schema_version": 1,
          "attributes": {
            "arn": "arn:aws:ec2:eu-west-3:724852356535:security-group/sg-0cae894c582af0d95",
            "description": "Managed by Terraform",
            "egress": [
              {
                "cidr_blocks": [],
                "description": "",
                "from_port": 0,
                "ipv6_cidr_blocks": [],
                "prefix_list_ids": [],
                "protocol": "-1",
                "security_groups": [],
                "self": false,
                "to_port": 0
              }
            ],
            "id": "sg-0cae894c582af0d95",
            "ingress": [
              {
                "cidr_blocks": [
                  "0.0.0.0/0"
                ],
                "description": "",
                "from_port": 0,
                "ipv6_cidr_blocks": [],
                "prefix_list_ids": [],
                "protocol": "-1",
                "security_groups": [],
                "self": false,
                "to_port": 0
              },
              {
                "cidr_blocks": [
                  "0.0.0.0/0"
                ],
                "description": "",
                "from_port": 22,
                "ipv6_cidr_blocks": [],
                "prefix_list_ids": [],
                "protocol": "tcp",
                "security_groups": [],
                "self": false,
                "to_port": 22
              },
              {
                "cidr_blocks": [
                  "0.0.0.0/0"
                ],
                "description": "",
                "from_port": 3389,
                "ipv6_cidr_blocks": [],
                "prefix_list_ids": [],
                "protocol": "tcp",
                "security_groups": [],
                "self": false,
                "to_port": 3389
              },
              {
                "cidr_blocks": [
                  "0.0.0.0/0"
                ],
                "description": "",
                "from_port": 80,
                "ipv6_cidr_blocks": [],
                "prefix_list_ids": [],
                "protocol": "tcp",
                "security_groups": [],
                "self": false,
                "to_port": 80
              },
              {
                "cidr_blocks": [
                  "88.22.118.201/32"
                ],
                "description": "",
                "from_port": 0,
                "ipv6_cidr_blocks": [],
                "prefix_list_ids": [],
                "protocol": "-1",
                "security_groups": [],
                "self": false,
                "to_port": 0
              }
            ],
            "name": "PRI_ALB_SG",
            "name_prefix": null,
            "owner_id": "724852356535",
            "revoke_rules_on_delete": false,
            "tags": {
              "Name": "PRI-ALB"
            },
            "timeouts": null,
            "vpc_id": "vpc-0bd248731e6129d37"
          },
          "private": "eyJlMmJmYjczMC1lY2FhLTExZTYtOGY4OC0zNDM2M2JjN2M0YzAiOnsiY3JlYXRlIjo2MDAwMDAwMDAwMDAsImRlbGV0ZSI6NjAwMDAwMDAwMDAwfSwic2NoZW1hX3ZlcnNpb24iOiIxIn0=",
          "dependencies": [
            "aws_vpc.RDSYS_VPC"
          ]
        }
      ]
    },
    {
      "mode": "managed",
      "type": "aws_security_group",
      "name": "RDSYS_SG",
      "provider": "provider.aws",
      "instances": [
        {
          "schema_version": 1,
          "attributes": {
            "arn": "arn:aws:ec2:eu-west-3:724852356535:security-group/sg-02b10d277d168e232",
            "description": "Managed by Terraform",
            "egress": [
              {
                "cidr_blocks": [
                  "0.0.0.0/0"
                ],
                "description": "",
                "from_port": 0,
                "ipv6_cidr_blocks": [],
                "prefix_list_ids": [],
                "protocol": "-1",
                "security_groups": [],
                "self": false,
                "to_port": 0
              }
            ],
            "id": "sg-02b10d277d168e232",
            "ingress": [
              {
                "cidr_blocks": [
                  "0.0.0.0/0"
                ],
                "description": "",
                "from_port": 0,
                "ipv6_cidr_blocks": [],
                "prefix_list_ids": [],
                "protocol": "-1",
                "security_groups": [],
                "self": false,
                "to_port": 0
              },
              {
                "cidr_blocks": [
                  "0.0.0.0/0"
                ],
                "description": "",
                "from_port": 22,
                "ipv6_cidr_blocks": [],
                "prefix_list_ids": [],
                "protocol": "tcp",
                "security_groups": [],
                "self": false,
                "to_port": 22
              },
              {
                "cidr_blocks": [
                  "0.0.0.0/0"
                ],
                "description": "",
                "from_port": 3389,
                "ipv6_cidr_blocks": [],
                "prefix_list_ids": [],
                "protocol": "tcp",
                "security_groups": [],
                "self": false,
                "to_port": 3389
              },
              {
                "cidr_blocks": [
                  "0.0.0.0/0"
                ],
                "description": "",
                "from_port": 80,
                "ipv6_cidr_blocks": [],
                "prefix_list_ids": [],
                "protocol": "tcp",
                "security_groups": [],
                "self": false,
                "to_port": 80
              },
              {
                "cidr_blocks": [
                  "10.12.0.0/16"
                ],
                "description": "",
                "from_port": 22,
                "ipv6_cidr_blocks": [],
                "prefix_list_ids": [],
                "protocol": "tcp",
                "security_groups": [],
                "self": false,
                "to_port": 22
              },
              {
                "cidr_blocks": [
                  "10.12.0.0/16"
                ],
                "description": "",
                "from_port": 3389,
                "ipv6_cidr_blocks": [],
                "prefix_list_ids": [],
                "protocol": "tcp",
                "security_groups": [],
                "self": false,
                "to_port": 3389
              },
              {
                "cidr_blocks": [
                  "10.12.0.0/16"
                ],
                "description": "",
                "from_port": 80,
                "ipv6_cidr_blocks": [],
                "prefix_list_ids": [],
                "protocol": "tcp",
                "security_groups": [],
                "self": false,
                "to_port": 80
              }
            ],
            "name": "terraform-20200531201646283100000002",
            "name_prefix": null,
            "owner_id": "724852356535",
            "revoke_rules_on_delete": false,
            "tags": {
              "Name": "DIF-EFS"
            },
            "timeouts": null,
            "vpc_id": "vpc-0bd248731e6129d37"
          },
          "private": "eyJlMmJmYjczMC1lY2FhLTExZTYtOGY4OC0zNDM2M2JjN2M0YzAiOnsiY3JlYXRlIjo2MDAwMDAwMDAwMDAsImRlbGV0ZSI6NjAwMDAwMDAwMDAwfSwic2NoZW1hX3ZlcnNpb24iOiIxIn0=",
          "dependencies": [
            "aws_vpc.RDSYS_VPC"
          ]
        }
      ]
    },
    {
      "mode": "managed",
      "type": "aws_subnet",
      "name": "API_PRIVATE_SUBNET",
      "provider": "provider.aws",
      "instances": [
        {
          "schema_version": 1,
          "attributes": {
            "arn": "arn:aws:ec2:eu-west-3:724852356535:subnet/subnet-046d799a028124f5c",
            "assign_ipv6_address_on_creation": false,
            "availability_zone": "eu-west-3a",
            "availability_zone_id": "euw3-az1",
            "cidr_block": "10.12.3.128/25",
            "id": "subnet-046d799a028124f5c",
            "ipv6_cidr_block": "",
            "ipv6_cidr_block_association_id": "",
            "map_public_ip_on_launch": false,
            "outpost_arn": "",
            "owner_id": "724852356535",
            "tags": {
              "Name": "API-PRIV-SUBNET-AZ"
            },
            "timeouts": null,
            "vpc_id": "vpc-0bd248731e6129d37"
          },
          "private": "eyJlMmJmYjczMC1lY2FhLTExZTYtOGY4OC0zNDM2M2JjN2M0YzAiOnsiY3JlYXRlIjo2MDAwMDAwMDAwMDAsImRlbGV0ZSI6MTIwMDAwMDAwMDAwMH0sInNjaGVtYV92ZXJzaW9uIjoiMSJ9",
          "dependencies": [
            "aws_vpc.RDSYS_VPC"
          ]
        }
      ]
    },
    {
      "mode": "managed",
      "type": "aws_subnet",
      "name": "BACK_PUBLIC_SUBNET",
      "provider": "provider.aws",
      "instances": [
        {
          "schema_version": 1,
          "attributes": {
            "arn": "arn:aws:ec2:eu-west-3:724852356535:subnet/subnet-05d692f863fac078e",
            "assign_ipv6_address_on_creation": false,
            "availability_zone": "eu-west-3a",
            "availability_zone_id": "euw3-az1",
            "cidr_block": "10.12.2.128/25",
            "id": "subnet-05d692f863fac078e",
            "ipv6_cidr_block": "",
            "ipv6_cidr_block_association_id": "",
            "map_public_ip_on_launch": false,
            "outpost_arn": "",
            "owner_id": "724852356535",
            "tags": {
              "Name": "BACK-PRIV-SUBNET-AZ"
            },
            "timeouts": null,
            "vpc_id": "vpc-0bd248731e6129d37"
          },
          "private": "eyJlMmJmYjczMC1lY2FhLTExZTYtOGY4OC0zNDM2M2JjN2M0YzAiOnsiY3JlYXRlIjo2MDAwMDAwMDAwMDAsImRlbGV0ZSI6MTIwMDAwMDAwMDAwMH0sInNjaGVtYV92ZXJzaW9uIjoiMSJ9",
          "dependencies": [
            "aws_vpc.RDSYS_VPC"
          ]
        }
      ]
    },
    {
      "mode": "managed",
      "type": "aws_subnet",
      "name": "DIF_PRIVATE_SUBNET",
      "provider": "provider.aws",
      "instances": [
        {
          "schema_version": 1,
          "attributes": {
            "arn": "arn:aws:ec2:eu-west-3:724852356535:subnet/subnet-00238ec9553472510",
            "assign_ipv6_address_on_creation": false,
            "availability_zone": "eu-west-3c",
            "availability_zone_id": "euw3-az3",
            "cidr_block": "10.12.4.128/25",
            "id": "subnet-00238ec9553472510",
            "ipv6_cidr_block": "",
            "ipv6_cidr_block_association_id": "",
            "map_public_ip_on_launch": false,
            "outpost_arn": "",
            "owner_id": "724852356535",
            "tags": {
              "Name": "DIF-PRIV-SUBNET-AZ"
            },
            "timeouts": null,
            "vpc_id": "vpc-0bd248731e6129d37"
          },
          "private": "eyJlMmJmYjczMC1lY2FhLTExZTYtOGY4OC0zNDM2M2JjN2M0YzAiOnsiY3JlYXRlIjo2MDAwMDAwMDAwMDAsImRlbGV0ZSI6MTIwMDAwMDAwMDAwMH0sInNjaGVtYV92ZXJzaW9uIjoiMSJ9",
          "dependencies": [
            "aws_vpc.RDSYS_VPC"
          ]
        }
      ]
    },
    {
      "mode": "managed",
      "type": "aws_subnet",
      "name": "ISO1_PUBLIC_SUBNET",
      "provider": "provider.aws",
      "instances": [
        {
          "schema_version": 1,
          "attributes": {
            "arn": "arn:aws:ec2:eu-west-3:724852356535:subnet/subnet-056c3fb57a0a31f8b",
            "assign_ipv6_address_on_creation": false,
            "availability_zone": "eu-west-3a",
            "availability_zone_id": "euw3-az1",
            "cidr_block": "10.12.1.0/25",
            "id": "subnet-056c3fb57a0a31f8b",
            "ipv6_cidr_block": "",
            "ipv6_cidr_block_association_id": "",
            "map_public_ip_on_launch": true,
            "outpost_arn": "",
            "owner_id": "724852356535",
            "tags": {
              "Name": "ISO1-PUB-SUBNET-AZ"
            },
            "timeouts": null,
            "vpc_id": "vpc-0bd248731e6129d37"
          },
          "private": "eyJlMmJmYjczMC1lY2FhLTExZTYtOGY4OC0zNDM2M2JjN2M0YzAiOnsiY3JlYXRlIjo2MDAwMDAwMDAwMDAsImRlbGV0ZSI6MTIwMDAwMDAwMDAwMH0sInNjaGVtYV92ZXJzaW9uIjoiMSJ9",
          "dependencies": [
            "aws_vpc.RDSYS_VPC"
          ]
        }
      ]
    },
    {
      "mode": "managed",
      "type": "aws_subnet",
      "name": "ISO2_PRIVATE_SUBNET",
      "provider": "provider.aws",
      "instances": [
        {
          "schema_version": 1,
          "attributes": {
            "arn": "arn:aws:ec2:eu-west-3:724852356535:subnet/subnet-0a7c136d0f98fad0f",
            "assign_ipv6_address_on_creation": false,
            "availability_zone": "eu-west-3b",
            "availability_zone_id": "euw3-az2",
            "cidr_block": "10.12.1.128/25",
            "id": "subnet-0a7c136d0f98fad0f",
            "ipv6_cidr_block": "",
            "ipv6_cidr_block_association_id": "",
            "map_public_ip_on_launch": false,
            "outpost_arn": "",
            "owner_id": "724852356535",
            "tags": {
              "Name": "ISO2-PRIV-SUBNET-AZ"
            },
            "timeouts": null,
            "vpc_id": "vpc-0bd248731e6129d37"
          },
          "private": "eyJlMmJmYjczMC1lY2FhLTExZTYtOGY4OC0zNDM2M2JjN2M0YzAiOnsiY3JlYXRlIjo2MDAwMDAwMDAwMDAsImRlbGV0ZSI6MTIwMDAwMDAwMDAwMH0sInNjaGVtYV92ZXJzaW9uIjoiMSJ9",
          "dependencies": [
            "aws_vpc.RDSYS_VPC"
          ]
        }
      ]
    },
    {
      "mode": "managed",
      "type": "aws_subnet",
      "name": "PRI1_PUBLIC_SUBNET",
      "provider": "provider.aws",
      "instances": [
        {
          "schema_version": 1,
          "attributes": {
            "arn": "arn:aws:ec2:eu-west-3:724852356535:subnet/subnet-005bb4dc75391b2ab",
            "assign_ipv6_address_on_creation": false,
            "availability_zone": "eu-west-3a",
            "availability_zone_id": "euw3-az1",
            "cidr_block": "10.12.0.0/25",
            "id": "subnet-005bb4dc75391b2ab",
            "ipv6_cidr_block": "",
            "ipv6_cidr_block_association_id": "",
            "map_public_ip_on_launch": true,
            "outpost_arn": "",
            "owner_id": "724852356535",
            "tags": {
              "Name": "PRI1-PUB-SUBNET-AZ"
            },
            "timeouts": null,
            "vpc_id": "vpc-0bd248731e6129d37"
          },
          "private": "eyJlMmJmYjczMC1lY2FhLTExZTYtOGY4OC0zNDM2M2JjN2M0YzAiOnsiY3JlYXRlIjo2MDAwMDAwMDAwMDAsImRlbGV0ZSI6MTIwMDAwMDAwMDAwMH0sInNjaGVtYV92ZXJzaW9uIjoiMSJ9",
          "dependencies": [
            "aws_vpc.RDSYS_VPC"
          ]
        }
      ]
    },
    {
      "mode": "managed",
      "type": "aws_subnet",
      "name": "PRI2_PRIVATE_SUBNET",
      "provider": "provider.aws",
      "instances": [
        {
          "schema_version": 1,
          "attributes": {
            "arn": "arn:aws:ec2:eu-west-3:724852356535:subnet/subnet-0749f73d5d99becc6",
            "assign_ipv6_address_on_creation": false,
            "availability_zone": "eu-west-3b",
            "availability_zone_id": "euw3-az2",
            "cidr_block": "10.12.0.128/25",
            "id": "subnet-0749f73d5d99becc6",
            "ipv6_cidr_block": "",
            "ipv6_cidr_block_association_id": "",
            "map_public_ip_on_launch": false,
            "outpost_arn": "",
            "owner_id": "724852356535",
            "tags": {
              "Name": "PRI2-PRIV-SUBNET-AZ"
            },
            "timeouts": null,
            "vpc_id": "vpc-0bd248731e6129d37"
          },
          "private": "eyJlMmJmYjczMC1lY2FhLTExZTYtOGY4OC0zNDM2M2JjN2M0YzAiOnsiY3JlYXRlIjo2MDAwMDAwMDAwMDAsImRlbGV0ZSI6MTIwMDAwMDAwMDAwMH0sInNjaGVtYV92ZXJzaW9uIjoiMSJ9",
          "dependencies": [
            "aws_vpc.RDSYS_VPC"
          ]
        }
      ]
    },
    {
      "mode": "managed",
      "type": "aws_vpc",
      "name": "RDSYS_VPC",
      "provider": "provider.aws",
      "instances": [
        {
          "schema_version": 1,
          "attributes": {
            "arn": "arn:aws:ec2:eu-west-3:724852356535:vpc/vpc-0bd248731e6129d37",
            "assign_generated_ipv6_cidr_block": false,
            "cidr_block": "10.12.0.0/16",
            "default_network_acl_id": "acl-037a83cee2b6a8de3",
            "default_route_table_id": "rtb-0267c568f1b4f576d",
            "default_security_group_id": "sg-0d0ad940bc68271a1",
            "dhcp_options_id": "dopt-06938eb8310b77230",
            "enable_classiclink": null,
            "enable_classiclink_dns_support": null,
            "enable_dns_hostnames": true,
            "enable_dns_support": true,
            "id": "vpc-0bd248731e6129d37",
            "instance_tenancy": "default",
            "ipv6_association_id": "",
            "ipv6_cidr_block": "",
            "main_route_table_id": "rtb-0267c568f1b4f576d",
            "owner_id": "724852356535",
            "tags": {
              "Name": "RDSYS-VPC"
            }
          },
          "private": "eyJzY2hlbWFfdmVyc2lvbiI6IjEifQ=="
        }
      ]
    },
    {
      "mode": "managed",
      "type": "aws_vpc_endpoint",
      "name": "API_S3_ENDPOINT",
      "provider": "provider.aws",
      "instances": [
        {
          "schema_version": 0,
          "attributes": {
            "auto_accept": null,
            "cidr_blocks": [
              "52.95.154.0/23",
              "52.95.156.0/24"
            ],
            "dns_entry": [],
            "id": "vpce-0e572163fc300941c",
            "network_interface_ids": [],
            "owner_id": "724852356535",
            "policy": "{\"Statement\":[{\"Action\":\"*\",\"Effect\":\"Allow\",\"Principal\":\"*\",\"Resource\":\"*\"}],\"Version\":\"2008-10-17\"}",
            "prefix_list_id": "pl-23ad484a",
            "private_dns_enabled": false,
            "requester_managed": false,
            "route_table_ids": [
              "rtb-09a3f070844057f3d"
            ],
            "security_group_ids": [],
            "service_name": "com.amazonaws.eu-west-3.s3",
            "state": "available",
            "subnet_ids": [],
            "tags": null,
            "timeouts": null,
            "vpc_endpoint_type": "Gateway",
            "vpc_id": "vpc-0bd248731e6129d37"
          },
          "private": "eyJlMmJmYjczMC1lY2FhLTExZTYtOGY4OC0zNDM2M2JjN2M0YzAiOnsiY3JlYXRlIjo2MDAwMDAwMDAwMDAsImRlbGV0ZSI6NjAwMDAwMDAwMDAwLCJ1cGRhdGUiOjYwMDAwMDAwMDAwMH19",
          "dependencies": [
            "aws_internet_gateway.RDSYS_IGW",
            "aws_route_table.API_PRIVATE_ROUTE",
            "aws_vpc.RDSYS_VPC"
          ]
        }
      ]
    },
    {
      "mode": "managed",
      "type": "aws_vpc_endpoint",
      "name": "RDSYS_S3_ENDPOINT",
      "provider": "provider.aws",
      "instances": [
        {
          "schema_version": 0,
          "attributes": {
            "auto_accept": null,
            "cidr_blocks": [
              "52.95.154.0/23",
              "52.95.156.0/24"
            ],
            "dns_entry": [],
            "id": "vpce-0cbdd6d883a2ce469",
            "network_interface_ids": [],
            "owner_id": "724852356535",
            "policy": "{\"Statement\":[{\"Action\":\"*\",\"Effect\":\"Allow\",\"Principal\":\"*\",\"Resource\":\"*\"}],\"Version\":\"2008-10-17\"}",
            "prefix_list_id": "pl-23ad484a",
            "private_dns_enabled": false,
            "requester_managed": false,
            "route_table_ids": [
              "rtb-0b6b95762bf812a77",
              "rtb-0f1db00f40353edc6"
            ],
            "security_group_ids": [],
            "service_name": "com.amazonaws.eu-west-3.s3",
            "state": "available",
            "subnet_ids": [],
            "tags": null,
            "timeouts": null,
            "vpc_endpoint_type": "Gateway",
            "vpc_id": "vpc-0bd248731e6129d37"
          },
          "private": "eyJlMmJmYjczMC1lY2FhLTExZTYtOGY4OC0zNDM2M2JjN2M0YzAiOnsiY3JlYXRlIjo2MDAwMDAwMDAwMDAsImRlbGV0ZSI6NjAwMDAwMDAwMDAwLCJ1cGRhdGUiOjYwMDAwMDAwMDAwMH19",
          "dependencies": [
            "aws_internet_gateway.RDSYS_IGW",
            "aws_route_table.ISO1_PUBLIC_ROUTE",
            "aws_route_table.PRI1_PUBLIC_ROUTE",
            "aws_vpc.RDSYS_VPC"
          ]
        }
      ]
    },
    {
      "mode": "managed",
      "type": "tls_private_key",
      "name": "app_private_key",
      "provider": "provider.tls",
      "instances": [
        {
          "schema_version": 0,
          "attributes": {
            "algorithm": "RSA",
            "ecdsa_curve": "P224",
            "id": "f11734de9d9802bd53be7de656c189873afbffec",
            "private_key_pem": "-----BEGIN RSA PRIVATE KEY-----\nMIIJKQIBAAKCAgEA37kMm+Gr13kNgq0wg35+UX8pQ+KSWZXQK+Ng3V/FOG+kDZUP\n2L5JlJZrGroDrzXIZOPhPk9/T9WnKiPtlqtPz88wGfcv/dxa4JwbnnDOcKWi4YeC\nqvSyQK+ABmOch9/zuvr0+U2z5MwoRU3YIPfLm5MngF910VQx+Rvpf3oUeEERCAPf\nfVSk3pHlVRMOFWdbIHGlQmeewnek+ufmk0xlyRjKVF5KfpOIbRa7z8UWvSj06jW6\nZcXZXl0jtVmGjRnWHYzfktU8jXSoo5QM6FUyh8FH3rEYNeyu8JBp6+rrPVR5Rxb7\nZnRhh1CkhdWf30d9KjRklTAqOozicvCBwBeBAx2GkCpLtleA3bgn/pSLnNH6p12s\nj00I3dPnyGAxX0mDoIQaWYzEv3GwaQYAt/tLtEWpxRBL2FJiTnKPuM5ePN1fxlMG\nMRShjbYnV1xBiwwXL7bdUWi/jbOgoXmkRWuh81lY/FHeZtxGNCajLIDWZ6ipIaWb\nsskw2dD+S9Ystvk+X9olJ8tfQe2E6Vkn5exZd2I8Q7CATTXI3upeJvqt5TDDeqRA\nB3wUzt7L/0gHv2Pypb+GunEmh0YJzFwD+xO9VKoSK3Sc/QVhMiFUHWkHLdH9ebTV\nhxFvt9JIH6i2BTE7WV20C5236FcQrGY92vDN+ThTVWlMnMfY34IZcoMxuQ0CAwEA\nAQKCAgEAnQ20C04uK1KAqIbaMsU++gkxt8U7hgZEoDq8CkwsEEVXPm2xNS/ISbYa\ntCV3Zq1z41eSDQMT1cCf3FZieM4Edlb1ZpT/rM/fQCR2wxBf6/ZrVLWjhk3HQN+z\nGUkeXshZup5oEQd6TRkBAD34hpRN7AYuydC5zdy0RDNTBLl32z+aLC1D3CDqqJB1\nFPcOgPoQn8MIB4jki5IgUD8xv5/3KGftybJzy03YjPRTnjS2lM5GuJBFLSLqSHNM\nGQgjC7TiedYmMVbeblNB+6t4MDV3BpQp1uwtmdVwrdJDeWluAJznkn9QtwjmWm7D\nQGzKEZ2HAXTMU2r/iiDS62tpOqeFWZFzzTVZqMKVcYq+Ex6zqihebj3W4sjNd98f\nmarKh4HJudHUpc7LIQbn5k/RjYf/7+dE3A915PJBtIkCYfOwISfqlkvFUnzQk2Xm\nVcIZYo+WIOZfqzAMno8BShg+ZwzR3RCpCE2yFwQ1euT/M5hnSxWq+gzstO3+TFtP\nWqBhJtIa5FN2BPaYOdKe0U30bU7UHAkHmdO10EI+2WDtTV62rAH1bpFyBy7O37zR\n5hX2xxb4VAJ31AEMoRVfN8GvM5d644El8Lfml/IIMMKxUWevp1ecxhtuzCs7kKh+\nLWIDwENPIVqY42xA8JBBQ9YJsRsSq5XgaKJemCLMyNseWln3HqECggEBAOrDpBUO\n3wEn0pGWXn0nZj8hRpgUQHBSXGHPs6BUz5HD6uD9V2CBIXebJnCXMkOk/8NU8zoL\nFnAthBtM+ZXeDcT26trsR+zojUD3qiH8TqnTp+hkdOW2y31NMMUA+Nnxdo7721x3\n3+U1YpT59RgL1V+LJZF4IHE1J2qgnvDRrmOtW26DMI0cND1LOGsszdD1V1s1npy7\nccjW1K8+ChFMkkzRubpt8wjKPoyfJe5eED8a9wQMaupfwP/ucnRIWRVvZP00HFkl\nOIGDHKnc7vK5nPMGpY63k5JjhtzJvVtAb1bz1Hwx23j4IaK5A+guY2dOGMGY34xP\nxLA69wX14wLcpPkCggEBAPP1ug70ywcN7e5dgp4+xAfnTV96Fw2iKgPWyMm+J/DE\nA1F4Y3rsJAAIIe2MCUL4I+VBivkO7/HTzIvC0oGk18jYmY027XHM/7tTnP/fIEGQ\nT390c4ZeS9wx8qAJK4KLLdLWeJ8HNKCgQaNpKtBVbuKjRQXF6bkAlgSoPQDjq81w\nnn2GmQ07s1t0RIabggjU5LXh/NCCRLsf0IeZLkzarFKx9IMwJF71b92gO3qLH9RS\n4LlJTAs6Ku2A8duKqMLso0JyRErdCNNNwDRXlLUYufqimMl7XMprIv9kxC3E/MVa\n6xgmOcCfL8rF+hTDTRDJjQ0Cy1xr7xfZ2XYvEhQf/bUCggEBALXeuHfD3IlVo3A8\nEJlec3yGt9zLG5yogX8Y3CxiZ6eiIo0IVq+heh7hqCbjSwJSif12CzO1MT3YVRad\nTGGI9BvZudm94H6tLfjdpQTNJNe168dCQ7lOIljA+v4zoZWd1V4xyR/aki5MbEHD\nXtexGyz4bDNE38U0C4Q0SM2Bc1svCr0TjwJSjjnJ0zxcKlouJu23HViIcj7IB153\nbm82ZcRzWTIPSY9OtqRUCpuebXGl3yVYxV8qrSbYP/zLq4/Ki28I9sks55iVzRfe\n25JYrzkqtglZOE7ZIbpb44EU6uxu2vcX3NHbUJtyP4+YmFOIke8xEkXt6g8orwQE\nGEi4TGkCggEAQVJue0q4gi8MomKPcufDfYpFgWcjfRcKwPRl1v7/mswhR1NA780C\n5q9GxmBUqoXetqgSGhYR0WKwxktoKiaFUNYOZ21prqsBXptI0opgDK4jWzFHLZda\nIJ+PI6LQ76dsoaOjsJExWkEO0j56pEX75ttow972cf7iLGUP0Iklm2CoT1wW5yAx\nKi+7mX9SFiNLChh0pS/8T055e5VcfF+g/JOBsQ7W7kYxqdoZkvplj2iRm4swvWDZ\n1bZNDEfYYDkUjdoixxjgIBQVfu5kdwkj4yReXLSXZ+u/9zp3/Pld5Uou4Mx7ckQt\ne9H+4Eha/j+5cN5qrViJMI24WJjJ8nGOcQKCAQAr+L5kjRl43CGCwW1sMpbGh0wy\n8Mw4iQriAxJxuTj8UJ2B7mXENupMkTmT+Mp+57l3oCA8NcTMF6ls7jKa6WdeET8p\nlvq2CNeGP/w9RstfmfP1WHhXQ8O6xJEWr7gflA7rG/d8pnO5TYMH9q/A784brdOq\nygm6gFP0WDKm/xe7aISgbbDNc8S3XPyQhQXY7d2ybhBWmMBD50QEFOg6M4L4EIcZ\nnfPdssmrdqV4eiwiEPAcnnZajWNd2Ivc9LnS6Fqb1fEdI0nGyzQDWlYWwVNLXEDs\nE2HbN5eAjiFdao1DQfRLe/723bsZaFYFlta94+QKFHkiUfDaNkZj9rKsm17J\n-----END RSA PRIVATE KEY-----\n",
            "public_key_fingerprint_md5": "d3:b5:36:72:6f:0d:7f:ec:40:91:c8:3f:0d:54:04:fe",
            "public_key_openssh": "ssh-rsa AAAAB3NzaC1yc2EAAAADAQABAAACAQDfuQyb4avXeQ2CrTCDfn5RfylD4pJZldAr42DdX8U4b6QNlQ/YvkmUlmsaugOvNchk4+E+T39P1acqI+2Wq0/PzzAZ9y/93FrgnBuecM5wpaLhh4Kq9LJAr4AGY5yH3/O6+vT5TbPkzChFTdgg98ubkyeAX3XRVDH5G+l/ehR4QREIA999VKTekeVVEw4VZ1sgcaVCZ57Cd6T65+aTTGXJGMpUXkp+k4htFrvPxRa9KPTqNbplxdleXSO1WYaNGdYdjN+S1TyNdKijlAzoVTKHwUfesRg17K7wkGnr6us9VHlHFvtmdGGHUKSF1Z/fR30qNGSVMCo6jOJy8IHAF4EDHYaQKku2V4DduCf+lIuc0fqnXayPTQjd0+fIYDFfSYOghBpZjMS/cbBpBgC3+0u0RanFEEvYUmJOco+4zl483V/GUwYxFKGNtidXXEGLDBcvtt1RaL+Ns6CheaRFa6HzWVj8Ud5m3EY0JqMsgNZnqKkhpZuyyTDZ0P5L1iy2+T5f2iUny19B7YTpWSfl7Fl3YjxDsIBNNcje6l4m+q3lMMN6pEAHfBTO3sv/SAe/Y/Klv4a6cSaHRgnMXAP7E71UqhIrdJz9BWEyIVQdaQct0f15tNWHEW+30kgfqLYFMTtZXbQLnbfoVxCsZj3a8M35OFNVaUycx9jfghlygzG5DQ==\n",
            "public_key_pem": "-----BEGIN PUBLIC KEY-----\nMIICIjANBgkqhkiG9w0BAQEFAAOCAg8AMIICCgKCAgEA37kMm+Gr13kNgq0wg35+\nUX8pQ+KSWZXQK+Ng3V/FOG+kDZUP2L5JlJZrGroDrzXIZOPhPk9/T9WnKiPtlqtP\nz88wGfcv/dxa4JwbnnDOcKWi4YeCqvSyQK+ABmOch9/zuvr0+U2z5MwoRU3YIPfL\nm5MngF910VQx+Rvpf3oUeEERCAPffVSk3pHlVRMOFWdbIHGlQmeewnek+ufmk0xl\nyRjKVF5KfpOIbRa7z8UWvSj06jW6ZcXZXl0jtVmGjRnWHYzfktU8jXSoo5QM6FUy\nh8FH3rEYNeyu8JBp6+rrPVR5Rxb7ZnRhh1CkhdWf30d9KjRklTAqOozicvCBwBeB\nAx2GkCpLtleA3bgn/pSLnNH6p12sj00I3dPnyGAxX0mDoIQaWYzEv3GwaQYAt/tL\ntEWpxRBL2FJiTnKPuM5ePN1fxlMGMRShjbYnV1xBiwwXL7bdUWi/jbOgoXmkRWuh\n81lY/FHeZtxGNCajLIDWZ6ipIaWbsskw2dD+S9Ystvk+X9olJ8tfQe2E6Vkn5exZ\nd2I8Q7CATTXI3upeJvqt5TDDeqRAB3wUzt7L/0gHv2Pypb+GunEmh0YJzFwD+xO9\nVKoSK3Sc/QVhMiFUHWkHLdH9ebTVhxFvt9JIH6i2BTE7WV20C5236FcQrGY92vDN\n+ThTVWlMnMfY34IZcoMxuQ0CAwEAAQ==\n-----END PUBLIC KEY-----\n",
            "rsa_bits": 4096
          },
          "private": "bnVsbA=="
        }
      ]
    }
  ]
}
